// !$*UTF8*$!
{
	archiveVersion = 1;
	classes = {
	};
	objectVersion = 46;
	objects = {

/* Begin PBXBuildFile section */
		236BAA0E209FE9B5006BD6B9 /* PNViewButton.m in Sources */ = {isa = PBXBuildFile; fileRef = 236BAA0D209FE9B5006BD6B9 /* PNViewButton.m */; };
		236BAA10209FEA4B006BD6B9 /* PNViewButton.xib in Resources */ = {isa = PBXBuildFile; fileRef = 236BAA0F209FEA4B006BD6B9 /* PNViewButton.xib */; };
		236BAA13209FEC77006BD6B9 /* PNEmptyButton.m in Sources */ = {isa = PBXBuildFile; fileRef = 236BAA12209FEC77006BD6B9 /* PNEmptyButton.m */; };
		236BAA15209FEC81006BD6B9 /* PNEmptyButton.xib in Resources */ = {isa = PBXBuildFile; fileRef = 236BAA14209FEC81006BD6B9 /* PNEmptyButton.xib */; };
		3D01E9AB221CF178002AB423 /* PNThreadViewController.m in Sources */ = {isa = PBXBuildFile; fileRef = 3D01E9AA221CF178002AB423 /* PNThreadViewController.m */; };
		3D01E9AE221D07D0002AB423 /* PNOperationController.m in Sources */ = {isa = PBXBuildFile; fileRef = 3D01E9AD221D07D0002AB423 /* PNOperationController.m */; };
		3D01E9B1221D3FCB002AB423 /* PNRunLoopController.m in Sources */ = {isa = PBXBuildFile; fileRef = 3D01E9B0221D3FCB002AB423 /* PNRunLoopController.m */; };
		3D07D4E9217DCB5100AE9FA1 /* PNSlideBackViewController.m in Sources */ = {isa = PBXBuildFile; fileRef = 3D07D4E8217DCB5100AE9FA1 /* PNSlideBackViewController.m */; };
		3D0C2A5F212D558D0015D85C /* PNDataStructureController.m in Sources */ = {isa = PBXBuildFile; fileRef = 3D0C2A5D212D558D0015D85C /* PNDataStructureController.m */; };
		3D0C2A60212D558D0015D85C /* PNDataStructureController.xib in Resources */ = {isa = PBXBuildFile; fileRef = 3D0C2A5E212D558D0015D85C /* PNDataStructureController.xib */; };
		3D0C2A62212D55B30015D85C /* PNProfileViewController.xib in Resources */ = {isa = PBXBuildFile; fileRef = 3D0C2A61212D55B30015D85C /* PNProfileViewController.xib */; };
		3D0D39FF22241C8B0007057E /* PNImgViewCell.m in Sources */ = {isa = PBXBuildFile; fileRef = 3D0D39FE22241C8B0007057E /* PNImgViewCell.m */; };
		3D15B23421F56D28002BA785 /* NSString+PNAdd.m in Sources */ = {isa = PBXBuildFile; fileRef = 3D15B23221F56D27002BA785 /* NSString+PNAdd.m */; };
		3D15B23721F56D3F002BA785 /* UIView+PNAdd.m in Sources */ = {isa = PBXBuildFile; fileRef = 3D15B23521F56D3F002BA785 /* UIView+PNAdd.m */; };
		3D15B23A21F571CD002BA785 /* UITextView+PNAdd.m in Sources */ = {isa = PBXBuildFile; fileRef = 3D15B23921F571CD002BA785 /* UITextView+PNAdd.m */; };
		3D1709AC20F4ABD5009DA2AA /* MBProgressHUD+LMJ.m in Sources */ = {isa = PBXBuildFile; fileRef = 3D1709A820F4ABD4009DA2AA /* MBProgressHUD+LMJ.m */; };
		3D1709AD20F4ABD5009DA2AA /* MBProgressHUD+MP.m in Sources */ = {isa = PBXBuildFile; fileRef = 3D1709A920F4ABD4009DA2AA /* MBProgressHUD+MP.m */; };
		3D17593B2101B3520027C7DB /* PNMsgForward.m in Sources */ = {isa = PBXBuildFile; fileRef = 3D17593A2101B3520027C7DB /* PNMsgForward.m */; };
		3D1759412101B71E0027C7DB /* PNDynamicMethod.m in Sources */ = {isa = PBXBuildFile; fileRef = 3D1759402101B71E0027C7DB /* PNDynamicMethod.m */; };
		3D3255122110484800E593F1 /* content.json in Resources */ = {isa = PBXBuildFile; fileRef = 3D3255112110484800E593F1 /* content.json */; };
		3D3255152110653700E593F1 /* PNCTImageData.m in Sources */ = {isa = PBXBuildFile; fileRef = 3D3255142110653700E593F1 /* PNCTImageData.m */; };
		3D3255182110693900E593F1 /* coretext-image-2.jpg in Resources */ = {isa = PBXBuildFile; fileRef = 3D3255162110693900E593F1 /* coretext-image-2.jpg */; };
		3D3255192110693900E593F1 /* coretext-image-1.jpg in Resources */ = {isa = PBXBuildFile; fileRef = 3D3255172110693900E593F1 /* coretext-image-1.jpg */; };
		3D32551C21118C8400E593F1 /* PNCTLinkData.m in Sources */ = {isa = PBXBuildFile; fileRef = 3D32551B21118C8400E593F1 /* PNCTLinkData.m */; };
		3D32551F21118E7D00E593F1 /* PNCTUtils.m in Sources */ = {isa = PBXBuildFile; fileRef = 3D32551E21118E7D00E593F1 /* PNCTUtils.m */; };
		3D325523211409E200E593F1 /* PNClassClustersViewController.m in Sources */ = {isa = PBXBuildFile; fileRef = 3D325521211409E200E593F1 /* PNClassClustersViewController.m */; };
		3D325524211409E200E593F1 /* PNClassClustersViewController.xib in Resources */ = {isa = PBXBuildFile; fileRef = 3D325522211409E200E593F1 /* PNClassClustersViewController.xib */; };
		3D32552821140A9800E593F1 /* PNFundationController.xib in Resources */ = {isa = PBXBuildFile; fileRef = 3D32552721140A9800E593F1 /* PNFundationController.xib */; };
		3D3E6C01210071D300C7573B /* PNRuntimeController.m in Sources */ = {isa = PBXBuildFile; fileRef = 3D3E6BFF210071D300C7573B /* PNRuntimeController.m */; };
		3D3E6C02210071D300C7573B /* PNRuntimeController.xib in Resources */ = {isa = PBXBuildFile; fileRef = 3D3E6C00210071D300C7573B /* PNRuntimeController.xib */; };
		3D3F97382178822F006114F7 /* PNToViewController.m in Sources */ = {isa = PBXBuildFile; fileRef = 3D3F97362178822F006114F7 /* PNToViewController.m */; };
		3D3F97392178822F006114F7 /* PNToViewController.xib in Resources */ = {isa = PBXBuildFile; fileRef = 3D3F97372178822F006114F7 /* PNToViewController.xib */; };
		3D40665820E48D8C00BA740C /* PNFillModel.m in Sources */ = {isa = PBXBuildFile; fileRef = 3D40665720E48D8C00BA740C /* PNFillModel.m */; };
		3D4E27572105CE0D0013152D /* PNAutoDictionary.m in Sources */ = {isa = PBXBuildFile; fileRef = 3D4E27562105CE0D0013152D /* PNAutoDictionary.m */; };
		3D4ED2F1210B3B2E00A5D060 /* PNCTDisplayView.m in Sources */ = {isa = PBXBuildFile; fileRef = 3D4ED2F0210B3B2E00A5D060 /* PNCTDisplayView.m */; };
		3D4ED2FB210B3DCF00A5D060 /* PNCoreTextViewController.m in Sources */ = {isa = PBXBuildFile; fileRef = 3D4ED2F9210B3DCF00A5D060 /* PNCoreTextViewController.m */; };
		3D4ED2FC210B3DCF00A5D060 /* PNCoreTextViewController.xib in Resources */ = {isa = PBXBuildFile; fileRef = 3D4ED2FA210B3DCF00A5D060 /* PNCoreTextViewController.xib */; };
		3D5F66CB212A55D200270BCD /* PNGCDViewController.m in Sources */ = {isa = PBXBuildFile; fileRef = 3D5F66C9212A55D200270BCD /* PNGCDViewController.m */; };
		3D5F66CC212A55D200270BCD /* PNGCDViewController.xib in Resources */ = {isa = PBXBuildFile; fileRef = 3D5F66CA212A55D200270BCD /* PNGCDViewController.xib */; };
		3D75D9A4210EFA400069D46D /* PNCoreTextData.m in Sources */ = {isa = PBXBuildFile; fileRef = 3D75D9A3210EFA400069D46D /* PNCoreTextData.m */; };
		3D75D9A7210EFA940069D46D /* PNCTFrameParserConfig.m in Sources */ = {isa = PBXBuildFile; fileRef = 3D75D9A6210EFA940069D46D /* PNCTFrameParserConfig.m */; };
		3D75D9AA210EFAC70069D46D /* PNCTFrameParser.m in Sources */ = {isa = PBXBuildFile; fileRef = 3D75D9A9210EFAC70069D46D /* PNCTFrameParser.m */; };
		3D817A3E2121644A00967D77 /* PNBlockViewController.m in Sources */ = {isa = PBXBuildFile; fileRef = 3D817A3C2121644A00967D77 /* PNBlockViewController.m */; };
		3D817A3F2121644A00967D77 /* PNBlockViewController.xib in Resources */ = {isa = PBXBuildFile; fileRef = 3D817A3D2121644A00967D77 /* PNBlockViewController.xib */; };
		3DC6339721B90F5A00B066C9 /* UINavigationController+Add.m in Sources */ = {isa = PBXBuildFile; fileRef = 3DC6339621B90F5A00B066C9 /* UINavigationController+Add.m */; };
		3DC6339A21B90FAB00B066C9 /* UIView+Corner.m in Sources */ = {isa = PBXBuildFile; fileRef = 3DC6339921B90FAB00B066C9 /* UIView+Corner.m */; };
		3DCAC8722178353F0096B75F /* PNTransitioningDelegate.m in Sources */ = {isa = PBXBuildFile; fileRef = 3DCAC8712178353E0096B75F /* PNTransitioningDelegate.m */; };
		3DCAC87621787F1E0096B75F /* PNFromViewController.m in Sources */ = {isa = PBXBuildFile; fileRef = 3DCAC87421787F1E0096B75F /* PNFromViewController.m */; };
		3DCAC87721787F1E0096B75F /* PNFromViewController.xib in Resources */ = {isa = PBXBuildFile; fileRef = 3DCAC87521787F1E0096B75F /* PNFromViewController.xib */; };
		3DD989A621742DF800195541 /* PNNavigationDelegate.m in Sources */ = {isa = PBXBuildFile; fileRef = 3DD989A521742DF800195541 /* PNNavigationDelegate.m */; };
		3DD989A921743B6900195541 /* PNAnimatedTransitioning.m in Sources */ = {isa = PBXBuildFile; fileRef = 3DD989A821743B6900195541 /* PNAnimatedTransitioning.m */; };
		3DDF126E211820D400AADF5C /* PNMemManController.m in Sources */ = {isa = PBXBuildFile; fileRef = 3DDF126D211820D400AADF5C /* PNMemManController.m */; };
		3DDF1271211C3FFF00AADF5C /* PNWaterModel.m in Sources */ = {isa = PBXBuildFile; fileRef = 3DDF1270211C3FFF00AADF5C /* PNWaterModel.m */; };
		3DDF1274211C415D00AADF5C /* tmp.txt in Resources */ = {isa = PBXBuildFile; fileRef = 3DDF1273211C415C00AADF5C /* tmp.txt */; };
		3DDF1276211C469800AADF5C /* tmp1.txt in Resources */ = {isa = PBXBuildFile; fileRef = 3DDF1275211C469800AADF5C /* tmp1.txt */; };
		3DF2F8DF217885CE00BDE143 /* PNTabBarControllerDelegate.m in Sources */ = {isa = PBXBuildFile; fileRef = 3DF2F8DE217885CE00BDE143 /* PNTabBarControllerDelegate.m */; };
		3DF2F8E221788EF300BDE143 /* PNTabBarController.m in Sources */ = {isa = PBXBuildFile; fileRef = 3DF2F8E121788EF300BDE143 /* PNTabBarController.m */; };
		3DF2F8E52178918200BDE143 /* PNViewControllers.m in Sources */ = {isa = PBXBuildFile; fileRef = 3DF2F8E42178918200BDE143 /* PNViewControllers.m */; };
		3DF2F8EB2179B43100BDE143 /* PNContainerViewController.m in Sources */ = {isa = PBXBuildFile; fileRef = 3DF2F8EA2179B43100BDE143 /* PNContainerViewController.m */; };
		3DF2F8EE2179C31400BDE143 /* PNChildViewController.m in Sources */ = {isa = PBXBuildFile; fileRef = 3DF2F8ED2179C31400BDE143 /* PNChildViewController.m */; };
		3DFB089420E2133700DC22BC /* PNFillTextView.m in Sources */ = {isa = PBXBuildFile; fileRef = 3DFB089320E2133700DC22BC /* PNFillTextView.m */; };
		3DFB089720E2139C00DC22BC /* PNTextViewController.m in Sources */ = {isa = PBXBuildFile; fileRef = 3DFB089620E2139C00DC22BC /* PNTextViewController.m */; };
		AFA3269A0284ADD10DACE575 /* Pods_Penn.framework in Frameworks */ = {isa = PBXBuildFile; fileRef = 64E2548721EB82E0044BD24E /* Pods_Penn.framework */; };
		BC05683820A4132C009FB674 /* PNGrandparent.m in Sources */ = {isa = PBXBuildFile; fileRef = BC05683720A4132C009FB674 /* PNGrandparent.m */; };
		BC05683B20A41349009FB674 /* PNParent.m in Sources */ = {isa = PBXBuildFile; fileRef = BC05683A20A41349009FB674 /* PNParent.m */; };
		BC05683E20A41382009FB674 /* PNSon.m in Sources */ = {isa = PBXBuildFile; fileRef = BC05683D20A41382009FB674 /* PNSon.m */; };
		BC5AF360218F33C6008743E3 /* PNPercentDrivenInteractiveTransition.m in Sources */ = {isa = PBXBuildFile; fileRef = BC5AF35F218F33C6008743E3 /* PNPercentDrivenInteractiveTransition.m */; };
		BC63E013217C65000069BB58 /* PNContainerDelegate.m in Sources */ = {isa = PBXBuildFile; fileRef = BC63E012217C65000069BB58 /* PNContainerDelegate.m */; };
		BCC68F1A20B2B8E000EE9334 /* PNTask.m in Sources */ = {isa = PBXBuildFile; fileRef = BCC68F1920B2B8E000EE9334 /* PNTask.m */; };
		BCD36667219825F900AF9D5F /* PNContainerTransitionContext.m in Sources */ = {isa = PBXBuildFile; fileRef = BCD36666219825F900AF9D5F /* PNContainerTransitionContext.m */; };
		BCD3666A21982A8900AF9D5F /* PNUpTabViewController.m in Sources */ = {isa = PBXBuildFile; fileRef = BCD3666921982A8900AF9D5F /* PNUpTabViewController.m */; };
		BCD5FDC2216F9E4000EBF1E5 /* PNRouter.m in Sources */ = {isa = PBXBuildFile; fileRef = BCD5FDC1216F9E4000EBF1E5 /* PNRouter.m */; };
		BCD5FDC5216F9F8400EBF1E5 /* PNMLZListController.m in Sources */ = {isa = PBXBuildFile; fileRef = BCD5FDC4216F9F8400EBF1E5 /* PNMLZListController.m */; };
		BCD5FDC8216F9F9A00EBF1E5 /* PNMLZDetailController.m in Sources */ = {isa = PBXBuildFile; fileRef = BCD5FDC7216F9F9A00EBF1E5 /* PNMLZDetailController.m */; };
		BCF77CC720B510B000BA34CD /* UIViewController+PNAdd.m in Sources */ = {isa = PBXBuildFile; fileRef = BCF77CC620B510B000BA34CD /* UIViewController+PNAdd.m */; };
		BCF77CCA20B510C500BA34CD /* UILabel+PNAdd.m in Sources */ = {isa = PBXBuildFile; fileRef = BCF77CC920B510C500BA34CD /* UILabel+PNAdd.m */; };
		BCF77CD620B55A7E00BA34CD /* NSMutableArray+PNAddE.m in Sources */ = {isa = PBXBuildFile; fileRef = BCF77CD220B55A7E00BA34CD /* NSMutableArray+PNAddE.m */; };
		BCF77CD920B55A9C00BA34CD /* NSObject+PNAdd.m in Sources */ = {isa = PBXBuildFile; fileRef = BCF77CD820B55A9C00BA34CD /* NSObject+PNAdd.m */; };
		D529F36A1FD296B8008C67F3 /* backRed@2x.png in Resources */ = {isa = PBXBuildFile; fileRef = D529F3631FD296B7008C67F3 /* backRed@2x.png */; };
		D529F36B1FD296B8008C67F3 /* action-remove@3x.png in Resources */ = {isa = PBXBuildFile; fileRef = D529F3641FD296B7008C67F3 /* action-remove@3x.png */; };
		D529F36C1FD296B8008C67F3 /* btn_addPicture_BgImage@3x.png in Resources */ = {isa = PBXBuildFile; fileRef = D529F3651FD296B7008C67F3 /* btn_addPicture_BgImage@3x.png */; };
		D529F36D1FD296B8008C67F3 /* action-remove@2x.png in Resources */ = {isa = PBXBuildFile; fileRef = D529F3661FD296B7008C67F3 /* action-remove@2x.png */; };
		D529F36E1FD296B8008C67F3 /* btn_addPicture_BgImage@2x.png in Resources */ = {isa = PBXBuildFile; fileRef = D529F3671FD296B8008C67F3 /* btn_addPicture_BgImage@2x.png */; };
		D529F36F1FD296B8008C67F3 /* backRed@3x.png in Resources */ = {isa = PBXBuildFile; fileRef = D529F3681FD296B8008C67F3 /* backRed@3x.png */; };
		D529F3701FD296B8008C67F3 /* bottomNav-forwardEngaged@3x.png in Resources */ = {isa = PBXBuildFile; fileRef = D529F3691FD296B8008C67F3 /* bottomNav-forwardEngaged@3x.png */; };
		D529F3731FD29B50008C67F3 /* BaseModel.m in Sources */ = {isa = PBXBuildFile; fileRef = D529F3721FD29B50008C67F3 /* BaseModel.m */; };
		D585341E1F63FE2F00F4C588 /* PNSocketController.m in Sources */ = {isa = PBXBuildFile; fileRef = D585341C1F63FE2F00F4C588 /* PNSocketController.m */; };
		D585341F1F63FE2F00F4C588 /* PNSocketController.xib in Resources */ = {isa = PBXBuildFile; fileRef = D585341D1F63FE2F00F4C588 /* PNSocketController.xib */; };
		D58534221F63FF6800F4C588 /* PNHomeViewController.m in Sources */ = {isa = PBXBuildFile; fileRef = D58534211F63FF6800F4C588 /* PNHomeViewController.m */; };
		D594E31A1FB69A3D00255114 /* PNFundationController.m in Sources */ = {isa = PBXBuildFile; fileRef = D594E3191FB69A3D00255114 /* PNFundationController.m */; };
		D5AAC55A1FC7EAA700A9BD86 /* PNCrazyButton.m in Sources */ = {isa = PBXBuildFile; fileRef = D5AAC5591FC7EAA700A9BD86 /* PNCrazyButton.m */; };
		D5AAC55E1FC7EAD100A9BD86 /* PNCrazyButton.xib in Resources */ = {isa = PBXBuildFile; fileRef = D5AAC55D1FC7EAD100A9BD86 /* PNCrazyButton.xib */; };
		D5AAC5751FC7F17D00A9BD86 /* PICrazyButton.swift in Sources */ = {isa = PBXBuildFile; fileRef = D5AAC5741FC7F17D00A9BD86 /* PICrazyButton.swift */; };
		D5AAC57C1FC8029200A9BD86 /* BaseTabBarController.m in Sources */ = {isa = PBXBuildFile; fileRef = D5AAC57B1FC8029200A9BD86 /* BaseTabBarController.m */; };
		D5AAC5801FC8030300A9BD86 /* PNProfileViewController.m in Sources */ = {isa = PBXBuildFile; fileRef = D5AAC57F1FC8030300A9BD86 /* PNProfileViewController.m */; };
		D5AAC5831FC8039C00A9BD86 /* BaseNavigationController.m in Sources */ = {isa = PBXBuildFile; fileRef = D5AAC5821FC8039C00A9BD86 /* BaseNavigationController.m */; };
		D5AAC5851FC8112500A9BD86 /* PNSwiftViewController.swift in Sources */ = {isa = PBXBuildFile; fileRef = D5AAC5841FC8112500A9BD86 /* PNSwiftViewController.swift */; };
		D5AAC58A1FC8130D00A9BD86 /* UIButton+Addition.m in Sources */ = {isa = PBXBuildFile; fileRef = D5AAC5891FC8130D00A9BD86 /* UIButton+Addition.m */; };
		D5AAC5D51FC915C200A9BD86 /* PICrazyButton.xib in Resources */ = {isa = PBXBuildFile; fileRef = D5AAC5D41FC915C200A9BD86 /* PICrazyButton.xib */; };
		D5AAC5DA1FC9449900A9BD86 /* PNFuncController.m in Sources */ = {isa = PBXBuildFile; fileRef = D5AAC5D91FC9449900A9BD86 /* PNFuncController.m */; };
		D5B7C2421F611501001FA29C /* main.m in Sources */ = {isa = PBXBuildFile; fileRef = D5B7C2411F611501001FA29C /* main.m */; };
		D5B7C2451F611501001FA29C /* AppDelegate.m in Sources */ = {isa = PBXBuildFile; fileRef = D5B7C2441F611501001FA29C /* AppDelegate.m */; };
		D5B7C2481F611501001FA29C /* ViewController.m in Sources */ = {isa = PBXBuildFile; fileRef = D5B7C2471F611501001FA29C /* ViewController.m */; };
		D5B7C24B1F611501001FA29C /* Main.storyboard in Resources */ = {isa = PBXBuildFile; fileRef = D5B7C2491F611501001FA29C /* Main.storyboard */; };
		D5B7C24D1F611501001FA29C /* Assets.xcassets in Resources */ = {isa = PBXBuildFile; fileRef = D5B7C24C1F611501001FA29C /* Assets.xcassets */; };
		D5B7C2501F611501001FA29C /* LaunchScreen.storyboard in Resources */ = {isa = PBXBuildFile; fileRef = D5B7C24E1F611501001FA29C /* LaunchScreen.storyboard */; };
		D5B7C25B1F611501001FA29C /* PennTests.m in Sources */ = {isa = PBXBuildFile; fileRef = D5B7C25A1F611501001FA29C /* PennTests.m */; };
		D5B7C2661F611501001FA29C /* PennUITests.m in Sources */ = {isa = PBXBuildFile; fileRef = D5B7C2651F611501001FA29C /* PennUITests.m */; };
		D5BAD01B1FAD63980098D8DF /* PNButton.m in Sources */ = {isa = PBXBuildFile; fileRef = D5BAD01A1FAD63980098D8DF /* PNButton.m */; };
		D5BAD02B1FAD6F9E0098D8DF /* PNKitViewController.m in Sources */ = {isa = PBXBuildFile; fileRef = D5BAD0291FAD6F9E0098D8DF /* PNKitViewController.m */; };
		D5BAD02C1FAD6F9E0098D8DF /* PNKitViewController.xib in Resources */ = {isa = PBXBuildFile; fileRef = D5BAD02A1FAD6F9E0098D8DF /* PNKitViewController.xib */; };
		D5BAD02F1FAD704E0098D8DF /* BaseViewController.m in Sources */ = {isa = PBXBuildFile; fileRef = D5BAD02E1FAD704E0098D8DF /* BaseViewController.m */; };
/* End PBXBuildFile section */

/* Begin PBXContainerItemProxy section */
		D5B7C2571F611501001FA29C /* PBXContainerItemProxy */ = {
			isa = PBXContainerItemProxy;
			containerPortal = D5B7C2351F611501001FA29C /* Project object */;
			proxyType = 1;
			remoteGlobalIDString = D5B7C23C1F611501001FA29C;
			remoteInfo = Penn;
		};
		D5B7C2621F611501001FA29C /* PBXContainerItemProxy */ = {
			isa = PBXContainerItemProxy;
			containerPortal = D5B7C2351F611501001FA29C /* Project object */;
			proxyType = 1;
			remoteGlobalIDString = D5B7C23C1F611501001FA29C;
			remoteInfo = Penn;
		};
/* End PBXContainerItemProxy section */

/* Begin PBXFileReference section */
		236BAA0C209FE9B5006BD6B9 /* PNViewButton.h */ = {isa = PBXFileReference; lastKnownFileType = sourcecode.c.h; path = PNViewButton.h; sourceTree = "<group>"; };
		236BAA0D209FE9B5006BD6B9 /* PNViewButton.m */ = {isa = PBXFileReference; lastKnownFileType = sourcecode.c.objc; path = PNViewButton.m; sourceTree = "<group>"; };
		236BAA0F209FEA4B006BD6B9 /* PNViewButton.xib */ = {isa = PBXFileReference; lastKnownFileType = file.xib; path = PNViewButton.xib; sourceTree = "<group>"; };
		236BAA11209FEC77006BD6B9 /* PNEmptyButton.h */ = {isa = PBXFileReference; lastKnownFileType = sourcecode.c.h; path = PNEmptyButton.h; sourceTree = "<group>"; };
		236BAA12209FEC77006BD6B9 /* PNEmptyButton.m */ = {isa = PBXFileReference; lastKnownFileType = sourcecode.c.objc; path = PNEmptyButton.m; sourceTree = "<group>"; };
		236BAA14209FEC81006BD6B9 /* PNEmptyButton.xib */ = {isa = PBXFileReference; lastKnownFileType = file.xib; path = PNEmptyButton.xib; sourceTree = "<group>"; };
		2AAB1F823A83E0823CAEB201 /* libPods-PennTests.a */ = {isa = PBXFileReference; explicitFileType = archive.ar; includeInIndex = 0; path = "libPods-PennTests.a"; sourceTree = BUILT_PRODUCTS_DIR; };
		3D01E9A9221CF178002AB423 /* PNThreadViewController.h */ = {isa = PBXFileReference; lastKnownFileType = sourcecode.c.h; path = PNThreadViewController.h; sourceTree = "<group>"; };
		3D01E9AA221CF178002AB423 /* PNThreadViewController.m */ = {isa = PBXFileReference; lastKnownFileType = sourcecode.c.objc; path = PNThreadViewController.m; sourceTree = "<group>"; };
		3D01E9AC221D07D0002AB423 /* PNOperationController.h */ = {isa = PBXFileReference; lastKnownFileType = sourcecode.c.h; path = PNOperationController.h; sourceTree = "<group>"; };
		3D01E9AD221D07D0002AB423 /* PNOperationController.m */ = {isa = PBXFileReference; lastKnownFileType = sourcecode.c.objc; path = PNOperationController.m; sourceTree = "<group>"; };
		3D01E9AF221D3FCB002AB423 /* PNRunLoopController.h */ = {isa = PBXFileReference; lastKnownFileType = sourcecode.c.h; path = PNRunLoopController.h; sourceTree = "<group>"; };
		3D01E9B0221D3FCB002AB423 /* PNRunLoopController.m */ = {isa = PBXFileReference; lastKnownFileType = sourcecode.c.objc; path = PNRunLoopController.m; sourceTree = "<group>"; };
		3D07D4E7217DCB5100AE9FA1 /* PNSlideBackViewController.h */ = {isa = PBXFileReference; lastKnownFileType = sourcecode.c.h; path = PNSlideBackViewController.h; sourceTree = "<group>"; };
		3D07D4E8217DCB5100AE9FA1 /* PNSlideBackViewController.m */ = {isa = PBXFileReference; lastKnownFileType = sourcecode.c.objc; path = PNSlideBackViewController.m; sourceTree = "<group>"; };
		3D0C2A5C212D558D0015D85C /* PNDataStructureController.h */ = {isa = PBXFileReference; lastKnownFileType = sourcecode.c.h; path = PNDataStructureController.h; sourceTree = "<group>"; };
		3D0C2A5D212D558D0015D85C /* PNDataStructureController.m */ = {isa = PBXFileReference; lastKnownFileType = sourcecode.c.objc; path = PNDataStructureController.m; sourceTree = "<group>"; };
		3D0C2A5E212D558D0015D85C /* PNDataStructureController.xib */ = {isa = PBXFileReference; lastKnownFileType = file.xib; path = PNDataStructureController.xib; sourceTree = "<group>"; };
		3D0C2A61212D55B30015D85C /* PNProfileViewController.xib */ = {isa = PBXFileReference; lastKnownFileType = file.xib; path = PNProfileViewController.xib; sourceTree = "<group>"; };
		3D0D39FD22241C8B0007057E /* PNImgViewCell.h */ = {isa = PBXFileReference; lastKnownFileType = sourcecode.c.h; path = PNImgViewCell.h; sourceTree = "<group>"; };
		3D0D39FE22241C8B0007057E /* PNImgViewCell.m */ = {isa = PBXFileReference; lastKnownFileType = sourcecode.c.objc; path = PNImgViewCell.m; sourceTree = "<group>"; };
		3D15B23221F56D27002BA785 /* NSString+PNAdd.m */ = {isa = PBXFileReference; fileEncoding = 4; lastKnownFileType = sourcecode.c.objc; path = "NSString+PNAdd.m"; sourceTree = "<group>"; };
		3D15B23321F56D28002BA785 /* NSString+PNAdd.h */ = {isa = PBXFileReference; fileEncoding = 4; lastKnownFileType = sourcecode.c.h; path = "NSString+PNAdd.h"; sourceTree = "<group>"; };
		3D15B23521F56D3F002BA785 /* UIView+PNAdd.m */ = {isa = PBXFileReference; fileEncoding = 4; lastKnownFileType = sourcecode.c.objc; path = "UIView+PNAdd.m"; sourceTree = "<group>"; };
		3D15B23621F56D3F002BA785 /* UIView+PNAdd.h */ = {isa = PBXFileReference; fileEncoding = 4; lastKnownFileType = sourcecode.c.h; path = "UIView+PNAdd.h"; sourceTree = "<group>"; };
		3D15B23821F571CD002BA785 /* UITextView+PNAdd.h */ = {isa = PBXFileReference; lastKnownFileType = sourcecode.c.h; path = "UITextView+PNAdd.h"; sourceTree = "<group>"; };
		3D15B23921F571CD002BA785 /* UITextView+PNAdd.m */ = {isa = PBXFileReference; lastKnownFileType = sourcecode.c.objc; path = "UITextView+PNAdd.m"; sourceTree = "<group>"; };
		3D1709A820F4ABD4009DA2AA /* MBProgressHUD+LMJ.m */ = {isa = PBXFileReference; fileEncoding = 4; lastKnownFileType = sourcecode.c.objc; path = "MBProgressHUD+LMJ.m"; sourceTree = "<group>"; };
		3D1709A920F4ABD4009DA2AA /* MBProgressHUD+MP.m */ = {isa = PBXFileReference; fileEncoding = 4; lastKnownFileType = sourcecode.c.objc; path = "MBProgressHUD+MP.m"; sourceTree = "<group>"; };
		3D1709AA20F4ABD5009DA2AA /* MBProgressHUD+LMJ.h */ = {isa = PBXFileReference; fileEncoding = 4; lastKnownFileType = sourcecode.c.h; path = "MBProgressHUD+LMJ.h"; sourceTree = "<group>"; };
		3D1709AB20F4ABD5009DA2AA /* MBProgressHUD+MP.h */ = {isa = PBXFileReference; fileEncoding = 4; lastKnownFileType = sourcecode.c.h; path = "MBProgressHUD+MP.h"; sourceTree = "<group>"; };
		3D1759392101B3520027C7DB /* PNMsgForward.h */ = {isa = PBXFileReference; lastKnownFileType = sourcecode.c.h; path = PNMsgForward.h; sourceTree = "<group>"; };
		3D17593A2101B3520027C7DB /* PNMsgForward.m */ = {isa = PBXFileReference; lastKnownFileType = sourcecode.c.objc; path = PNMsgForward.m; sourceTree = "<group>"; };
		3D17593F2101B71E0027C7DB /* PNDynamicMethod.h */ = {isa = PBXFileReference; lastKnownFileType = sourcecode.c.h; path = PNDynamicMethod.h; sourceTree = "<group>"; };
		3D1759402101B71E0027C7DB /* PNDynamicMethod.m */ = {isa = PBXFileReference; lastKnownFileType = sourcecode.c.objc; path = PNDynamicMethod.m; sourceTree = "<group>"; };
		3D3255112110484800E593F1 /* content.json */ = {isa = PBXFileReference; lastKnownFileType = text.json; path = content.json; sourceTree = "<group>"; };
		3D3255132110653700E593F1 /* PNCTImageData.h */ = {isa = PBXFileReference; lastKnownFileType = sourcecode.c.h; path = PNCTImageData.h; sourceTree = "<group>"; };
		3D3255142110653700E593F1 /* PNCTImageData.m */ = {isa = PBXFileReference; lastKnownFileType = sourcecode.c.objc; path = PNCTImageData.m; sourceTree = "<group>"; };
		3D3255162110693900E593F1 /* coretext-image-2.jpg */ = {isa = PBXFileReference; lastKnownFileType = image.jpeg; path = "coretext-image-2.jpg"; sourceTree = "<group>"; };
		3D3255172110693900E593F1 /* coretext-image-1.jpg */ = {isa = PBXFileReference; lastKnownFileType = image.jpeg; path = "coretext-image-1.jpg"; sourceTree = "<group>"; };
		3D32551A21118C8400E593F1 /* PNCTLinkData.h */ = {isa = PBXFileReference; lastKnownFileType = sourcecode.c.h; path = PNCTLinkData.h; sourceTree = "<group>"; };
		3D32551B21118C8400E593F1 /* PNCTLinkData.m */ = {isa = PBXFileReference; lastKnownFileType = sourcecode.c.objc; path = PNCTLinkData.m; sourceTree = "<group>"; };
		3D32551D21118E7D00E593F1 /* PNCTUtils.h */ = {isa = PBXFileReference; lastKnownFileType = sourcecode.c.h; path = PNCTUtils.h; sourceTree = "<group>"; };
		3D32551E21118E7D00E593F1 /* PNCTUtils.m */ = {isa = PBXFileReference; lastKnownFileType = sourcecode.c.objc; path = PNCTUtils.m; sourceTree = "<group>"; };
		3D325520211409E200E593F1 /* PNClassClustersViewController.h */ = {isa = PBXFileReference; lastKnownFileType = sourcecode.c.h; path = PNClassClustersViewController.h; sourceTree = "<group>"; };
		3D325521211409E200E593F1 /* PNClassClustersViewController.m */ = {isa = PBXFileReference; lastKnownFileType = sourcecode.c.objc; path = PNClassClustersViewController.m; sourceTree = "<group>"; };
		3D325522211409E200E593F1 /* PNClassClustersViewController.xib */ = {isa = PBXFileReference; lastKnownFileType = file.xib; path = PNClassClustersViewController.xib; sourceTree = "<group>"; };
		3D32552721140A9800E593F1 /* PNFundationController.xib */ = {isa = PBXFileReference; lastKnownFileType = file.xib; path = PNFundationController.xib; sourceTree = "<group>"; };
		3D3BB2CE215E1DF200CDC2EC /* API.h */ = {isa = PBXFileReference; lastKnownFileType = sourcecode.c.h; path = API.h; sourceTree = "<group>"; };
		3D3E6BFE210071D300C7573B /* PNRuntimeController.h */ = {isa = PBXFileReference; lastKnownFileType = sourcecode.c.h; path = PNRuntimeController.h; sourceTree = "<group>"; };
		3D3E6BFF210071D300C7573B /* PNRuntimeController.m */ = {isa = PBXFileReference; lastKnownFileType = sourcecode.c.objc; path = PNRuntimeController.m; sourceTree = "<group>"; };
		3D3E6C00210071D300C7573B /* PNRuntimeController.xib */ = {isa = PBXFileReference; lastKnownFileType = file.xib; path = PNRuntimeController.xib; sourceTree = "<group>"; };
		3D3F97352178822F006114F7 /* PNToViewController.h */ = {isa = PBXFileReference; lastKnownFileType = sourcecode.c.h; path = PNToViewController.h; sourceTree = "<group>"; };
		3D3F97362178822F006114F7 /* PNToViewController.m */ = {isa = PBXFileReference; lastKnownFileType = sourcecode.c.objc; path = PNToViewController.m; sourceTree = "<group>"; };
		3D3F97372178822F006114F7 /* PNToViewController.xib */ = {isa = PBXFileReference; lastKnownFileType = file.xib; path = PNToViewController.xib; sourceTree = "<group>"; };
		3D40665620E48D8C00BA740C /* PNFillModel.h */ = {isa = PBXFileReference; lastKnownFileType = sourcecode.c.h; path = PNFillModel.h; sourceTree = "<group>"; };
		3D40665720E48D8C00BA740C /* PNFillModel.m */ = {isa = PBXFileReference; lastKnownFileType = sourcecode.c.objc; path = PNFillModel.m; sourceTree = "<group>"; };
		3D4E27552105CE0D0013152D /* PNAutoDictionary.h */ = {isa = PBXFileReference; lastKnownFileType = sourcecode.c.h; path = PNAutoDictionary.h; sourceTree = "<group>"; };
		3D4E27562105CE0D0013152D /* PNAutoDictionary.m */ = {isa = PBXFileReference; lastKnownFileType = sourcecode.c.objc; path = PNAutoDictionary.m; sourceTree = "<group>"; };
		3D4ED2EF210B3B2E00A5D060 /* PNCTDisplayView.h */ = {isa = PBXFileReference; lastKnownFileType = sourcecode.c.h; path = PNCTDisplayView.h; sourceTree = "<group>"; };
		3D4ED2F0210B3B2E00A5D060 /* PNCTDisplayView.m */ = {isa = PBXFileReference; lastKnownFileType = sourcecode.c.objc; path = PNCTDisplayView.m; sourceTree = "<group>"; };
		3D4ED2F8210B3DCF00A5D060 /* PNCoreTextViewController.h */ = {isa = PBXFileReference; lastKnownFileType = sourcecode.c.h; path = PNCoreTextViewController.h; sourceTree = "<group>"; };
		3D4ED2F9210B3DCF00A5D060 /* PNCoreTextViewController.m */ = {isa = PBXFileReference; lastKnownFileType = sourcecode.c.objc; path = PNCoreTextViewController.m; sourceTree = "<group>"; };
		3D4ED2FA210B3DCF00A5D060 /* PNCoreTextViewController.xib */ = {isa = PBXFileReference; lastKnownFileType = file.xib; path = PNCoreTextViewController.xib; sourceTree = "<group>"; };
		3D5F66C8212A55D200270BCD /* PNGCDViewController.h */ = {isa = PBXFileReference; lastKnownFileType = sourcecode.c.h; path = PNGCDViewController.h; sourceTree = "<group>"; };
		3D5F66C9212A55D200270BCD /* PNGCDViewController.m */ = {isa = PBXFileReference; lastKnownFileType = sourcecode.c.objc; path = PNGCDViewController.m; sourceTree = "<group>"; };
		3D5F66CA212A55D200270BCD /* PNGCDViewController.xib */ = {isa = PBXFileReference; lastKnownFileType = file.xib; path = PNGCDViewController.xib; sourceTree = "<group>"; };
		3D75D9A2210EFA400069D46D /* PNCoreTextData.h */ = {isa = PBXFileReference; lastKnownFileType = sourcecode.c.h; path = PNCoreTextData.h; sourceTree = "<group>"; };
		3D75D9A3210EFA400069D46D /* PNCoreTextData.m */ = {isa = PBXFileReference; lastKnownFileType = sourcecode.c.objc; path = PNCoreTextData.m; sourceTree = "<group>"; };
		3D75D9A5210EFA940069D46D /* PNCTFrameParserConfig.h */ = {isa = PBXFileReference; lastKnownFileType = sourcecode.c.h; path = PNCTFrameParserConfig.h; sourceTree = "<group>"; };
		3D75D9A6210EFA940069D46D /* PNCTFrameParserConfig.m */ = {isa = PBXFileReference; lastKnownFileType = sourcecode.c.objc; path = PNCTFrameParserConfig.m; sourceTree = "<group>"; };
		3D75D9A8210EFAC70069D46D /* PNCTFrameParser.h */ = {isa = PBXFileReference; lastKnownFileType = sourcecode.c.h; path = PNCTFrameParser.h; sourceTree = "<group>"; };
		3D75D9A9210EFAC70069D46D /* PNCTFrameParser.m */ = {isa = PBXFileReference; lastKnownFileType = sourcecode.c.objc; path = PNCTFrameParser.m; sourceTree = "<group>"; };
		3D817A3B2121644A00967D77 /* PNBlockViewController.h */ = {isa = PBXFileReference; lastKnownFileType = sourcecode.c.h; path = PNBlockViewController.h; sourceTree = "<group>"; };
		3D817A3C2121644A00967D77 /* PNBlockViewController.m */ = {isa = PBXFileReference; lastKnownFileType = sourcecode.c.objc; path = PNBlockViewController.m; sourceTree = "<group>"; };
		3D817A3D2121644A00967D77 /* PNBlockViewController.xib */ = {isa = PBXFileReference; lastKnownFileType = file.xib; path = PNBlockViewController.xib; sourceTree = "<group>"; };
		3DC6339521B90F5A00B066C9 /* UINavigationController+Add.h */ = {isa = PBXFileReference; fileEncoding = 4; lastKnownFileType = sourcecode.c.h; path = "UINavigationController+Add.h"; sourceTree = "<group>"; };
		3DC6339621B90F5A00B066C9 /* UINavigationController+Add.m */ = {isa = PBXFileReference; fileEncoding = 4; lastKnownFileType = sourcecode.c.objc; path = "UINavigationController+Add.m"; sourceTree = "<group>"; };
		3DC6339821B90FAB00B066C9 /* UIView+Corner.h */ = {isa = PBXFileReference; fileEncoding = 4; lastKnownFileType = sourcecode.c.h; path = "UIView+Corner.h"; sourceTree = "<group>"; };
		3DC6339921B90FAB00B066C9 /* UIView+Corner.m */ = {isa = PBXFileReference; fileEncoding = 4; lastKnownFileType = sourcecode.c.objc; path = "UIView+Corner.m"; sourceTree = "<group>"; };
		3DCAC8702178353E0096B75F /* PNTransitioningDelegate.h */ = {isa = PBXFileReference; lastKnownFileType = sourcecode.c.h; path = PNTransitioningDelegate.h; sourceTree = "<group>"; };
		3DCAC8712178353E0096B75F /* PNTransitioningDelegate.m */ = {isa = PBXFileReference; lastKnownFileType = sourcecode.c.objc; path = PNTransitioningDelegate.m; sourceTree = "<group>"; };
		3DCAC87321787F1E0096B75F /* PNFromViewController.h */ = {isa = PBXFileReference; lastKnownFileType = sourcecode.c.h; path = PNFromViewController.h; sourceTree = "<group>"; };
		3DCAC87421787F1E0096B75F /* PNFromViewController.m */ = {isa = PBXFileReference; lastKnownFileType = sourcecode.c.objc; path = PNFromViewController.m; sourceTree = "<group>"; };
		3DCAC87521787F1E0096B75F /* PNFromViewController.xib */ = {isa = PBXFileReference; lastKnownFileType = file.xib; path = PNFromViewController.xib; sourceTree = "<group>"; };
		3DD989A421742DF800195541 /* PNNavigationDelegate.h */ = {isa = PBXFileReference; lastKnownFileType = sourcecode.c.h; path = PNNavigationDelegate.h; sourceTree = "<group>"; };
		3DD989A521742DF800195541 /* PNNavigationDelegate.m */ = {isa = PBXFileReference; lastKnownFileType = sourcecode.c.objc; path = PNNavigationDelegate.m; sourceTree = "<group>"; };
		3DD989A721743B6900195541 /* PNAnimatedTransitioning.h */ = {isa = PBXFileReference; lastKnownFileType = sourcecode.c.h; path = PNAnimatedTransitioning.h; sourceTree = "<group>"; };
		3DD989A821743B6900195541 /* PNAnimatedTransitioning.m */ = {isa = PBXFileReference; lastKnownFileType = sourcecode.c.objc; path = PNAnimatedTransitioning.m; sourceTree = "<group>"; };
		3DDF126C211820D400AADF5C /* PNMemManController.h */ = {isa = PBXFileReference; lastKnownFileType = sourcecode.c.h; path = PNMemManController.h; sourceTree = "<group>"; };
		3DDF126D211820D400AADF5C /* PNMemManController.m */ = {isa = PBXFileReference; lastKnownFileType = sourcecode.c.objc; path = PNMemManController.m; sourceTree = "<group>"; };
		3DDF126F211C3FFF00AADF5C /* PNWaterModel.h */ = {isa = PBXFileReference; lastKnownFileType = sourcecode.c.h; path = PNWaterModel.h; sourceTree = "<group>"; };
		3DDF1270211C3FFF00AADF5C /* PNWaterModel.m */ = {isa = PBXFileReference; lastKnownFileType = sourcecode.c.objc; path = PNWaterModel.m; sourceTree = "<group>"; };
		3DDF1273211C415C00AADF5C /* tmp.txt */ = {isa = PBXFileReference; fileEncoding = 4; lastKnownFileType = text; path = tmp.txt; sourceTree = "<group>"; };
		3DDF1275211C469800AADF5C /* tmp1.txt */ = {isa = PBXFileReference; fileEncoding = 4; lastKnownFileType = text; path = tmp1.txt; sourceTree = "<group>"; };
		3DF2F8DD217885CE00BDE143 /* PNTabBarControllerDelegate.h */ = {isa = PBXFileReference; lastKnownFileType = sourcecode.c.h; path = PNTabBarControllerDelegate.h; sourceTree = "<group>"; };
		3DF2F8DE217885CE00BDE143 /* PNTabBarControllerDelegate.m */ = {isa = PBXFileReference; lastKnownFileType = sourcecode.c.objc; path = PNTabBarControllerDelegate.m; sourceTree = "<group>"; };
		3DF2F8E021788EF300BDE143 /* PNTabBarController.h */ = {isa = PBXFileReference; lastKnownFileType = sourcecode.c.h; path = PNTabBarController.h; sourceTree = "<group>"; };
		3DF2F8E121788EF300BDE143 /* PNTabBarController.m */ = {isa = PBXFileReference; lastKnownFileType = sourcecode.c.objc; path = PNTabBarController.m; sourceTree = "<group>"; };
		3DF2F8E32178918200BDE143 /* PNViewControllers.h */ = {isa = PBXFileReference; lastKnownFileType = sourcecode.c.h; path = PNViewControllers.h; sourceTree = "<group>"; };
		3DF2F8E42178918200BDE143 /* PNViewControllers.m */ = {isa = PBXFileReference; lastKnownFileType = sourcecode.c.objc; path = PNViewControllers.m; sourceTree = "<group>"; };
		3DF2F8E92179B43100BDE143 /* PNContainerViewController.h */ = {isa = PBXFileReference; lastKnownFileType = sourcecode.c.h; path = PNContainerViewController.h; sourceTree = "<group>"; };
		3DF2F8EA2179B43100BDE143 /* PNContainerViewController.m */ = {isa = PBXFileReference; lastKnownFileType = sourcecode.c.objc; path = PNContainerViewController.m; sourceTree = "<group>"; };
		3DF2F8EC2179C31400BDE143 /* PNChildViewController.h */ = {isa = PBXFileReference; lastKnownFileType = sourcecode.c.h; path = PNChildViewController.h; sourceTree = "<group>"; };
		3DF2F8ED2179C31400BDE143 /* PNChildViewController.m */ = {isa = PBXFileReference; lastKnownFileType = sourcecode.c.objc; path = PNChildViewController.m; sourceTree = "<group>"; };
		3DFB089220E2133700DC22BC /* PNFillTextView.h */ = {isa = PBXFileReference; lastKnownFileType = sourcecode.c.h; path = PNFillTextView.h; sourceTree = "<group>"; };
		3DFB089320E2133700DC22BC /* PNFillTextView.m */ = {isa = PBXFileReference; lastKnownFileType = sourcecode.c.objc; path = PNFillTextView.m; sourceTree = "<group>"; };
		3DFB089520E2139C00DC22BC /* PNTextViewController.h */ = {isa = PBXFileReference; lastKnownFileType = sourcecode.c.h; path = PNTextViewController.h; sourceTree = "<group>"; };
		3DFB089620E2139C00DC22BC /* PNTextViewController.m */ = {isa = PBXFileReference; lastKnownFileType = sourcecode.c.objc; path = PNTextViewController.m; sourceTree = "<group>"; };
		4A58AB53F3ACAE3BE3C87FB3 /* Pods-Penn.release.xcconfig */ = {isa = PBXFileReference; includeInIndex = 1; lastKnownFileType = text.xcconfig; name = "Pods-Penn.release.xcconfig"; path = "Pods/Target Support Files/Pods-Penn/Pods-Penn.release.xcconfig"; sourceTree = "<group>"; };
		64E2548721EB82E0044BD24E /* Pods_Penn.framework */ = {isa = PBXFileReference; explicitFileType = wrapper.framework; includeInIndex = 0; path = Pods_Penn.framework; sourceTree = BUILT_PRODUCTS_DIR; };
		971DC9A86F7BC0CD644EE23A /* Pods-Penn.debug.xcconfig */ = {isa = PBXFileReference; includeInIndex = 1; lastKnownFileType = text.xcconfig; name = "Pods-Penn.debug.xcconfig"; path = "Pods/Target Support Files/Pods-Penn/Pods-Penn.debug.xcconfig"; sourceTree = "<group>"; };
		BC05683620A4132C009FB674 /* PNGrandparent.h */ = {isa = PBXFileReference; lastKnownFileType = sourcecode.c.h; path = PNGrandparent.h; sourceTree = "<group>"; };
		BC05683720A4132C009FB674 /* PNGrandparent.m */ = {isa = PBXFileReference; lastKnownFileType = sourcecode.c.objc; path = PNGrandparent.m; sourceTree = "<group>"; };
		BC05683920A41349009FB674 /* PNParent.h */ = {isa = PBXFileReference; lastKnownFileType = sourcecode.c.h; path = PNParent.h; sourceTree = "<group>"; };
		BC05683A20A41349009FB674 /* PNParent.m */ = {isa = PBXFileReference; lastKnownFileType = sourcecode.c.objc; path = PNParent.m; sourceTree = "<group>"; };
		BC05683C20A41382009FB674 /* PNSon.h */ = {isa = PBXFileReference; lastKnownFileType = sourcecode.c.h; path = PNSon.h; sourceTree = "<group>"; };
		BC05683D20A41382009FB674 /* PNSon.m */ = {isa = PBXFileReference; lastKnownFileType = sourcecode.c.objc; path = PNSon.m; sourceTree = "<group>"; };
		BC5AF35E218F33C6008743E3 /* PNPercentDrivenInteractiveTransition.h */ = {isa = PBXFileReference; lastKnownFileType = sourcecode.c.h; path = PNPercentDrivenInteractiveTransition.h; sourceTree = "<group>"; };
		BC5AF35F218F33C6008743E3 /* PNPercentDrivenInteractiveTransition.m */ = {isa = PBXFileReference; lastKnownFileType = sourcecode.c.objc; path = PNPercentDrivenInteractiveTransition.m; sourceTree = "<group>"; };
		BC63E011217C65000069BB58 /* PNContainerDelegate.h */ = {isa = PBXFileReference; lastKnownFileType = sourcecode.c.h; path = PNContainerDelegate.h; sourceTree = "<group>"; };
		BC63E012217C65000069BB58 /* PNContainerDelegate.m */ = {isa = PBXFileReference; lastKnownFileType = sourcecode.c.objc; path = PNContainerDelegate.m; sourceTree = "<group>"; };
		BCC68F1820B2B8E000EE9334 /* PNTask.h */ = {isa = PBXFileReference; lastKnownFileType = sourcecode.c.h; path = PNTask.h; sourceTree = "<group>"; };
		BCC68F1920B2B8E000EE9334 /* PNTask.m */ = {isa = PBXFileReference; lastKnownFileType = sourcecode.c.objc; path = PNTask.m; sourceTree = "<group>"; };
		BCD36665219825F900AF9D5F /* PNContainerTransitionContext.h */ = {isa = PBXFileReference; lastKnownFileType = sourcecode.c.h; path = PNContainerTransitionContext.h; sourceTree = "<group>"; };
		BCD36666219825F900AF9D5F /* PNContainerTransitionContext.m */ = {isa = PBXFileReference; lastKnownFileType = sourcecode.c.objc; path = PNContainerTransitionContext.m; sourceTree = "<group>"; };
		BCD3666821982A8900AF9D5F /* PNUpTabViewController.h */ = {isa = PBXFileReference; lastKnownFileType = sourcecode.c.h; path = PNUpTabViewController.h; sourceTree = "<group>"; };
		BCD3666921982A8900AF9D5F /* PNUpTabViewController.m */ = {isa = PBXFileReference; lastKnownFileType = sourcecode.c.objc; path = PNUpTabViewController.m; sourceTree = "<group>"; };
		BCD5FDC0216F9E4000EBF1E5 /* PNRouter.h */ = {isa = PBXFileReference; lastKnownFileType = sourcecode.c.h; path = PNRouter.h; sourceTree = "<group>"; };
		BCD5FDC1216F9E4000EBF1E5 /* PNRouter.m */ = {isa = PBXFileReference; lastKnownFileType = sourcecode.c.objc; path = PNRouter.m; sourceTree = "<group>"; };
		BCD5FDC3216F9F8400EBF1E5 /* PNMLZListController.h */ = {isa = PBXFileReference; lastKnownFileType = sourcecode.c.h; path = PNMLZListController.h; sourceTree = "<group>"; };
		BCD5FDC4216F9F8400EBF1E5 /* PNMLZListController.m */ = {isa = PBXFileReference; lastKnownFileType = sourcecode.c.objc; path = PNMLZListController.m; sourceTree = "<group>"; };
		BCD5FDC6216F9F9A00EBF1E5 /* PNMLZDetailController.h */ = {isa = PBXFileReference; lastKnownFileType = sourcecode.c.h; path = PNMLZDetailController.h; sourceTree = "<group>"; };
		BCD5FDC7216F9F9A00EBF1E5 /* PNMLZDetailController.m */ = {isa = PBXFileReference; lastKnownFileType = sourcecode.c.objc; path = PNMLZDetailController.m; sourceTree = "<group>"; };
		BCF77CC520B510AF00BA34CD /* UIViewController+PNAdd.h */ = {isa = PBXFileReference; fileEncoding = 4; lastKnownFileType = sourcecode.c.h; path = "UIViewController+PNAdd.h"; sourceTree = "<group>"; };
		BCF77CC620B510B000BA34CD /* UIViewController+PNAdd.m */ = {isa = PBXFileReference; fileEncoding = 4; lastKnownFileType = sourcecode.c.objc; path = "UIViewController+PNAdd.m"; sourceTree = "<group>"; };
		BCF77CC820B510C500BA34CD /* UILabel+PNAdd.h */ = {isa = PBXFileReference; lastKnownFileType = sourcecode.c.h; path = "UILabel+PNAdd.h"; sourceTree = "<group>"; };
		BCF77CC920B510C500BA34CD /* UILabel+PNAdd.m */ = {isa = PBXFileReference; lastKnownFileType = sourcecode.c.objc; path = "UILabel+PNAdd.m"; sourceTree = "<group>"; };
		BCF77CD220B55A7E00BA34CD /* NSMutableArray+PNAddE.m */ = {isa = PBXFileReference; fileEncoding = 4; lastKnownFileType = sourcecode.c.objc; path = "NSMutableArray+PNAddE.m"; sourceTree = "<group>"; };
		BCF77CD420B55A7E00BA34CD /* NSMutableArray+PNAddE.h */ = {isa = PBXFileReference; fileEncoding = 4; lastKnownFileType = sourcecode.c.h; path = "NSMutableArray+PNAddE.h"; sourceTree = "<group>"; };
		BCF77CD720B55A9C00BA34CD /* NSObject+PNAdd.h */ = {isa = PBXFileReference; lastKnownFileType = sourcecode.c.h; path = "NSObject+PNAdd.h"; sourceTree = "<group>"; };
		BCF77CD820B55A9C00BA34CD /* NSObject+PNAdd.m */ = {isa = PBXFileReference; lastKnownFileType = sourcecode.c.objc; path = "NSObject+PNAdd.m"; sourceTree = "<group>"; };
		C30E7A2F4D373AAEFFB11046 /* libPods-PennUITests.a */ = {isa = PBXFileReference; explicitFileType = archive.ar; includeInIndex = 0; path = "libPods-PennUITests.a"; sourceTree = BUILT_PRODUCTS_DIR; };
		D529F3631FD296B7008C67F3 /* backRed@2x.png */ = {isa = PBXFileReference; lastKnownFileType = image.png; path = "backRed@2x.png"; sourceTree = "<group>"; };
		D529F3641FD296B7008C67F3 /* action-remove@3x.png */ = {isa = PBXFileReference; lastKnownFileType = image.png; path = "action-remove@3x.png"; sourceTree = "<group>"; };
		D529F3651FD296B7008C67F3 /* btn_addPicture_BgImage@3x.png */ = {isa = PBXFileReference; lastKnownFileType = image.png; path = "btn_addPicture_BgImage@3x.png"; sourceTree = "<group>"; };
		D529F3661FD296B7008C67F3 /* action-remove@2x.png */ = {isa = PBXFileReference; lastKnownFileType = image.png; path = "action-remove@2x.png"; sourceTree = "<group>"; };
		D529F3671FD296B8008C67F3 /* btn_addPicture_BgImage@2x.png */ = {isa = PBXFileReference; lastKnownFileType = image.png; path = "btn_addPicture_BgImage@2x.png"; sourceTree = "<group>"; };
		D529F3681FD296B8008C67F3 /* backRed@3x.png */ = {isa = PBXFileReference; lastKnownFileType = image.png; path = "backRed@3x.png"; sourceTree = "<group>"; };
		D529F3691FD296B8008C67F3 /* bottomNav-forwardEngaged@3x.png */ = {isa = PBXFileReference; lastKnownFileType = image.png; path = "bottomNav-forwardEngaged@3x.png"; sourceTree = "<group>"; };
		D529F3711FD29B50008C67F3 /* BaseModel.h */ = {isa = PBXFileReference; fileEncoding = 4; lastKnownFileType = sourcecode.c.h; path = BaseModel.h; sourceTree = "<group>"; };
		D529F3721FD29B50008C67F3 /* BaseModel.m */ = {isa = PBXFileReference; fileEncoding = 4; lastKnownFileType = sourcecode.c.objc; path = BaseModel.m; sourceTree = "<group>"; };
		D585341B1F63FE2F00F4C588 /* PNSocketController.h */ = {isa = PBXFileReference; fileEncoding = 4; lastKnownFileType = sourcecode.c.h; path = PNSocketController.h; sourceTree = "<group>"; };
		D585341C1F63FE2F00F4C588 /* PNSocketController.m */ = {isa = PBXFileReference; fileEncoding = 4; lastKnownFileType = sourcecode.c.objc; path = PNSocketController.m; sourceTree = "<group>"; };
		D585341D1F63FE2F00F4C588 /* PNSocketController.xib */ = {isa = PBXFileReference; fileEncoding = 4; lastKnownFileType = file.xib; path = PNSocketController.xib; sourceTree = "<group>"; };
		D58534201F63FF6800F4C588 /* PNHomeViewController.h */ = {isa = PBXFileReference; fileEncoding = 4; lastKnownFileType = sourcecode.c.h; path = PNHomeViewController.h; sourceTree = "<group>"; };
		D58534211F63FF6800F4C588 /* PNHomeViewController.m */ = {isa = PBXFileReference; fileEncoding = 4; lastKnownFileType = sourcecode.c.objc; path = PNHomeViewController.m; sourceTree = "<group>"; };
		D594E3181FB69A3D00255114 /* PNFundationController.h */ = {isa = PBXFileReference; lastKnownFileType = sourcecode.c.h; path = PNFundationController.h; sourceTree = "<group>"; };
		D594E3191FB69A3D00255114 /* PNFundationController.m */ = {isa = PBXFileReference; lastKnownFileType = sourcecode.c.objc; path = PNFundationController.m; sourceTree = "<group>"; };
		D5AAC5581FC7EAA700A9BD86 /* PNCrazyButton.h */ = {isa = PBXFileReference; lastKnownFileType = sourcecode.c.h; path = PNCrazyButton.h; sourceTree = "<group>"; };
		D5AAC5591FC7EAA700A9BD86 /* PNCrazyButton.m */ = {isa = PBXFileReference; lastKnownFileType = sourcecode.c.objc; path = PNCrazyButton.m; sourceTree = "<group>"; };
		D5AAC55D1FC7EAD100A9BD86 /* PNCrazyButton.xib */ = {isa = PBXFileReference; lastKnownFileType = file.xib; path = PNCrazyButton.xib; sourceTree = "<group>"; };
		D5AAC5741FC7F17D00A9BD86 /* PICrazyButton.swift */ = {isa = PBXFileReference; lastKnownFileType = sourcecode.swift; path = PICrazyButton.swift; sourceTree = "<group>"; };
		D5AAC57A1FC8029200A9BD86 /* BaseTabBarController.h */ = {isa = PBXFileReference; lastKnownFileType = sourcecode.c.h; path = BaseTabBarController.h; sourceTree = "<group>"; };
		D5AAC57B1FC8029200A9BD86 /* BaseTabBarController.m */ = {isa = PBXFileReference; lastKnownFileType = sourcecode.c.objc; path = BaseTabBarController.m; sourceTree = "<group>"; };
		D5AAC57E1FC8030300A9BD86 /* PNProfileViewController.h */ = {isa = PBXFileReference; lastKnownFileType = sourcecode.c.h; path = PNProfileViewController.h; sourceTree = "<group>"; };
		D5AAC57F1FC8030300A9BD86 /* PNProfileViewController.m */ = {isa = PBXFileReference; lastKnownFileType = sourcecode.c.objc; path = PNProfileViewController.m; sourceTree = "<group>"; };
		D5AAC5811FC8039C00A9BD86 /* BaseNavigationController.h */ = {isa = PBXFileReference; lastKnownFileType = sourcecode.c.h; path = BaseNavigationController.h; sourceTree = "<group>"; };
		D5AAC5821FC8039C00A9BD86 /* BaseNavigationController.m */ = {isa = PBXFileReference; lastKnownFileType = sourcecode.c.objc; path = BaseNavigationController.m; sourceTree = "<group>"; };
		D5AAC5841FC8112500A9BD86 /* PNSwiftViewController.swift */ = {isa = PBXFileReference; lastKnownFileType = sourcecode.swift; path = PNSwiftViewController.swift; sourceTree = "<group>"; };
		D5AAC5881FC8130D00A9BD86 /* UIButton+Addition.h */ = {isa = PBXFileReference; lastKnownFileType = sourcecode.c.h; path = "UIButton+Addition.h"; sourceTree = "<group>"; };
		D5AAC5891FC8130D00A9BD86 /* UIButton+Addition.m */ = {isa = PBXFileReference; lastKnownFileType = sourcecode.c.objc; path = "UIButton+Addition.m"; sourceTree = "<group>"; };
		D5AAC5D41FC915C200A9BD86 /* PICrazyButton.xib */ = {isa = PBXFileReference; lastKnownFileType = file.xib; path = PICrazyButton.xib; sourceTree = "<group>"; };
		D5AAC5D81FC9449900A9BD86 /* PNFuncController.h */ = {isa = PBXFileReference; lastKnownFileType = sourcecode.c.h; path = PNFuncController.h; sourceTree = "<group>"; };
		D5AAC5D91FC9449900A9BD86 /* PNFuncController.m */ = {isa = PBXFileReference; lastKnownFileType = sourcecode.c.objc; path = PNFuncController.m; sourceTree = "<group>"; };
		D5B7C23D1F611501001FA29C /* Penn.app */ = {isa = PBXFileReference; explicitFileType = wrapper.application; includeInIndex = 0; path = Penn.app; sourceTree = BUILT_PRODUCTS_DIR; };
		D5B7C2411F611501001FA29C /* main.m */ = {isa = PBXFileReference; lastKnownFileType = sourcecode.c.objc; path = main.m; sourceTree = "<group>"; };
		D5B7C2431F611501001FA29C /* AppDelegate.h */ = {isa = PBXFileReference; lastKnownFileType = sourcecode.c.h; path = AppDelegate.h; sourceTree = "<group>"; };
		D5B7C2441F611501001FA29C /* AppDelegate.m */ = {isa = PBXFileReference; lastKnownFileType = sourcecode.c.objc; path = AppDelegate.m; sourceTree = "<group>"; };
		D5B7C2461F611501001FA29C /* ViewController.h */ = {isa = PBXFileReference; lastKnownFileType = sourcecode.c.h; path = ViewController.h; sourceTree = "<group>"; };
		D5B7C2471F611501001FA29C /* ViewController.m */ = {isa = PBXFileReference; lastKnownFileType = sourcecode.c.objc; path = ViewController.m; sourceTree = "<group>"; };
		D5B7C24A1F611501001FA29C /* Base */ = {isa = PBXFileReference; lastKnownFileType = file.storyboard; name = Base; path = Base.lproj/Main.storyboard; sourceTree = "<group>"; };
		D5B7C24C1F611501001FA29C /* Assets.xcassets */ = {isa = PBXFileReference; lastKnownFileType = folder.assetcatalog; path = Assets.xcassets; sourceTree = "<group>"; };
		D5B7C24F1F611501001FA29C /* Base */ = {isa = PBXFileReference; lastKnownFileType = file.storyboard; name = Base; path = Base.lproj/LaunchScreen.storyboard; sourceTree = "<group>"; };
		D5B7C2511F611501001FA29C /* Info.plist */ = {isa = PBXFileReference; lastKnownFileType = text.plist.xml; path = Info.plist; sourceTree = "<group>"; };
		D5B7C2561F611501001FA29C /* PennTests.xctest */ = {isa = PBXFileReference; explicitFileType = wrapper.cfbundle; includeInIndex = 0; path = PennTests.xctest; sourceTree = BUILT_PRODUCTS_DIR; };
		D5B7C25A1F611501001FA29C /* PennTests.m */ = {isa = PBXFileReference; lastKnownFileType = sourcecode.c.objc; path = PennTests.m; sourceTree = "<group>"; };
		D5B7C25C1F611501001FA29C /* Info.plist */ = {isa = PBXFileReference; lastKnownFileType = text.plist.xml; path = Info.plist; sourceTree = "<group>"; };
		D5B7C2611F611501001FA29C /* PennUITests.xctest */ = {isa = PBXFileReference; explicitFileType = wrapper.cfbundle; includeInIndex = 0; path = PennUITests.xctest; sourceTree = BUILT_PRODUCTS_DIR; };
		D5B7C2651F611501001FA29C /* PennUITests.m */ = {isa = PBXFileReference; lastKnownFileType = sourcecode.c.objc; path = PennUITests.m; sourceTree = "<group>"; };
		D5B7C2671F611501001FA29C /* Info.plist */ = {isa = PBXFileReference; lastKnownFileType = text.plist.xml; path = Info.plist; sourceTree = "<group>"; };
		D5B92B2C1FAFFE4100726C35 /* Penn-Bridging-Header.h */ = {isa = PBXFileReference; lastKnownFileType = sourcecode.c.h; path = "Penn-Bridging-Header.h"; sourceTree = "<group>"; };
		D5BAD0191FAD63980098D8DF /* PNButton.h */ = {isa = PBXFileReference; lastKnownFileType = sourcecode.c.h; path = PNButton.h; sourceTree = "<group>"; };
		D5BAD01A1FAD63980098D8DF /* PNButton.m */ = {isa = PBXFileReference; lastKnownFileType = sourcecode.c.objc; path = PNButton.m; sourceTree = "<group>"; };
		D5BAD0281FAD6F9E0098D8DF /* PNKitViewController.h */ = {isa = PBXFileReference; lastKnownFileType = sourcecode.c.h; path = PNKitViewController.h; sourceTree = "<group>"; };
		D5BAD0291FAD6F9E0098D8DF /* PNKitViewController.m */ = {isa = PBXFileReference; lastKnownFileType = sourcecode.c.objc; path = PNKitViewController.m; sourceTree = "<group>"; };
		D5BAD02A1FAD6F9E0098D8DF /* PNKitViewController.xib */ = {isa = PBXFileReference; lastKnownFileType = file.xib; path = PNKitViewController.xib; sourceTree = "<group>"; };
		D5BAD02D1FAD704E0098D8DF /* BaseViewController.h */ = {isa = PBXFileReference; lastKnownFileType = sourcecode.c.h; path = BaseViewController.h; sourceTree = "<group>"; };
		D5BAD02E1FAD704E0098D8DF /* BaseViewController.m */ = {isa = PBXFileReference; lastKnownFileType = sourcecode.c.objc; path = BaseViewController.m; sourceTree = "<group>"; };
		D5BAD0311FAD87630098D8DF /* Penn.pch */ = {isa = PBXFileReference; fileEncoding = 4; lastKnownFileType = sourcecode.c.h; path = Penn.pch; sourceTree = SOURCE_ROOT; };
		D5BAD0321FAD87AC0098D8DF /* Global.h */ = {isa = PBXFileReference; fileEncoding = 4; lastKnownFileType = sourcecode.c.h; path = Global.h; sourceTree = SOURCE_ROOT; };
/* End PBXFileReference section */

/* Begin PBXFrameworksBuildPhase section */
		D5B7C23A1F611501001FA29C /* Frameworks */ = {
			isa = PBXFrameworksBuildPhase;
			buildActionMask = 2147483647;
			files = (
				AFA3269A0284ADD10DACE575 /* Pods_Penn.framework in Frameworks */,
			);
			runOnlyForDeploymentPostprocessing = 0;
		};
		D5B7C2531F611501001FA29C /* Frameworks */ = {
			isa = PBXFrameworksBuildPhase;
			buildActionMask = 2147483647;
			files = (
			);
			runOnlyForDeploymentPostprocessing = 0;
		};
		D5B7C25E1F611501001FA29C /* Frameworks */ = {
			isa = PBXFrameworksBuildPhase;
			buildActionMask = 2147483647;
			files = (
			);
			runOnlyForDeploymentPostprocessing = 0;
		};
/* End PBXFrameworksBuildPhase section */

/* Begin PBXGroup section */
		3D0FE3FC217079AF009AA08B /* Transition */ = {
			isa = PBXGroup;
			children = (
				3DF2F8E62179AE8800BDE143 /*  ContainerVC */,
				3DF2F8E82179AED100BDE143 /* NaviTabModalVC */,
			);
			path = Transition;
			sourceTree = "<group>";
		};
		3D4E27542105CDBA0013152D /* AutoDict */ = {
			isa = PBXGroup;
			children = (
				3D4E27552105CE0D0013152D /* PNAutoDictionary.h */,
				3D4E27562105CE0D0013152D /* PNAutoDictionary.m */,
			);
			path = AutoDict;
			sourceTree = "<group>";
		};
		3D4ED2F2210B3B6B00A5D060 /* CoreText */ = {
			isa = PBXGroup;
			children = (
				3D4ED2EF210B3B2E00A5D060 /* PNCTDisplayView.h */,
				3D4ED2F0210B3B2E00A5D060 /* PNCTDisplayView.m */,
				3D75D9A2210EFA400069D46D /* PNCoreTextData.h */,
				3D75D9A3210EFA400069D46D /* PNCoreTextData.m */,
				3D75D9A5210EFA940069D46D /* PNCTFrameParserConfig.h */,
				3D75D9A6210EFA940069D46D /* PNCTFrameParserConfig.m */,
				3D75D9A8210EFAC70069D46D /* PNCTFrameParser.h */,
				3D75D9A9210EFAC70069D46D /* PNCTFrameParser.m */,
				3D3255132110653700E593F1 /* PNCTImageData.h */,
				3D3255142110653700E593F1 /* PNCTImageData.m */,
				3D32551A21118C8400E593F1 /* PNCTLinkData.h */,
				3D32551B21118C8400E593F1 /* PNCTLinkData.m */,
				3D32551D21118E7D00E593F1 /* PNCTUtils.h */,
				3D32551E21118E7D00E593F1 /* PNCTUtils.m */,
			);
			path = CoreText;
			sourceTree = "<group>";
		};
		3D4ED2FD210B3DE000A5D060 /* Controller */ = {
			isa = PBXGroup;
			children = (
				3DFB089520E2139C00DC22BC /* PNTextViewController.h */,
				3DFB089620E2139C00DC22BC /* PNTextViewController.m */,
				3D4ED2F8210B3DCF00A5D060 /* PNCoreTextViewController.h */,
				3D4ED2F9210B3DCF00A5D060 /* PNCoreTextViewController.m */,
				3D4ED2FA210B3DCF00A5D060 /* PNCoreTextViewController.xib */,
				3D07D4E7217DCB5100AE9FA1 /* PNSlideBackViewController.h */,
				3D07D4E8217DCB5100AE9FA1 /* PNSlideBackViewController.m */,
			);
			path = Controller;
			sourceTree = "<group>";
		};
		3DDF126B21181EB500AADF5C /* Controller */ = {
			isa = PBXGroup;
			children = (
				3D3E6BFE210071D300C7573B /* PNRuntimeController.h */,
				3D3E6BFF210071D300C7573B /* PNRuntimeController.m */,
				3D3E6C00210071D300C7573B /* PNRuntimeController.xib */,
				3D325520211409E200E593F1 /* PNClassClustersViewController.h */,
				3D325521211409E200E593F1 /* PNClassClustersViewController.m */,
				3D325522211409E200E593F1 /* PNClassClustersViewController.xib */,
				3DDF126C211820D400AADF5C /* PNMemManController.h */,
				3DDF126D211820D400AADF5C /* PNMemManController.m */,
				3D817A3B2121644A00967D77 /* PNBlockViewController.h */,
				3D817A3C2121644A00967D77 /* PNBlockViewController.m */,
				3D817A3D2121644A00967D77 /* PNBlockViewController.xib */,
				3D5F66C8212A55D200270BCD /* PNGCDViewController.h */,
				3D5F66C9212A55D200270BCD /* PNGCDViewController.m */,
				3D5F66CA212A55D200270BCD /* PNGCDViewController.xib */,
				3D01E9A9221CF178002AB423 /* PNThreadViewController.h */,
				3D01E9AA221CF178002AB423 /* PNThreadViewController.m */,
				3D01E9AC221D07D0002AB423 /* PNOperationController.h */,
				3D01E9AD221D07D0002AB423 /* PNOperationController.m */,
				3D01E9AF221D3FCB002AB423 /* PNRunLoopController.h */,
				3D01E9B0221D3FCB002AB423 /* PNRunLoopController.m */,
			);
			path = Controller;
			sourceTree = "<group>";
		};
		3DDF1272211C400A00AADF5C /* WaterDrop */ = {
			isa = PBXGroup;
			children = (
				3DDF126F211C3FFF00AADF5C /* PNWaterModel.h */,
				3DDF1270211C3FFF00AADF5C /* PNWaterModel.m */,
			);
			path = WaterDrop;
			sourceTree = "<group>";
		};
		3DF2F8E62179AE8800BDE143 /*  ContainerVC */ = {
			isa = PBXGroup;
			children = (
				3DF2F8E92179B43100BDE143 /* PNContainerViewController.h */,
				3DF2F8EA2179B43100BDE143 /* PNContainerViewController.m */,
				BC63E011217C65000069BB58 /* PNContainerDelegate.h */,
				BC63E012217C65000069BB58 /* PNContainerDelegate.m */,
				BC5AF35E218F33C6008743E3 /* PNPercentDrivenInteractiveTransition.h */,
				BC5AF35F218F33C6008743E3 /* PNPercentDrivenInteractiveTransition.m */,
				BCD36665219825F900AF9D5F /* PNContainerTransitionContext.h */,
				BCD36666219825F900AF9D5F /* PNContainerTransitionContext.m */,
				BCD3666821982A8900AF9D5F /* PNUpTabViewController.h */,
				BCD3666921982A8900AF9D5F /* PNUpTabViewController.m */,
				3DF2F8EC2179C31400BDE143 /* PNChildViewController.h */,
				3DF2F8ED2179C31400BDE143 /* PNChildViewController.m */,
			);
			path = " ContainerVC";
			sourceTree = "<group>";
		};
		3DF2F8E82179AED100BDE143 /* NaviTabModalVC */ = {
			isa = PBXGroup;
			children = (
				3DD989A721743B6900195541 /* PNAnimatedTransitioning.h */,
				3DD989A821743B6900195541 /* PNAnimatedTransitioning.m */,
				3DD989A421742DF800195541 /* PNNavigationDelegate.h */,
				3DD989A521742DF800195541 /* PNNavigationDelegate.m */,
				3DCAC8702178353E0096B75F /* PNTransitioningDelegate.h */,
				3DCAC8712178353E0096B75F /* PNTransitioningDelegate.m */,
				3DF2F8DD217885CE00BDE143 /* PNTabBarControllerDelegate.h */,
				3DF2F8DE217885CE00BDE143 /* PNTabBarControllerDelegate.m */,
				3DCAC87321787F1E0096B75F /* PNFromViewController.h */,
				3DCAC87421787F1E0096B75F /* PNFromViewController.m */,
				3DCAC87521787F1E0096B75F /* PNFromViewController.xib */,
				3D3F97352178822F006114F7 /* PNToViewController.h */,
				3D3F97362178822F006114F7 /* PNToViewController.m */,
				3D3F97372178822F006114F7 /* PNToViewController.xib */,
				3DF2F8E021788EF300BDE143 /* PNTabBarController.h */,
				3DF2F8E121788EF300BDE143 /* PNTabBarController.m */,
				3DF2F8E32178918200BDE143 /* PNViewControllers.h */,
				3DF2F8E42178918200BDE143 /* PNViewControllers.m */,
			);
			path = NaviTabModalVC;
			sourceTree = "<group>";
		};
		98EC7010CD840C1D9E9A39AC /* Frameworks */ = {
			isa = PBXGroup;
			children = (
				2AAB1F823A83E0823CAEB201 /* libPods-PennTests.a */,
				C30E7A2F4D373AAEFFB11046 /* libPods-PennUITests.a */,
				64E2548721EB82E0044BD24E /* Pods_Penn.framework */,
			);
			name = Frameworks;
			sourceTree = "<group>";
		};
		BC034F0B20A59304001117ED /* InheritClass */ = {
			isa = PBXGroup;
			children = (
				BC05683620A4132C009FB674 /* PNGrandparent.h */,
				BC05683720A4132C009FB674 /* PNGrandparent.m */,
				BC05683920A41349009FB674 /* PNParent.h */,
				BC05683A20A41349009FB674 /* PNParent.m */,
				BC05683C20A41382009FB674 /* PNSon.h */,
				BC05683D20A41382009FB674 /* PNSon.m */,
			);
			path = InheritClass;
			sourceTree = "<group>";
		};
		BCD5FDBF216F9C7B00EBF1E5 /* Modularization(组件化) */ = {
			isa = PBXGroup;
			children = (
				BCD5FDC0216F9E4000EBF1E5 /* PNRouter.h */,
				BCD5FDC1216F9E4000EBF1E5 /* PNRouter.m */,
				BCD5FDC3216F9F8400EBF1E5 /* PNMLZListController.h */,
				BCD5FDC4216F9F8400EBF1E5 /* PNMLZListController.m */,
				BCD5FDC6216F9F9A00EBF1E5 /* PNMLZDetailController.h */,
				BCD5FDC7216F9F9A00EBF1E5 /* PNMLZDetailController.m */,
			);
			path = "Modularization(组件化)";
			sourceTree = "<group>";
		};
		D594E31B1FB69A4A00255114 /* PNFundation */ = {
			isa = PBXGroup;
			children = (
				3D4E27542105CDBA0013152D /* AutoDict */,
				D594E3181FB69A3D00255114 /* PNFundationController.h */,
				D594E3191FB69A3D00255114 /* PNFundationController.m */,
				3D32552721140A9800E593F1 /* PNFundationController.xib */,
				BC034F0B20A59304001117ED /* InheritClass */,
				3DDF126B21181EB500AADF5C /* Controller */,
				3D1759392101B3520027C7DB /* PNMsgForward.h */,
				3D17593A2101B3520027C7DB /* PNMsgForward.m */,
				3D17593F2101B71E0027C7DB /* PNDynamicMethod.h */,
				3D1759402101B71E0027C7DB /* PNDynamicMethod.m */,
				3DDF1272211C400A00AADF5C /* WaterDrop */,
			);
			path = PNFundation;
			sourceTree = "<group>";
		};
		D5AAC55F1FC7EBD200A9BD86 /* NativeImg */ = {
			isa = PBXGroup;
			children = (
				D529F3661FD296B7008C67F3 /* action-remove@2x.png */,
				D529F3641FD296B7008C67F3 /* action-remove@3x.png */,
				D529F3631FD296B7008C67F3 /* backRed@2x.png */,
				D529F3681FD296B8008C67F3 /* backRed@3x.png */,
				D529F3691FD296B8008C67F3 /* bottomNav-forwardEngaged@3x.png */,
				D529F3671FD296B8008C67F3 /* btn_addPicture_BgImage@2x.png */,
				D529F3651FD296B7008C67F3 /* btn_addPicture_BgImage@3x.png */,
			);
			name = NativeImg;
			sourceTree = "<group>";
		};
		D5AAC5761FC7F63E00A9BD86 /* View */ = {
			isa = PBXGroup;
			children = (
				D5AAC5581FC7EAA700A9BD86 /* PNCrazyButton.h */,
				D5AAC5591FC7EAA700A9BD86 /* PNCrazyButton.m */,
				D5AAC55D1FC7EAD100A9BD86 /* PNCrazyButton.xib */,
				D5AAC5741FC7F17D00A9BD86 /* PICrazyButton.swift */,
				D5AAC5D41FC915C200A9BD86 /* PICrazyButton.xib */,
				236BAA0C209FE9B5006BD6B9 /* PNViewButton.h */,
				236BAA0D209FE9B5006BD6B9 /* PNViewButton.m */,
				236BAA0F209FEA4B006BD6B9 /* PNViewButton.xib */,
				236BAA11209FEC77006BD6B9 /* PNEmptyButton.h */,
				236BAA12209FEC77006BD6B9 /* PNEmptyButton.m */,
				236BAA14209FEC81006BD6B9 /* PNEmptyButton.xib */,
				3DFB089220E2133700DC22BC /* PNFillTextView.h */,
				3DFB089320E2133700DC22BC /* PNFillTextView.m */,
				3D4ED2F2210B3B6B00A5D060 /* CoreText */,
			);
			path = View;
			sourceTree = "<group>";
		};
		D5AAC57D1FC802E600A9BD86 /* Profile */ = {
			isa = PBXGroup;
			children = (
				D5AAC57E1FC8030300A9BD86 /* PNProfileViewController.h */,
				D5AAC57F1FC8030300A9BD86 /* PNProfileViewController.m */,
				3D0C2A61212D55B30015D85C /* PNProfileViewController.xib */,
				3D0C2A5C212D558D0015D85C /* PNDataStructureController.h */,
				3D0C2A5D212D558D0015D85C /* PNDataStructureController.m */,
				3D0C2A5E212D558D0015D85C /* PNDataStructureController.xib */,
				3D0D39FD22241C8B0007057E /* PNImgViewCell.h */,
				3D0D39FE22241C8B0007057E /* PNImgViewCell.m */,
			);
			path = Profile;
			sourceTree = "<group>";
		};
		D5B7C2341F611501001FA29C = {
			isa = PBXGroup;
			children = (
				D5B7C23F1F611501001FA29C /* Penn */,
				D5B7C2591F611501001FA29C /* PennTests */,
				D5B7C2641F611501001FA29C /* PennUITests */,
				D5B7C23E1F611501001FA29C /* Products */,
				EC8966BE9110E360ED289F5B /* Pods */,
				98EC7010CD840C1D9E9A39AC /* Frameworks */,
			);
			sourceTree = "<group>";
		};
		D5B7C23E1F611501001FA29C /* Products */ = {
			isa = PBXGroup;
			children = (
				D5B7C23D1F611501001FA29C /* Penn.app */,
				D5B7C2561F611501001FA29C /* PennTests.xctest */,
				D5B7C2611F611501001FA29C /* PennUITests.xctest */,
			);
			name = Products;
			sourceTree = "<group>";
		};
		D5B7C23F1F611501001FA29C /* Penn */ = {
			isa = PBXGroup;
			children = (
				3D0FE3FC217079AF009AA08B /* Transition */,
				BCD5FDBF216F9C7B00EBF1E5 /* Modularization(组件化) */,
				D5BAD0251FAD663E0098D8DF /* Home */,
				D5BAD0331FADA3D10098D8DF /* PNKit */,
				D594E31B1FB69A4A00255114 /* PNFundation */,
				D5BAD0221FAD65CE0098D8DF /* Func */,
				D5AAC57D1FC802E600A9BD86 /* Profile */,
				D5BAD0261FAD66510098D8DF /* Extension */,
				D5BAD0271FAD66720098D8DF /* Main */,
				D5B7C2401F611501001FA29C /* Supporting Files */,
			);
			path = Penn;
			sourceTree = "<group>";
		};
		D5B7C2401F611501001FA29C /* Supporting Files */ = {
			isa = PBXGroup;
			children = (
				3DDF1275211C469800AADF5C /* tmp1.txt */,
				3DDF1273211C415C00AADF5C /* tmp.txt */,
				3D3255172110693900E593F1 /* coretext-image-1.jpg */,
				3D3255162110693900E593F1 /* coretext-image-2.jpg */,
				D5AAC55F1FC7EBD200A9BD86 /* NativeImg */,
				D5B92B2C1FAFFE4100726C35 /* Penn-Bridging-Header.h */,
				D5BAD0321FAD87AC0098D8DF /* Global.h */,
				D5B7C2511F611501001FA29C /* Info.plist */,
				D5B7C2411F611501001FA29C /* main.m */,
				D5BAD0311FAD87630098D8DF /* Penn.pch */,
				3D3255112110484800E593F1 /* content.json */,
				3D3BB2CE215E1DF200CDC2EC /* API.h */,
			);
			name = "Supporting Files";
			sourceTree = "<group>";
		};
		D5B7C2591F611501001FA29C /* PennTests */ = {
			isa = PBXGroup;
			children = (
				D5B7C25A1F611501001FA29C /* PennTests.m */,
				D5B7C25C1F611501001FA29C /* Info.plist */,
			);
			path = PennTests;
			sourceTree = "<group>";
		};
		D5B7C2641F611501001FA29C /* PennUITests */ = {
			isa = PBXGroup;
			children = (
				D5B7C2651F611501001FA29C /* PennUITests.m */,
				D5B7C2671F611501001FA29C /* Info.plist */,
			);
			path = PennUITests;
			sourceTree = "<group>";
		};
		D5BAD0221FAD65CE0098D8DF /* Func */ = {
			isa = PBXGroup;
			children = (
				D585341B1F63FE2F00F4C588 /* PNSocketController.h */,
				D585341C1F63FE2F00F4C588 /* PNSocketController.m */,
				D585341D1F63FE2F00F4C588 /* PNSocketController.xib */,
				D5AAC5D81FC9449900A9BD86 /* PNFuncController.h */,
				D5AAC5D91FC9449900A9BD86 /* PNFuncController.m */,
			);
			path = Func;
			sourceTree = "<group>";
		};
		D5BAD0251FAD663E0098D8DF /* Home */ = {
			isa = PBXGroup;
			children = (
				D58534201F63FF6800F4C588 /* PNHomeViewController.h */,
				D58534211F63FF6800F4C588 /* PNHomeViewController.m */,
				D5AAC5841FC8112500A9BD86 /* PNSwiftViewController.swift */,
			);
			path = Home;
			sourceTree = "<group>";
		};
		D5BAD0261FAD66510098D8DF /* Extension */ = {
			isa = PBXGroup;
			children = (
				3D15B23621F56D3F002BA785 /* UIView+PNAdd.h */,
				3D15B23521F56D3F002BA785 /* UIView+PNAdd.m */,
				3D15B23321F56D28002BA785 /* NSString+PNAdd.h */,
				3D15B23221F56D27002BA785 /* NSString+PNAdd.m */,
				3DC6339821B90FAB00B066C9 /* UIView+Corner.h */,
				3DC6339921B90FAB00B066C9 /* UIView+Corner.m */,
				3DC6339521B90F5A00B066C9 /* UINavigationController+Add.h */,
				3DC6339621B90F5A00B066C9 /* UINavigationController+Add.m */,
				3D1709AA20F4ABD5009DA2AA /* MBProgressHUD+LMJ.h */,
				3D1709A820F4ABD4009DA2AA /* MBProgressHUD+LMJ.m */,
				3D1709AB20F4ABD5009DA2AA /* MBProgressHUD+MP.h */,
				3D1709A920F4ABD4009DA2AA /* MBProgressHUD+MP.m */,
				BCF77CD420B55A7E00BA34CD /* NSMutableArray+PNAddE.h */,
				BCF77CD220B55A7E00BA34CD /* NSMutableArray+PNAddE.m */,
				BCF77CC520B510AF00BA34CD /* UIViewController+PNAdd.h */,
				BCF77CC620B510B000BA34CD /* UIViewController+PNAdd.m */,
				D5BAD0191FAD63980098D8DF /* PNButton.h */,
				D5BAD01A1FAD63980098D8DF /* PNButton.m */,
				D5AAC5881FC8130D00A9BD86 /* UIButton+Addition.h */,
				D5AAC5891FC8130D00A9BD86 /* UIButton+Addition.m */,
				BCF77CC820B510C500BA34CD /* UILabel+PNAdd.h */,
				BCF77CC920B510C500BA34CD /* UILabel+PNAdd.m */,
				BCF77CD720B55A9C00BA34CD /* NSObject+PNAdd.h */,
				BCF77CD820B55A9C00BA34CD /* NSObject+PNAdd.m */,
				3D15B23821F571CD002BA785 /* UITextView+PNAdd.h */,
				3D15B23921F571CD002BA785 /* UITextView+PNAdd.m */,
			);
			path = Extension;
			sourceTree = "<group>";
		};
		D5BAD0271FAD66720098D8DF /* Main */ = {
			isa = PBXGroup;
			children = (
				D5BAD0301FAD70530098D8DF /* Base */,
				D5B7C2431F611501001FA29C /* AppDelegate.h */,
				D5B7C2441F611501001FA29C /* AppDelegate.m */,
				D5B7C2461F611501001FA29C /* ViewController.h */,
				D5B7C2471F611501001FA29C /* ViewController.m */,
				D5B7C2491F611501001FA29C /* Main.storyboard */,
				D5B7C24C1F611501001FA29C /* Assets.xcassets */,
				D5B7C24E1F611501001FA29C /* LaunchScreen.storyboard */,
			);
			path = Main;
			sourceTree = "<group>";
		};
		D5BAD0301FAD70530098D8DF /* Base */ = {
			isa = PBXGroup;
			children = (
				D529F3711FD29B50008C67F3 /* BaseModel.h */,
				D529F3721FD29B50008C67F3 /* BaseModel.m */,
				D5BAD02D1FAD704E0098D8DF /* BaseViewController.h */,
				D5BAD02E1FAD704E0098D8DF /* BaseViewController.m */,
				D5AAC57A1FC8029200A9BD86 /* BaseTabBarController.h */,
				D5AAC57B1FC8029200A9BD86 /* BaseTabBarController.m */,
				D5AAC5811FC8039C00A9BD86 /* BaseNavigationController.h */,
				D5AAC5821FC8039C00A9BD86 /* BaseNavigationController.m */,
			);
			path = Base;
			sourceTree = "<group>";
		};
		D5BAD0331FADA3D10098D8DF /* PNKit */ = {
			isa = PBXGroup;
			children = (
				3D4ED2FD210B3DE000A5D060 /* Controller */,
				D5AAC5761FC7F63E00A9BD86 /* View */,
				D5BAD0281FAD6F9E0098D8DF /* PNKitViewController.h */,
				D5BAD0291FAD6F9E0098D8DF /* PNKitViewController.m */,
				D5BAD02A1FAD6F9E0098D8DF /* PNKitViewController.xib */,
				BCC68F1820B2B8E000EE9334 /* PNTask.h */,
				BCC68F1920B2B8E000EE9334 /* PNTask.m */,
				3D40665620E48D8C00BA740C /* PNFillModel.h */,
				3D40665720E48D8C00BA740C /* PNFillModel.m */,
			);
			path = PNKit;
			sourceTree = "<group>";
		};
		EC8966BE9110E360ED289F5B /* Pods */ = {
			isa = PBXGroup;
			children = (
				971DC9A86F7BC0CD644EE23A /* Pods-Penn.debug.xcconfig */,
				4A58AB53F3ACAE3BE3C87FB3 /* Pods-Penn.release.xcconfig */,
			);
			name = Pods;
			sourceTree = "<group>";
		};
/* End PBXGroup section */

/* Begin PBXNativeTarget section */
		D5B7C23C1F611501001FA29C /* Penn */ = {
			isa = PBXNativeTarget;
			buildConfigurationList = D5B7C26A1F611501001FA29C /* Build configuration list for PBXNativeTarget "Penn" */;
			buildPhases = (
				F277577C4ECF3D9A435F0DC2 /* [CP] Check Pods Manifest.lock */,
				D5B7C2391F611501001FA29C /* Sources */,
				D5B7C23A1F611501001FA29C /* Frameworks */,
				D5B7C23B1F611501001FA29C /* Resources */,
				3BBF728D4E18176E59337019 /* [CP] Embed Pods Frameworks */,
			);
			buildRules = (
			);
			dependencies = (
			);
			name = Penn;
			productName = Penn;
			productReference = D5B7C23D1F611501001FA29C /* Penn.app */;
			productType = "com.apple.product-type.application";
		};
		D5B7C2551F611501001FA29C /* PennTests */ = {
			isa = PBXNativeTarget;
			buildConfigurationList = D5B7C26D1F611501001FA29C /* Build configuration list for PBXNativeTarget "PennTests" */;
			buildPhases = (
				D5B7C2521F611501001FA29C /* Sources */,
				D5B7C2531F611501001FA29C /* Frameworks */,
				D5B7C2541F611501001FA29C /* Resources */,
			);
			buildRules = (
			);
			dependencies = (
				D5B7C2581F611501001FA29C /* PBXTargetDependency */,
			);
			name = PennTests;
			productName = PennTests;
			productReference = D5B7C2561F611501001FA29C /* PennTests.xctest */;
			productType = "com.apple.product-type.bundle.unit-test";
		};
		D5B7C2601F611501001FA29C /* PennUITests */ = {
			isa = PBXNativeTarget;
			buildConfigurationList = D5B7C2701F611501001FA29C /* Build configuration list for PBXNativeTarget "PennUITests" */;
			buildPhases = (
				D5B7C25D1F611501001FA29C /* Sources */,
				D5B7C25E1F611501001FA29C /* Frameworks */,
				D5B7C25F1F611501001FA29C /* Resources */,
			);
			buildRules = (
			);
			dependencies = (
				D5B7C2631F611501001FA29C /* PBXTargetDependency */,
			);
			name = PennUITests;
			productName = PennUITests;
			productReference = D5B7C2611F611501001FA29C /* PennUITests.xctest */;
			productType = "com.apple.product-type.bundle.ui-testing";
		};
/* End PBXNativeTarget section */

/* Begin PBXProject section */
		D5B7C2351F611501001FA29C /* Project object */ = {
			isa = PBXProject;
			attributes = {
				CLASSPREFIX = PN;
				LastUpgradeCheck = 0910;
				ORGANIZATIONNAME = PENN;
				TargetAttributes = {
					D5B7C23C1F611501001FA29C = {
						CreatedOnToolsVersion = 8.3.3;
						DevelopmentTeam = 8K5FMWVMXX;
						LastSwiftMigration = 0910;
						ProvisioningStyle = Automatic;
					};
					D5B7C2551F611501001FA29C = {
						CreatedOnToolsVersion = 8.3.3;
						DevelopmentTeam = 4B2WMR5XE5;
						ProvisioningStyle = Automatic;
						TestTargetID = D5B7C23C1F611501001FA29C;
					};
					D5B7C2601F611501001FA29C = {
						CreatedOnToolsVersion = 8.3.3;
						DevelopmentTeam = 4B2WMR5XE5;
						ProvisioningStyle = Automatic;
						TestTargetID = D5B7C23C1F611501001FA29C;
					};
				};
			};
			buildConfigurationList = D5B7C2381F611501001FA29C /* Build configuration list for PBXProject "Penn" */;
			compatibilityVersion = "Xcode 3.2";
			developmentRegion = English;
			hasScannedForEncodings = 0;
			knownRegions = (
				en,
				Base,
			);
			mainGroup = D5B7C2341F611501001FA29C;
			productRefGroup = D5B7C23E1F611501001FA29C /* Products */;
			projectDirPath = "";
			projectRoot = "";
			targets = (
				D5B7C23C1F611501001FA29C /* Penn */,
				D5B7C2551F611501001FA29C /* PennTests */,
				D5B7C2601F611501001FA29C /* PennUITests */,
			);
		};
/* End PBXProject section */

/* Begin PBXResourcesBuildPhase section */
		D5B7C23B1F611501001FA29C /* Resources */ = {
			isa = PBXResourcesBuildPhase;
			buildActionMask = 2147483647;
			files = (
				3D817A3F2121644A00967D77 /* PNBlockViewController.xib in Resources */,
				3D4ED2FC210B3DCF00A5D060 /* PNCoreTextViewController.xib in Resources */,
				D529F36B1FD296B8008C67F3 /* action-remove@3x.png in Resources */,
				D5B7C2501F611501001FA29C /* LaunchScreen.storyboard in Resources */,
				3D3E6C02210071D300C7573B /* PNRuntimeController.xib in Resources */,
				3D3F97392178822F006114F7 /* PNToViewController.xib in Resources */,
				D529F36C1FD296B8008C67F3 /* btn_addPicture_BgImage@3x.png in Resources */,
				D5AAC55E1FC7EAD100A9BD86 /* PNCrazyButton.xib in Resources */,
				3DDF1274211C415D00AADF5C /* tmp.txt in Resources */,
				D529F3701FD296B8008C67F3 /* bottomNav-forwardEngaged@3x.png in Resources */,
				D5B7C24D1F611501001FA29C /* Assets.xcassets in Resources */,
				3D3255182110693900E593F1 /* coretext-image-2.jpg in Resources */,
				D529F36E1FD296B8008C67F3 /* btn_addPicture_BgImage@2x.png in Resources */,
				3D0C2A62212D55B30015D85C /* PNProfileViewController.xib in Resources */,
				3D325524211409E200E593F1 /* PNClassClustersViewController.xib in Resources */,
				D585341F1F63FE2F00F4C588 /* PNSocketController.xib in Resources */,
				236BAA10209FEA4B006BD6B9 /* PNViewButton.xib in Resources */,
				3D5F66CC212A55D200270BCD /* PNGCDViewController.xib in Resources */,
				3DDF1276211C469800AADF5C /* tmp1.txt in Resources */,
				D5AAC5D51FC915C200A9BD86 /* PICrazyButton.xib in Resources */,
				D5B7C24B1F611501001FA29C /* Main.storyboard in Resources */,
				3D32552821140A9800E593F1 /* PNFundationController.xib in Resources */,
				3D3255122110484800E593F1 /* content.json in Resources */,
				236BAA15209FEC81006BD6B9 /* PNEmptyButton.xib in Resources */,
				D529F36F1FD296B8008C67F3 /* backRed@3x.png in Resources */,
				3DCAC87721787F1E0096B75F /* PNFromViewController.xib in Resources */,
				D5BAD02C1FAD6F9E0098D8DF /* PNKitViewController.xib in Resources */,
				D529F36A1FD296B8008C67F3 /* backRed@2x.png in Resources */,
				3D3255192110693900E593F1 /* coretext-image-1.jpg in Resources */,
				D529F36D1FD296B8008C67F3 /* action-remove@2x.png in Resources */,
				3D0C2A60212D558D0015D85C /* PNDataStructureController.xib in Resources */,
			);
			runOnlyForDeploymentPostprocessing = 0;
		};
		D5B7C2541F611501001FA29C /* Resources */ = {
			isa = PBXResourcesBuildPhase;
			buildActionMask = 2147483647;
			files = (
			);
			runOnlyForDeploymentPostprocessing = 0;
		};
		D5B7C25F1F611501001FA29C /* Resources */ = {
			isa = PBXResourcesBuildPhase;
			buildActionMask = 2147483647;
			files = (
			);
			runOnlyForDeploymentPostprocessing = 0;
		};
/* End PBXResourcesBuildPhase section */

/* Begin PBXShellScriptBuildPhase section */
		3BBF728D4E18176E59337019 /* [CP] Embed Pods Frameworks */ = {
			isa = PBXShellScriptBuildPhase;
			buildActionMask = 2147483647;
			files = (
			);
			inputPaths = (
				"${SRCROOT}/Pods/Target Support Files/Pods-Penn/Pods-Penn-frameworks.sh",
				"${BUILT_PRODUCTS_DIR}/AFNetworking/AFNetworking.framework",
				"${BUILT_PRODUCTS_DIR}/DSAlert-OC/DSAlert_OC.framework",
				"${BUILT_PRODUCTS_DIR}/FBRetainCycleDetector/FBRetainCycleDetector.framework",
				"${BUILT_PRODUCTS_DIR}/FDFullscreenPopGesture/FDFullscreenPopGesture.framework",
				"${BUILT_PRODUCTS_DIR}/MBProgressHUD/MBProgressHUD.framework",
				"${BUILT_PRODUCTS_DIR}/MJExtension/MJExtension.framework",
				"${BUILT_PRODUCTS_DIR}/Masonry/Masonry.framework",
				"${BUILT_PRODUCTS_DIR}/SDWebImage/SDWebImage.framework",
				"${BUILT_PRODUCTS_DIR}/Toast/Toast.framework",
				"${BUILT_PRODUCTS_DIR}/YYKit/YYKit.framework",
				"${BUILT_PRODUCTS_DIR}/pop/pop.framework",
			);
			name = "[CP] Embed Pods Frameworks";
			outputPaths = (
				"${TARGET_BUILD_DIR}/${FRAMEWORKS_FOLDER_PATH}/AFNetworking.framework",
				"${TARGET_BUILD_DIR}/${FRAMEWORKS_FOLDER_PATH}/DSAlert_OC.framework",
				"${TARGET_BUILD_DIR}/${FRAMEWORKS_FOLDER_PATH}/FBRetainCycleDetector.framework",
				"${TARGET_BUILD_DIR}/${FRAMEWORKS_FOLDER_PATH}/FDFullscreenPopGesture.framework",
				"${TARGET_BUILD_DIR}/${FRAMEWORKS_FOLDER_PATH}/MBProgressHUD.framework",
				"${TARGET_BUILD_DIR}/${FRAMEWORKS_FOLDER_PATH}/MJExtension.framework",
				"${TARGET_BUILD_DIR}/${FRAMEWORKS_FOLDER_PATH}/Masonry.framework",
				"${TARGET_BUILD_DIR}/${FRAMEWORKS_FOLDER_PATH}/SDWebImage.framework",
				"${TARGET_BUILD_DIR}/${FRAMEWORKS_FOLDER_PATH}/Toast.framework",
				"${TARGET_BUILD_DIR}/${FRAMEWORKS_FOLDER_PATH}/YYKit.framework",
				"${TARGET_BUILD_DIR}/${FRAMEWORKS_FOLDER_PATH}/pop.framework",
			);
			runOnlyForDeploymentPostprocessing = 0;
			shellPath = /bin/sh;
			shellScript = "\"${SRCROOT}/Pods/Target Support Files/Pods-Penn/Pods-Penn-frameworks.sh\"\n";
			showEnvVarsInLog = 0;
		};
		F277577C4ECF3D9A435F0DC2 /* [CP] Check Pods Manifest.lock */ = {
			isa = PBXShellScriptBuildPhase;
			buildActionMask = 2147483647;
			files = (
			);
			inputPaths = (
				"${PODS_PODFILE_DIR_PATH}/Podfile.lock",
				"${PODS_ROOT}/Manifest.lock",
			);
			name = "[CP] Check Pods Manifest.lock";
			outputPaths = (
				"$(DERIVED_FILE_DIR)/Pods-Penn-checkManifestLockResult.txt",
			);
			runOnlyForDeploymentPostprocessing = 0;
			shellPath = /bin/sh;
			shellScript = "diff \"${PODS_PODFILE_DIR_PATH}/Podfile.lock\" \"${PODS_ROOT}/Manifest.lock\" > /dev/null\nif [ $? != 0 ] ; then\n    # print error to STDERR\n    echo \"error: The sandbox is not in sync with the Podfile.lock. Run 'pod install' or update your CocoaPods installation.\" >&2\n    exit 1\nfi\n# This output is used by Xcode 'outputs' to avoid re-running this script phase.\necho \"SUCCESS\" > \"${SCRIPT_OUTPUT_FILE_0}\"\n";
			showEnvVarsInLog = 0;
		};
/* End PBXShellScriptBuildPhase section */

/* Begin PBXSourcesBuildPhase section */
		D5B7C2391F611501001FA29C /* Sources */ = {
			isa = PBXSourcesBuildPhase;
			buildActionMask = 2147483647;
			files = (
				3DF2F8EB2179B43100BDE143 /* PNContainerViewController.m in Sources */,
				3D15B23A21F571CD002BA785 /* UITextView+PNAdd.m in Sources */,
				3D17593B2101B3520027C7DB /* PNMsgForward.m in Sources */,
				D529F3731FD29B50008C67F3 /* BaseModel.m in Sources */,
				BCD36667219825F900AF9D5F /* PNContainerTransitionContext.m in Sources */,
				3D1709AC20F4ABD5009DA2AA /* MBProgressHUD+LMJ.m in Sources */,
				D58534221F63FF6800F4C588 /* PNHomeViewController.m in Sources */,
				D5AAC5801FC8030300A9BD86 /* PNProfileViewController.m in Sources */,
				D5BAD02F1FAD704E0098D8DF /* BaseViewController.m in Sources */,
				3D01E9AE221D07D0002AB423 /* PNOperationController.m in Sources */,
				3D07D4E9217DCB5100AE9FA1 /* PNSlideBackViewController.m in Sources */,
				BCD5FDC2216F9E4000EBF1E5 /* PNRouter.m in Sources */,
				BCC68F1A20B2B8E000EE9334 /* PNTask.m in Sources */,
				3DFB089420E2133700DC22BC /* PNFillTextView.m in Sources */,
				3D0D39FF22241C8B0007057E /* PNImgViewCell.m in Sources */,
				3DD989A921743B6900195541 /* PNAnimatedTransitioning.m in Sources */,
				D5BAD01B1FAD63980098D8DF /* PNButton.m in Sources */,
				3D75D9A7210EFA940069D46D /* PNCTFrameParserConfig.m in Sources */,
				D5AAC5851FC8112500A9BD86 /* PNSwiftViewController.swift in Sources */,
				3D75D9AA210EFAC70069D46D /* PNCTFrameParser.m in Sources */,
				3DF2F8E52178918200BDE143 /* PNViewControllers.m in Sources */,
				3D40665820E48D8C00BA740C /* PNFillModel.m in Sources */,
				BC05683E20A41382009FB674 /* PNSon.m in Sources */,
				236BAA0E209FE9B5006BD6B9 /* PNViewButton.m in Sources */,
				BC5AF360218F33C6008743E3 /* PNPercentDrivenInteractiveTransition.m in Sources */,
				BCF77CD620B55A7E00BA34CD /* NSMutableArray+PNAddE.m in Sources */,
				D5BAD02B1FAD6F9E0098D8DF /* PNKitViewController.m in Sources */,
				3DD989A621742DF800195541 /* PNNavigationDelegate.m in Sources */,
				D594E31A1FB69A3D00255114 /* PNFundationController.m in Sources */,
				3D01E9AB221CF178002AB423 /* PNThreadViewController.m in Sources */,
				3D4E27572105CE0D0013152D /* PNAutoDictionary.m in Sources */,
				D5B7C2481F611501001FA29C /* ViewController.m in Sources */,
				D5AAC55A1FC7EAA700A9BD86 /* PNCrazyButton.m in Sources */,
				3D01E9B1221D3FCB002AB423 /* PNRunLoopController.m in Sources */,
				3D15B23421F56D28002BA785 /* NSString+PNAdd.m in Sources */,
				3DC6339721B90F5A00B066C9 /* UINavigationController+Add.m in Sources */,
				3D32551C21118C8400E593F1 /* PNCTLinkData.m in Sources */,
				3D0C2A5F212D558D0015D85C /* PNDataStructureController.m in Sources */,
				BC05683B20A41349009FB674 /* PNParent.m in Sources */,
				BC05683820A4132C009FB674 /* PNGrandparent.m in Sources */,
				BCD3666A21982A8900AF9D5F /* PNUpTabViewController.m in Sources */,
				3DFB089720E2139C00DC22BC /* PNTextViewController.m in Sources */,
				3DCAC87621787F1E0096B75F /* PNFromViewController.m in Sources */,
				BCD5FDC5216F9F8400EBF1E5 /* PNMLZListController.m in Sources */,
				3D325523211409E200E593F1 /* PNClassClustersViewController.m in Sources */,
				3D3E6C01210071D300C7573B /* PNRuntimeController.m in Sources */,
				236BAA13209FEC77006BD6B9 /* PNEmptyButton.m in Sources */,
				D5B7C2451F611501001FA29C /* AppDelegate.m in Sources */,
				3D32551F21118E7D00E593F1 /* PNCTUtils.m in Sources */,
				D5AAC57C1FC8029200A9BD86 /* BaseTabBarController.m in Sources */,
				3D15B23721F56D3F002BA785 /* UIView+PNAdd.m in Sources */,
				3D4ED2F1210B3B2E00A5D060 /* PNCTDisplayView.m in Sources */,
				BCD5FDC8216F9F9A00EBF1E5 /* PNMLZDetailController.m in Sources */,
				3D75D9A4210EFA400069D46D /* PNCoreTextData.m in Sources */,
				D5AAC5751FC7F17D00A9BD86 /* PICrazyButton.swift in Sources */,
				3DCAC8722178353F0096B75F /* PNTransitioningDelegate.m in Sources */,
				3DF2F8DF217885CE00BDE143 /* PNTabBarControllerDelegate.m in Sources */,
				3DC6339A21B90FAB00B066C9 /* UIView+Corner.m in Sources */,
				BCF77CCA20B510C500BA34CD /* UILabel+PNAdd.m in Sources */,
				BCF77CD920B55A9C00BA34CD /* NSObject+PNAdd.m in Sources */,
				3D4ED2FB210B3DCF00A5D060 /* PNCoreTextViewController.m in Sources */,
				D585341E1F63FE2F00F4C588 /* PNSocketController.m in Sources */,
				3D1759412101B71E0027C7DB /* PNDynamicMethod.m in Sources */,
				3D3F97382178822F006114F7 /* PNToViewController.m in Sources */,
				3DF2F8EE2179C31400BDE143 /* PNChildViewController.m in Sources */,
				D5B7C2421F611501001FA29C /* main.m in Sources */,
				BCF77CC720B510B000BA34CD /* UIViewController+PNAdd.m in Sources */,
				3DDF126E211820D400AADF5C /* PNMemManController.m in Sources */,
				3D1709AD20F4ABD5009DA2AA /* MBProgressHUD+MP.m in Sources */,
				BC63E013217C65000069BB58 /* PNContainerDelegate.m in Sources */,
				3DDF1271211C3FFF00AADF5C /* PNWaterModel.m in Sources */,
				3DF2F8E221788EF300BDE143 /* PNTabBarController.m in Sources */,
				D5AAC5DA1FC9449900A9BD86 /* PNFuncController.m in Sources */,
				D5AAC5831FC8039C00A9BD86 /* BaseNavigationController.m in Sources */,
				3D3255152110653700E593F1 /* PNCTImageData.m in Sources */,
				3D5F66CB212A55D200270BCD /* PNGCDViewController.m in Sources */,
				3D817A3E2121644A00967D77 /* PNBlockViewController.m in Sources */,
				D5AAC58A1FC8130D00A9BD86 /* UIButton+Addition.m in Sources */,
			);
			runOnlyForDeploymentPostprocessing = 0;
		};
		D5B7C2521F611501001FA29C /* Sources */ = {
			isa = PBXSourcesBuildPhase;
			buildActionMask = 2147483647;
			files = (
				D5B7C25B1F611501001FA29C /* PennTests.m in Sources */,
			);
			runOnlyForDeploymentPostprocessing = 0;
		};
		D5B7C25D1F611501001FA29C /* Sources */ = {
			isa = PBXSourcesBuildPhase;
			buildActionMask = 2147483647;
			files = (
				D5B7C2661F611501001FA29C /* PennUITests.m in Sources */,
			);
			runOnlyForDeploymentPostprocessing = 0;
		};
/* End PBXSourcesBuildPhase section */

/* Begin PBXTargetDependency section */
		D5B7C2581F611501001FA29C /* PBXTargetDependency */ = {
			isa = PBXTargetDependency;
			target = D5B7C23C1F611501001FA29C /* Penn */;
			targetProxy = D5B7C2571F611501001FA29C /* PBXContainerItemProxy */;
		};
		D5B7C2631F611501001FA29C /* PBXTargetDependency */ = {
			isa = PBXTargetDependency;
			target = D5B7C23C1F611501001FA29C /* Penn */;
			targetProxy = D5B7C2621F611501001FA29C /* PBXContainerItemProxy */;
		};
/* End PBXTargetDependency section */

/* Begin PBXVariantGroup section */
		D5B7C2491F611501001FA29C /* Main.storyboard */ = {
			isa = PBXVariantGroup;
			children = (
				D5B7C24A1F611501001FA29C /* Base */,
			);
			name = Main.storyboard;
			sourceTree = "<group>";
		};
		D5B7C24E1F611501001FA29C /* LaunchScreen.storyboard */ = {
			isa = PBXVariantGroup;
			children = (
				D5B7C24F1F611501001FA29C /* Base */,
			);
			name = LaunchScreen.storyboard;
			sourceTree = "<group>";
		};
/* End PBXVariantGroup section */

/* Begin XCBuildConfiguration section */
		D5B7C2681F611501001FA29C /* Debug */ = {
			isa = XCBuildConfiguration;
			buildSettings = {
				ALWAYS_SEARCH_USER_PATHS = NO;
				CLANG_ANALYZER_NONNULL = YES;
				CLANG_ANALYZER_NUMBER_OBJECT_CONVERSION = YES_AGGRESSIVE;
				CLANG_CXX_LANGUAGE_STANDARD = "gnu++0x";
				CLANG_CXX_LIBRARY = "libc++";
				CLANG_ENABLE_MODULES = YES;
				CLANG_ENABLE_OBJC_ARC = YES;
				CLANG_WARN_BLOCK_CAPTURE_AUTORELEASING = YES;
				CLANG_WARN_BOOL_CONVERSION = YES;
				CLANG_WARN_COMMA = YES;
				CLANG_WARN_CONSTANT_CONVERSION = YES;
				CLANG_WARN_DIRECT_OBJC_ISA_USAGE = YES_ERROR;
				CLANG_WARN_DOCUMENTATION_COMMENTS = YES;
				CLANG_WARN_EMPTY_BODY = YES;
				CLANG_WARN_ENUM_CONVERSION = YES;
				CLANG_WARN_INFINITE_RECURSION = YES;
				CLANG_WARN_INT_CONVERSION = YES;
				CLANG_WARN_NON_LITERAL_NULL_CONVERSION = YES;
				CLANG_WARN_OBJC_LITERAL_CONVERSION = YES;
				CLANG_WARN_OBJC_ROOT_CLASS = YES_ERROR;
				CLANG_WARN_RANGE_LOOP_ANALYSIS = YES;
				CLANG_WARN_STRICT_PROTOTYPES = YES;
				CLANG_WARN_SUSPICIOUS_MOVE = YES;
				CLANG_WARN_UNREACHABLE_CODE = YES;
				CLANG_WARN__DUPLICATE_METHOD_MATCH = YES;
				"CODE_SIGN_IDENTITY[sdk=iphoneos*]" = "iPhone Developer";
				COPY_PHASE_STRIP = NO;
				DEBUG_INFORMATION_FORMAT = dwarf;
				DEFINES_MODULE = YES;
				ENABLE_STRICT_OBJC_MSGSEND = YES;
				ENABLE_TESTABILITY = YES;
				GCC_C_LANGUAGE_STANDARD = gnu99;
				GCC_DYNAMIC_NO_PIC = NO;
				GCC_NO_COMMON_BLOCKS = YES;
				GCC_OPTIMIZATION_LEVEL = 0;
				GCC_PREPROCESSOR_DEFINITIONS = (
					"DEBUG=1",
					"$(inherited)",
				);
				GCC_WARN_64_TO_32_BIT_CONVERSION = YES;
				GCC_WARN_ABOUT_RETURN_TYPE = YES_ERROR;
				GCC_WARN_UNDECLARED_SELECTOR = YES;
				GCC_WARN_UNINITIALIZED_AUTOS = YES_AGGRESSIVE;
				GCC_WARN_UNUSED_FUNCTION = YES;
				GCC_WARN_UNUSED_VARIABLE = YES;
				IPHONEOS_DEPLOYMENT_TARGET = 10.0;
				MTL_ENABLE_DEBUG_INFO = YES;
				ONLY_ACTIVE_ARCH = YES;
				PRODUCT_MODULE_NAME = Penn;
				SDKROOT = iphoneos;
				TARGETED_DEVICE_FAMILY = "1,2";
			};
			name = Debug;
		};
		D5B7C2691F611501001FA29C /* Release */ = {
			isa = XCBuildConfiguration;
			buildSettings = {
				ALWAYS_SEARCH_USER_PATHS = NO;
				CLANG_ANALYZER_NONNULL = YES;
				CLANG_ANALYZER_NUMBER_OBJECT_CONVERSION = YES_AGGRESSIVE;
				CLANG_CXX_LANGUAGE_STANDARD = "gnu++0x";
				CLANG_CXX_LIBRARY = "libc++";
				CLANG_ENABLE_MODULES = YES;
				CLANG_ENABLE_OBJC_ARC = YES;
				CLANG_WARN_BLOCK_CAPTURE_AUTORELEASING = YES;
				CLANG_WARN_BOOL_CONVERSION = YES;
				CLANG_WARN_COMMA = YES;
				CLANG_WARN_CONSTANT_CONVERSION = YES;
				CLANG_WARN_DIRECT_OBJC_ISA_USAGE = YES_ERROR;
				CLANG_WARN_DOCUMENTATION_COMMENTS = YES;
				CLANG_WARN_EMPTY_BODY = YES;
				CLANG_WARN_ENUM_CONVERSION = YES;
				CLANG_WARN_INFINITE_RECURSION = YES;
				CLANG_WARN_INT_CONVERSION = YES;
				CLANG_WARN_NON_LITERAL_NULL_CONVERSION = YES;
				CLANG_WARN_OBJC_LITERAL_CONVERSION = YES;
				CLANG_WARN_OBJC_ROOT_CLASS = YES_ERROR;
				CLANG_WARN_RANGE_LOOP_ANALYSIS = YES;
				CLANG_WARN_STRICT_PROTOTYPES = YES;
				CLANG_WARN_SUSPICIOUS_MOVE = YES;
				CLANG_WARN_UNREACHABLE_CODE = YES;
				CLANG_WARN__DUPLICATE_METHOD_MATCH = YES;
				"CODE_SIGN_IDENTITY[sdk=iphoneos*]" = "iPhone Developer";
				COPY_PHASE_STRIP = NO;
				DEBUG_INFORMATION_FORMAT = "dwarf-with-dsym";
				DEFINES_MODULE = YES;
				ENABLE_NS_ASSERTIONS = NO;
				ENABLE_STRICT_OBJC_MSGSEND = YES;
				GCC_C_LANGUAGE_STANDARD = gnu99;
				GCC_NO_COMMON_BLOCKS = YES;
				GCC_WARN_64_TO_32_BIT_CONVERSION = YES;
				GCC_WARN_ABOUT_RETURN_TYPE = YES_ERROR;
				GCC_WARN_UNDECLARED_SELECTOR = YES;
				GCC_WARN_UNINITIALIZED_AUTOS = YES_AGGRESSIVE;
				GCC_WARN_UNUSED_FUNCTION = YES;
				GCC_WARN_UNUSED_VARIABLE = YES;
				IPHONEOS_DEPLOYMENT_TARGET = 10.0;
				MTL_ENABLE_DEBUG_INFO = NO;
				PRODUCT_MODULE_NAME = Penn;
				SDKROOT = iphoneos;
				TARGETED_DEVICE_FAMILY = "1,2";
				VALIDATE_PRODUCT = YES;
			};
			name = Release;
		};
		D5B7C26B1F611501001FA29C /* Debug */ = {
			isa = XCBuildConfiguration;
			baseConfigurationReference = 971DC9A86F7BC0CD644EE23A /* Pods-Penn.debug.xcconfig */;
			buildSettings = {
				ASSETCATALOG_COMPILER_APPICON_NAME = AppIcon;
				CLANG_ENABLE_MODULES = YES;
				DEFINES_MODULE = YES;
				DEVELOPMENT_TEAM = 8K5FMWVMXX;
				GCC_PRECOMPILE_PREFIX_HEADER = YES;
				GCC_PREFIX_HEADER = "$(SRCROOT)/Penn.pch";
				INFOPLIST_FILE = Penn/Info.plist;
				LD_RUNPATH_SEARCH_PATHS = "$(inherited) @executable_path/Frameworks";
				PRODUCT_BUNDLE_IDENTIFIER = com.penn.Penn;
				PRODUCT_NAME = "$(TARGET_NAME)";
				SWIFT_OBJC_BRIDGING_HEADER = "Penn/Penn-Bridging-Header.h";
				SWIFT_OPTIMIZATION_LEVEL = "-Onone";
				SWIFT_VERSION = 3.0;
				TARGETED_DEVICE_FAMILY = "1,2";
			};
			name = Debug;
		};
		D5B7C26C1F611501001FA29C /* Release */ = {
			isa = XCBuildConfiguration;
			baseConfigurationReference = 4A58AB53F3ACAE3BE3C87FB3 /* Pods-Penn.release.xcconfig */;
			buildSettings = {
				ASSETCATALOG_COMPILER_APPICON_NAME = AppIcon;
				CLANG_ENABLE_MODULES = YES;
				DEFINES_MODULE = YES;
				DEVELOPMENT_TEAM = 8K5FMWVMXX;
				GCC_PRECOMPILE_PREFIX_HEADER = YES;
				GCC_PREFIX_HEADER = "$(SRCROOT)/Penn.pch";
				INFOPLIST_FILE = Penn/Info.plist;
				LD_RUNPATH_SEARCH_PATHS = "$(inherited) @executable_path/Frameworks";
				PRODUCT_BUNDLE_IDENTIFIER = com.penn.Penn;
				PRODUCT_NAME = "$(TARGET_NAME)";
				SWIFT_OBJC_BRIDGING_HEADER = "Penn/Penn-Bridging-Header.h";
				SWIFT_VERSION = 3.0;
				TARGETED_DEVICE_FAMILY = "1,2";
			};
			name = Release;
		};
		D5B7C26E1F611501001FA29C /* Debug */ = {
			isa = XCBuildConfiguration;
			buildSettings = {
				ALWAYS_EMBED_SWIFT_STANDARD_LIBRARIES = YES;
				BUNDLE_LOADER = "$(TEST_HOST)";
				DEVELOPMENT_TEAM = 4B2WMR5XE5;
				INFOPLIST_FILE = PennTests/Info.plist;
				LD_RUNPATH_SEARCH_PATHS = "$(inherited) @executable_path/Frameworks @loader_path/Frameworks";
				PRODUCT_BUNDLE_IDENTIFIER = com.penn.PennTests;
				PRODUCT_NAME = "$(TARGET_NAME)";
				TEST_HOST = "$(BUILT_PRODUCTS_DIR)/Penn.app/Penn";
			};
			name = Debug;
		};
		D5B7C26F1F611501001FA29C /* Release */ = {
			isa = XCBuildConfiguration;
			buildSettings = {
				ALWAYS_EMBED_SWIFT_STANDARD_LIBRARIES = YES;
				BUNDLE_LOADER = "$(TEST_HOST)";
				DEVELOPMENT_TEAM = 4B2WMR5XE5;
				INFOPLIST_FILE = PennTests/Info.plist;
				LD_RUNPATH_SEARCH_PATHS = "$(inherited) @executable_path/Frameworks @loader_path/Frameworks";
				PRODUCT_BUNDLE_IDENTIFIER = com.penn.PennTests;
				PRODUCT_NAME = "$(TARGET_NAME)";
				TEST_HOST = "$(BUILT_PRODUCTS_DIR)/Penn.app/Penn";
			};
			name = Release;
		};
		D5B7C2711F611501001FA29C /* Debug */ = {
			isa = XCBuildConfiguration;
			buildSettings = {
				ALWAYS_EMBED_SWIFT_STANDARD_LIBRARIES = YES;
				DEVELOPMENT_TEAM = 4B2WMR5XE5;
				INFOPLIST_FILE = PennUITests/Info.plist;
				LD_RUNPATH_SEARCH_PATHS = "$(inherited) @executable_path/Frameworks @loader_path/Frameworks";
				PRODUCT_BUNDLE_IDENTIFIER = com.penn.PennUITests;
				PRODUCT_NAME = "$(TARGET_NAME)";
				TEST_TARGET_NAME = Penn;
			};
			name = Debug;
		};
		D5B7C2721F611501001FA29C /* Release */ = {
			isa = XCBuildConfiguration;
			buildSettings = {
				ALWAYS_EMBED_SWIFT_STANDARD_LIBRARIES = YES;
				DEVELOPMENT_TEAM = 4B2WMR5XE5;
				INFOPLIST_FILE = PennUITests/Info.plist;
				LD_RUNPATH_SEARCH_PATHS = "$(inherited) @executable_path/Frameworks @loader_path/Frameworks";
				PRODUCT_BUNDLE_IDENTIFIER = com.penn.PennUITests;
				PRODUCT_NAME = "$(TARGET_NAME)";
				TEST_TARGET_NAME = Penn;
			};
			name = Release;
		};
/* End XCBuildConfiguration section */

/* Begin XCConfigurationList section */
		D5B7C2381F611501001FA29C /* Build configuration list for PBXProject "Penn" */ = {
			isa = XCConfigurationList;
			buildConfigurations = (
				D5B7C2681F611501001FA29C /* Debug */,
				D5B7C2691F611501001FA29C /* Release */,
			);
			defaultConfigurationIsVisible = 0;
			defaultConfigurationName = Release;
		};
		D5B7C26A1F611501001FA29C /* Build configuration list for PBXNativeTarget "Penn" */ = {
			isa = XCConfigurationList;
			buildConfigurations = (
				D5B7C26B1F611501001FA29C /* Debug */,
				D5B7C26C1F611501001FA29C /* Release */,
			);
			defaultConfigurationIsVisible = 0;
			defaultConfigurationName = Release;
		};
		D5B7C26D1F611501001FA29C /* Build configuration list for PBXNativeTarget "PennTests" */ = {
			isa = XCConfigurationList;
			buildConfigurations = (
				D5B7C26E1F611501001FA29C /* Debug */,
				D5B7C26F1F611501001FA29C /* Release */,
			);
			defaultConfigurationIsVisible = 0;
			defaultConfigurationName = Release;
		};
		D5B7C2701F611501001FA29C /* Build configuration list for PBXNativeTarget "PennUITests" */ = {
			isa = XCConfigurationList;
			buildConfigurations = (
				D5B7C2711F611501001FA29C /* Debug */,
				D5B7C2721F611501001FA29C /* Release */,
			);
			defaultConfigurationIsVisible = 0;
			defaultConfigurationName = Release;
		};
/* End XCConfigurationList section */
	};
	rootObject = D5B7C2351F611501001FA29C /* Project object */;
}
