// !$*UTF8*$!
{
	archiveVersion = 1;
	classes = {
	};
	objectVersion = 46;
	objects = {

/* Begin PBXBuildFile section */
		236BAA0E209FE9B5006BD6B9 /* PNViewButton.m in Sources */ = {isa = PBXBuildFile; fileRef = 236BAA0D209FE9B5006BD6B9 /* PNViewButton.m */; };
		236BAA10209FEA4B006BD6B9 /* PNViewButton.xib in Resources */ = {isa = PBXBuildFile; fileRef = 236BAA0F209FEA4B006BD6B9 /* PNViewButton.xib */; };
		236BAA13209FEC77006BD6B9 /* PNEmptyButton.m in Sources */ = {isa = PBXBuildFile; fileRef = 236BAA12209FEC77006BD6B9 /* PNEmptyButton.m */; };
		236BAA15209FEC81006BD6B9 /* PNEmptyButton.xib in Resources */ = {isa = PBXBuildFile; fileRef = 236BAA14209FEC81006BD6B9 /* PNEmptyButton.xib */; };
		3D1709AC20F4ABD5009DA2AA /* MBProgressHUD+LMJ.m in Sources */ = {isa = PBXBuildFile; fileRef = 3D1709A820F4ABD4009DA2AA /* MBProgressHUD+LMJ.m */; };
		3D1709AD20F4ABD5009DA2AA /* MBProgressHUD+MP.m in Sources */ = {isa = PBXBuildFile; fileRef = 3D1709A920F4ABD4009DA2AA /* MBProgressHUD+MP.m */; };
		3D17593B2101B3520027C7DB /* PNMsgForward.m in Sources */ = {isa = PBXBuildFile; fileRef = 3D17593A2101B3520027C7DB /* PNMsgForward.m */; };
		3D17593E2101B3D40027C7DB /* PNMsgForward+PNAdd.m in Sources */ = {isa = PBXBuildFile; fileRef = 3D17593D2101B3D40027C7DB /* PNMsgForward+PNAdd.m */; };
		3D1759412101B71E0027C7DB /* PNDynamicMethod.m in Sources */ = {isa = PBXBuildFile; fileRef = 3D1759402101B71E0027C7DB /* PNDynamicMethod.m */; };
		3D1759442101B74F0027C7DB /* PNDynamicMethod+PNAdd.m in Sources */ = {isa = PBXBuildFile; fileRef = 3D1759432101B74F0027C7DB /* PNDynamicMethod+PNAdd.m */; };
		3D3E6C01210071D300C7573B /* PNRuntimeController.m in Sources */ = {isa = PBXBuildFile; fileRef = 3D3E6BFF210071D300C7573B /* PNRuntimeController.m */; };
		3D3E6C02210071D300C7573B /* PNRuntimeController.xib in Resources */ = {isa = PBXBuildFile; fileRef = 3D3E6C00210071D300C7573B /* PNRuntimeController.xib */; };
		3D40665820E48D8C00BA740C /* PNFillModel.m in Sources */ = {isa = PBXBuildFile; fileRef = 3D40665720E48D8C00BA740C /* PNFillModel.m */; };
		3DFB089420E2133700DC22BC /* PNFillTextView.m in Sources */ = {isa = PBXBuildFile; fileRef = 3DFB089320E2133700DC22BC /* PNFillTextView.m */; };
		3DFB089720E2139C00DC22BC /* PNTextViewController.m in Sources */ = {isa = PBXBuildFile; fileRef = 3DFB089620E2139C00DC22BC /* PNTextViewController.m */; };
		AFA3269A0284ADD10DACE575 /* Pods_Penn.framework in Frameworks */ = {isa = PBXBuildFile; fileRef = 64E2548721EB82E0044BD24E /* Pods_Penn.framework */; };
		BC034F1420A59F05001117ED /* PNGrandparent+PNAdd.m in Sources */ = {isa = PBXBuildFile; fileRef = BC034F1320A59F05001117ED /* PNGrandparent+PNAdd.m */; };
		BC05683820A4132C009FB674 /* PNGrandparent.m in Sources */ = {isa = PBXBuildFile; fileRef = BC05683720A4132C009FB674 /* PNGrandparent.m */; };
		BC05683B20A41349009FB674 /* PNParent.m in Sources */ = {isa = PBXBuildFile; fileRef = BC05683A20A41349009FB674 /* PNParent.m */; };
		BC05683E20A41382009FB674 /* PNSon.m in Sources */ = {isa = PBXBuildFile; fileRef = BC05683D20A41382009FB674 /* PNSon.m */; };
		BC3E3CED20AAC86600D0CED6 /* PNParent+PNAdd.m in Sources */ = {isa = PBXBuildFile; fileRef = BC3E3CEC20AAC86600D0CED6 /* PNParent+PNAdd.m */; };
		BCC68F1A20B2B8E000EE9334 /* PNTask.m in Sources */ = {isa = PBXBuildFile; fileRef = BCC68F1920B2B8E000EE9334 /* PNTask.m */; };
		BCF77CC720B510B000BA34CD /* UIViewController+PNAdd.m in Sources */ = {isa = PBXBuildFile; fileRef = BCF77CC620B510B000BA34CD /* UIViewController+PNAdd.m */; };
		BCF77CCA20B510C500BA34CD /* UILabel+PNAdd.m in Sources */ = {isa = PBXBuildFile; fileRef = BCF77CC920B510C500BA34CD /* UILabel+PNAdd.m */; };
		BCF77CD620B55A7E00BA34CD /* NSMutableArray+PNAddE.m in Sources */ = {isa = PBXBuildFile; fileRef = BCF77CD220B55A7E00BA34CD /* NSMutableArray+PNAddE.m */; };
		BCF77CD920B55A9C00BA34CD /* NSObject+PNAdd.m in Sources */ = {isa = PBXBuildFile; fileRef = BCF77CD820B55A9C00BA34CD /* NSObject+PNAdd.m */; };
		D529F36A1FD296B8008C67F3 /* backRed@2x.png in Resources */ = {isa = PBXBuildFile; fileRef = D529F3631FD296B7008C67F3 /* backRed@2x.png */; };
		D529F36B1FD296B8008C67F3 /* action-remove@3x.png in Resources */ = {isa = PBXBuildFile; fileRef = D529F3641FD296B7008C67F3 /* action-remove@3x.png */; };
		D529F36C1FD296B8008C67F3 /* btn_addPicture_BgImage@3x.png in Resources */ = {isa = PBXBuildFile; fileRef = D529F3651FD296B7008C67F3 /* btn_addPicture_BgImage@3x.png */; };
		D529F36D1FD296B8008C67F3 /* action-remove@2x.png in Resources */ = {isa = PBXBuildFile; fileRef = D529F3661FD296B7008C67F3 /* action-remove@2x.png */; };
		D529F36E1FD296B8008C67F3 /* btn_addPicture_BgImage@2x.png in Resources */ = {isa = PBXBuildFile; fileRef = D529F3671FD296B8008C67F3 /* btn_addPicture_BgImage@2x.png */; };
		D529F36F1FD296B8008C67F3 /* backRed@3x.png in Resources */ = {isa = PBXBuildFile; fileRef = D529F3681FD296B8008C67F3 /* backRed@3x.png */; };
		D529F3701FD296B8008C67F3 /* bottomNav-forwardEngaged@3x.png in Resources */ = {isa = PBXBuildFile; fileRef = D529F3691FD296B8008C67F3 /* bottomNav-forwardEngaged@3x.png */; };
		D529F3731FD29B50008C67F3 /* BaseModel.m in Sources */ = {isa = PBXBuildFile; fileRef = D529F3721FD29B50008C67F3 /* BaseModel.m */; };
		D585341E1F63FE2F00F4C588 /* PNSocketController.m in Sources */ = {isa = PBXBuildFile; fileRef = D585341C1F63FE2F00F4C588 /* PNSocketController.m */; };
		D585341F1F63FE2F00F4C588 /* PNSocketController.xib in Resources */ = {isa = PBXBuildFile; fileRef = D585341D1F63FE2F00F4C588 /* PNSocketController.xib */; };
		D58534221F63FF6800F4C588 /* PNHomeViewController.m in Sources */ = {isa = PBXBuildFile; fileRef = D58534211F63FF6800F4C588 /* PNHomeViewController.m */; };
		D594E31A1FB69A3D00255114 /* PNFundationController.m in Sources */ = {isa = PBXBuildFile; fileRef = D594E3191FB69A3D00255114 /* PNFundationController.m */; };
		D5AAC55A1FC7EAA700A9BD86 /* PNCrazyButton.m in Sources */ = {isa = PBXBuildFile; fileRef = D5AAC5591FC7EAA700A9BD86 /* PNCrazyButton.m */; };
		D5AAC55E1FC7EAD100A9BD86 /* PNCrazyButton.xib in Resources */ = {isa = PBXBuildFile; fileRef = D5AAC55D1FC7EAD100A9BD86 /* PNCrazyButton.xib */; };
		D5AAC5751FC7F17D00A9BD86 /* PICrazyButton.swift in Sources */ = {isa = PBXBuildFile; fileRef = D5AAC5741FC7F17D00A9BD86 /* PICrazyButton.swift */; };
		D5AAC57C1FC8029200A9BD86 /* BaseTabBarController.m in Sources */ = {isa = PBXBuildFile; fileRef = D5AAC57B1FC8029200A9BD86 /* BaseTabBarController.m */; };
		D5AAC5801FC8030300A9BD86 /* PNProfileViewController.m in Sources */ = {isa = PBXBuildFile; fileRef = D5AAC57F1FC8030300A9BD86 /* PNProfileViewController.m */; };
		D5AAC5831FC8039C00A9BD86 /* BaseNavigationController.m in Sources */ = {isa = PBXBuildFile; fileRef = D5AAC5821FC8039C00A9BD86 /* BaseNavigationController.m */; };
		D5AAC5851FC8112500A9BD86 /* PNSwiftViewController.swift in Sources */ = {isa = PBXBuildFile; fileRef = D5AAC5841FC8112500A9BD86 /* PNSwiftViewController.swift */; };
		D5AAC58A1FC8130D00A9BD86 /* UIButton+Addition.m in Sources */ = {isa = PBXBuildFile; fileRef = D5AAC5891FC8130D00A9BD86 /* UIButton+Addition.m */; };
		D5AAC5D51FC915C200A9BD86 /* PICrazyButton.xib in Resources */ = {isa = PBXBuildFile; fileRef = D5AAC5D41FC915C200A9BD86 /* PICrazyButton.xib */; };
		D5AAC5DA1FC9449900A9BD86 /* PNFuncController.m in Sources */ = {isa = PBXBuildFile; fileRef = D5AAC5D91FC9449900A9BD86 /* PNFuncController.m */; };
		D5B7C2421F611501001FA29C /* main.m in Sources */ = {isa = PBXBuildFile; fileRef = D5B7C2411F611501001FA29C /* main.m */; };
		D5B7C2451F611501001FA29C /* AppDelegate.m in Sources */ = {isa = PBXBuildFile; fileRef = D5B7C2441F611501001FA29C /* AppDelegate.m */; };
		D5B7C2481F611501001FA29C /* ViewController.m in Sources */ = {isa = PBXBuildFile; fileRef = D5B7C2471F611501001FA29C /* ViewController.m */; };
		D5B7C24B1F611501001FA29C /* Main.storyboard in Resources */ = {isa = PBXBuildFile; fileRef = D5B7C2491F611501001FA29C /* Main.storyboard */; };
		D5B7C24D1F611501001FA29C /* Assets.xcassets in Resources */ = {isa = PBXBuildFile; fileRef = D5B7C24C1F611501001FA29C /* Assets.xcassets */; };
		D5B7C2501F611501001FA29C /* LaunchScreen.storyboard in Resources */ = {isa = PBXBuildFile; fileRef = D5B7C24E1F611501001FA29C /* LaunchScreen.storyboard */; };
		D5B7C25B1F611501001FA29C /* PennTests.m in Sources */ = {isa = PBXBuildFile; fileRef = D5B7C25A1F611501001FA29C /* PennTests.m */; };
		D5B7C2661F611501001FA29C /* PennUITests.m in Sources */ = {isa = PBXBuildFile; fileRef = D5B7C2651F611501001FA29C /* PennUITests.m */; };
		D5BAD01B1FAD63980098D8DF /* PNButton.m in Sources */ = {isa = PBXBuildFile; fileRef = D5BAD01A1FAD63980098D8DF /* PNButton.m */; };
		D5BAD02B1FAD6F9E0098D8DF /* PNKitViewController.m in Sources */ = {isa = PBXBuildFile; fileRef = D5BAD0291FAD6F9E0098D8DF /* PNKitViewController.m */; };
		D5BAD02C1FAD6F9E0098D8DF /* PNKitViewController.xib in Resources */ = {isa = PBXBuildFile; fileRef = D5BAD02A1FAD6F9E0098D8DF /* PNKitViewController.xib */; };
		D5BAD02F1FAD704E0098D8DF /* BaseViewController.m in Sources */ = {isa = PBXBuildFile; fileRef = D5BAD02E1FAD704E0098D8DF /* BaseViewController.m */; };
/* End PBXBuildFile section */

/* Begin PBXContainerItemProxy section */
		D5B7C2571F611501001FA29C /* PBXContainerItemProxy */ = {
			isa = PBXContainerItemProxy;
			containerPortal = D5B7C2351F611501001FA29C /* Project object */;
			proxyType = 1;
			remoteGlobalIDString = D5B7C23C1F611501001FA29C;
			remoteInfo = Penn;
		};
		D5B7C2621F611501001FA29C /* PBXContainerItemProxy */ = {
			isa = PBXContainerItemProxy;
			containerPortal = D5B7C2351F611501001FA29C /* Project object */;
			proxyType = 1;
			remoteGlobalIDString = D5B7C23C1F611501001FA29C;
			remoteInfo = Penn;
		};
/* End PBXContainerItemProxy section */

/* Begin PBXFileReference section */
		236BAA0C209FE9B5006BD6B9 /* PNViewButton.h */ = {isa = PBXFileReference; lastKnownFileType = sourcecode.c.h; path = PNViewButton.h; sourceTree = "<group>"; };
		236BAA0D209FE9B5006BD6B9 /* PNViewButton.m */ = {isa = PBXFileReference; lastKnownFileType = sourcecode.c.objc; path = PNViewButton.m; sourceTree = "<group>"; };
		236BAA0F209FEA4B006BD6B9 /* PNViewButton.xib */ = {isa = PBXFileReference; lastKnownFileType = file.xib; path = PNViewButton.xib; sourceTree = "<group>"; };
		236BAA11209FEC77006BD6B9 /* PNEmptyButton.h */ = {isa = PBXFileReference; lastKnownFileType = sourcecode.c.h; path = PNEmptyButton.h; sourceTree = "<group>"; };
		236BAA12209FEC77006BD6B9 /* PNEmptyButton.m */ = {isa = PBXFileReference; lastKnownFileType = sourcecode.c.objc; path = PNEmptyButton.m; sourceTree = "<group>"; };
		236BAA14209FEC81006BD6B9 /* PNEmptyButton.xib */ = {isa = PBXFileReference; lastKnownFileType = file.xib; path = PNEmptyButton.xib; sourceTree = "<group>"; };
		2AAB1F823A83E0823CAEB201 /* libPods-PennTests.a */ = {isa = PBXFileReference; explicitFileType = archive.ar; includeInIndex = 0; path = "libPods-PennTests.a"; sourceTree = BUILT_PRODUCTS_DIR; };
		3D1709A820F4ABD4009DA2AA /* MBProgressHUD+LMJ.m */ = {isa = PBXFileReference; fileEncoding = 4; lastKnownFileType = sourcecode.c.objc; path = "MBProgressHUD+LMJ.m"; sourceTree = "<group>"; };
		3D1709A920F4ABD4009DA2AA /* MBProgressHUD+MP.m */ = {isa = PBXFileReference; fileEncoding = 4; lastKnownFileType = sourcecode.c.objc; path = "MBProgressHUD+MP.m"; sourceTree = "<group>"; };
		3D1709AA20F4ABD5009DA2AA /* MBProgressHUD+LMJ.h */ = {isa = PBXFileReference; fileEncoding = 4; lastKnownFileType = sourcecode.c.h; path = "MBProgressHUD+LMJ.h"; sourceTree = "<group>"; };
		3D1709AB20F4ABD5009DA2AA /* MBProgressHUD+MP.h */ = {isa = PBXFileReference; fileEncoding = 4; lastKnownFileType = sourcecode.c.h; path = "MBProgressHUD+MP.h"; sourceTree = "<group>"; };
		3D1759392101B3520027C7DB /* PNMsgForward.h */ = {isa = PBXFileReference; lastKnownFileType = sourcecode.c.h; path = PNMsgForward.h; sourceTree = "<group>"; };
		3D17593A2101B3520027C7DB /* PNMsgForward.m */ = {isa = PBXFileReference; lastKnownFileType = sourcecode.c.objc; path = PNMsgForward.m; sourceTree = "<group>"; };
		3D17593C2101B3D40027C7DB /* PNMsgForward+PNAdd.h */ = {isa = PBXFileReference; lastKnownFileType = sourcecode.c.h; path = "PNMsgForward+PNAdd.h"; sourceTree = "<group>"; };
		3D17593D2101B3D40027C7DB /* PNMsgForward+PNAdd.m */ = {isa = PBXFileReference; lastKnownFileType = sourcecode.c.objc; path = "PNMsgForward+PNAdd.m"; sourceTree = "<group>"; };
		3D17593F2101B71E0027C7DB /* PNDynamicMethod.h */ = {isa = PBXFileReference; lastKnownFileType = sourcecode.c.h; path = PNDynamicMethod.h; sourceTree = "<group>"; };
		3D1759402101B71E0027C7DB /* PNDynamicMethod.m */ = {isa = PBXFileReference; lastKnownFileType = sourcecode.c.objc; path = PNDynamicMethod.m; sourceTree = "<group>"; };
		3D1759422101B74E0027C7DB /* PNDynamicMethod+PNAdd.h */ = {isa = PBXFileReference; lastKnownFileType = sourcecode.c.h; path = "PNDynamicMethod+PNAdd.h"; sourceTree = "<group>"; };
		3D1759432101B74F0027C7DB /* PNDynamicMethod+PNAdd.m */ = {isa = PBXFileReference; lastKnownFileType = sourcecode.c.objc; path = "PNDynamicMethod+PNAdd.m"; sourceTree = "<group>"; };
		3D3E6BFE210071D300C7573B /* PNRuntimeController.h */ = {isa = PBXFileReference; lastKnownFileType = sourcecode.c.h; path = PNRuntimeController.h; sourceTree = "<group>"; };
		3D3E6BFF210071D300C7573B /* PNRuntimeController.m */ = {isa = PBXFileReference; lastKnownFileType = sourcecode.c.objc; path = PNRuntimeController.m; sourceTree = "<group>"; };
		3D3E6C00210071D300C7573B /* PNRuntimeController.xib */ = {isa = PBXFileReference; lastKnownFileType = file.xib; path = PNRuntimeController.xib; sourceTree = "<group>"; };
		3D40665620E48D8C00BA740C /* PNFillModel.h */ = {isa = PBXFileReference; lastKnownFileType = sourcecode.c.h; path = PNFillModel.h; sourceTree = "<group>"; };
		3D40665720E48D8C00BA740C /* PNFillModel.m */ = {isa = PBXFileReference; lastKnownFileType = sourcecode.c.objc; path = PNFillModel.m; sourceTree = "<group>"; };
		3DFB089220E2133700DC22BC /* PNFillTextView.h */ = {isa = PBXFileReference; lastKnownFileType = sourcecode.c.h; path = PNFillTextView.h; sourceTree = "<group>"; };
		3DFB089320E2133700DC22BC /* PNFillTextView.m */ = {isa = PBXFileReference; lastKnownFileType = sourcecode.c.objc; path = PNFillTextView.m; sourceTree = "<group>"; };
		3DFB089520E2139C00DC22BC /* PNTextViewController.h */ = {isa = PBXFileReference; lastKnownFileType = sourcecode.c.h; path = PNTextViewController.h; sourceTree = "<group>"; };
		3DFB089620E2139C00DC22BC /* PNTextViewController.m */ = {isa = PBXFileReference; lastKnownFileType = sourcecode.c.objc; path = PNTextViewController.m; sourceTree = "<group>"; };
		4A58AB53F3ACAE3BE3C87FB3 /* Pods-Penn.release.xcconfig */ = {isa = PBXFileReference; includeInIndex = 1; lastKnownFileType = text.xcconfig; name = "Pods-Penn.release.xcconfig"; path = "Pods/Target Support Files/Pods-Penn/Pods-Penn.release.xcconfig"; sourceTree = "<group>"; };
		64E2548721EB82E0044BD24E /* Pods_Penn.framework */ = {isa = PBXFileReference; explicitFileType = wrapper.framework; includeInIndex = 0; path = Pods_Penn.framework; sourceTree = BUILT_PRODUCTS_DIR; };
		971DC9A86F7BC0CD644EE23A /* Pods-Penn.debug.xcconfig */ = {isa = PBXFileReference; includeInIndex = 1; lastKnownFileType = text.xcconfig; name = "Pods-Penn.debug.xcconfig"; path = "Pods/Target Support Files/Pods-Penn/Pods-Penn.debug.xcconfig"; sourceTree = "<group>"; };
		BC034F1220A59F05001117ED /* PNGrandparent+PNAdd.h */ = {isa = PBXFileReference; lastKnownFileType = sourcecode.c.h; path = "PNGrandparent+PNAdd.h"; sourceTree = "<group>"; };
		BC034F1320A59F05001117ED /* PNGrandparent+PNAdd.m */ = {isa = PBXFileReference; lastKnownFileType = sourcecode.c.objc; path = "PNGrandparent+PNAdd.m"; sourceTree = "<group>"; };
		BC05683620A4132C009FB674 /* PNGrandparent.h */ = {isa = PBXFileReference; lastKnownFileType = sourcecode.c.h; path = PNGrandparent.h; sourceTree = "<group>"; };
		BC05683720A4132C009FB674 /* PNGrandparent.m */ = {isa = PBXFileReference; lastKnownFileType = sourcecode.c.objc; path = PNGrandparent.m; sourceTree = "<group>"; };
		BC05683920A41349009FB674 /* PNParent.h */ = {isa = PBXFileReference; lastKnownFileType = sourcecode.c.h; path = PNParent.h; sourceTree = "<group>"; };
		BC05683A20A41349009FB674 /* PNParent.m */ = {isa = PBXFileReference; lastKnownFileType = sourcecode.c.objc; path = PNParent.m; sourceTree = "<group>"; };
		BC05683C20A41382009FB674 /* PNSon.h */ = {isa = PBXFileReference; lastKnownFileType = sourcecode.c.h; path = PNSon.h; sourceTree = "<group>"; };
		BC05683D20A41382009FB674 /* PNSon.m */ = {isa = PBXFileReference; lastKnownFileType = sourcecode.c.objc; path = PNSon.m; sourceTree = "<group>"; };
		BC3E3CEB20AAC86600D0CED6 /* PNParent+PNAdd.h */ = {isa = PBXFileReference; lastKnownFileType = sourcecode.c.h; path = "PNParent+PNAdd.h"; sourceTree = "<group>"; };
		BC3E3CEC20AAC86600D0CED6 /* PNParent+PNAdd.m */ = {isa = PBXFileReference; lastKnownFileType = sourcecode.c.objc; path = "PNParent+PNAdd.m"; sourceTree = "<group>"; };
		BCC68F1820B2B8E000EE9334 /* PNTask.h */ = {isa = PBXFileReference; lastKnownFileType = sourcecode.c.h; path = PNTask.h; sourceTree = "<group>"; };
		BCC68F1920B2B8E000EE9334 /* PNTask.m */ = {isa = PBXFileReference; lastKnownFileType = sourcecode.c.objc; path = PNTask.m; sourceTree = "<group>"; };
		BCF77CC520B510AF00BA34CD /* UIViewController+PNAdd.h */ = {isa = PBXFileReference; fileEncoding = 4; lastKnownFileType = sourcecode.c.h; path = "UIViewController+PNAdd.h"; sourceTree = "<group>"; };
		BCF77CC620B510B000BA34CD /* UIViewController+PNAdd.m */ = {isa = PBXFileReference; fileEncoding = 4; lastKnownFileType = sourcecode.c.objc; path = "UIViewController+PNAdd.m"; sourceTree = "<group>"; };
		BCF77CC820B510C500BA34CD /* UILabel+PNAdd.h */ = {isa = PBXFileReference; lastKnownFileType = sourcecode.c.h; path = "UILabel+PNAdd.h"; sourceTree = "<group>"; };
		BCF77CC920B510C500BA34CD /* UILabel+PNAdd.m */ = {isa = PBXFileReference; lastKnownFileType = sourcecode.c.objc; path = "UILabel+PNAdd.m"; sourceTree = "<group>"; };
		BCF77CD220B55A7E00BA34CD /* NSMutableArray+PNAddE.m */ = {isa = PBXFileReference; fileEncoding = 4; lastKnownFileType = sourcecode.c.objc; path = "NSMutableArray+PNAddE.m"; sourceTree = "<group>"; };
		BCF77CD420B55A7E00BA34CD /* NSMutableArray+PNAddE.h */ = {isa = PBXFileReference; fileEncoding = 4; lastKnownFileType = sourcecode.c.h; path = "NSMutableArray+PNAddE.h"; sourceTree = "<group>"; };
		BCF77CD720B55A9C00BA34CD /* NSObject+PNAdd.h */ = {isa = PBXFileReference; lastKnownFileType = sourcecode.c.h; path = "NSObject+PNAdd.h"; sourceTree = "<group>"; };
		BCF77CD820B55A9C00BA34CD /* NSObject+PNAdd.m */ = {isa = PBXFileReference; lastKnownFileType = sourcecode.c.objc; path = "NSObject+PNAdd.m"; sourceTree = "<group>"; };
		C30E7A2F4D373AAEFFB11046 /* libPods-PennUITests.a */ = {isa = PBXFileReference; explicitFileType = archive.ar; includeInIndex = 0; path = "libPods-PennUITests.a"; sourceTree = BUILT_PRODUCTS_DIR; };
		D529F3631FD296B7008C67F3 /* backRed@2x.png */ = {isa = PBXFileReference; lastKnownFileType = image.png; path = "backRed@2x.png"; sourceTree = "<group>"; };
		D529F3641FD296B7008C67F3 /* action-remove@3x.png */ = {isa = PBXFileReference; lastKnownFileType = image.png; path = "action-remove@3x.png"; sourceTree = "<group>"; };
		D529F3651FD296B7008C67F3 /* btn_addPicture_BgImage@3x.png */ = {isa = PBXFileReference; lastKnownFileType = image.png; path = "btn_addPicture_BgImage@3x.png"; sourceTree = "<group>"; };
		D529F3661FD296B7008C67F3 /* action-remove@2x.png */ = {isa = PBXFileReference; lastKnownFileType = image.png; path = "action-remove@2x.png"; sourceTree = "<group>"; };
		D529F3671FD296B8008C67F3 /* btn_addPicture_BgImage@2x.png */ = {isa = PBXFileReference; lastKnownFileType = image.png; path = "btn_addPicture_BgImage@2x.png"; sourceTree = "<group>"; };
		D529F3681FD296B8008C67F3 /* backRed@3x.png */ = {isa = PBXFileReference; lastKnownFileType = image.png; path = "backRed@3x.png"; sourceTree = "<group>"; };
		D529F3691FD296B8008C67F3 /* bottomNav-forwardEngaged@3x.png */ = {isa = PBXFileReference; lastKnownFileType = image.png; path = "bottomNav-forwardEngaged@3x.png"; sourceTree = "<group>"; };
		D529F3711FD29B50008C67F3 /* BaseModel.h */ = {isa = PBXFileReference; fileEncoding = 4; lastKnownFileType = sourcecode.c.h; path = BaseModel.h; sourceTree = "<group>"; };
		D529F3721FD29B50008C67F3 /* BaseModel.m */ = {isa = PBXFileReference; fileEncoding = 4; lastKnownFileType = sourcecode.c.objc; path = BaseModel.m; sourceTree = "<group>"; };
		D585341B1F63FE2F00F4C588 /* PNSocketController.h */ = {isa = PBXFileReference; fileEncoding = 4; lastKnownFileType = sourcecode.c.h; path = PNSocketController.h; sourceTree = "<group>"; };
		D585341C1F63FE2F00F4C588 /* PNSocketController.m */ = {isa = PBXFileReference; fileEncoding = 4; lastKnownFileType = sourcecode.c.objc; path = PNSocketController.m; sourceTree = "<group>"; };
		D585341D1F63FE2F00F4C588 /* PNSocketController.xib */ = {isa = PBXFileReference; fileEncoding = 4; lastKnownFileType = file.xib; path = PNSocketController.xib; sourceTree = "<group>"; };
		D58534201F63FF6800F4C588 /* PNHomeViewController.h */ = {isa = PBXFileReference; fileEncoding = 4; lastKnownFileType = sourcecode.c.h; path = PNHomeViewController.h; sourceTree = "<group>"; };
		D58534211F63FF6800F4C588 /* PNHomeViewController.m */ = {isa = PBXFileReference; fileEncoding = 4; lastKnownFileType = sourcecode.c.objc; path = PNHomeViewController.m; sourceTree = "<group>"; };
		D594E3181FB69A3D00255114 /* PNFundationController.h */ = {isa = PBXFileReference; lastKnownFileType = sourcecode.c.h; path = PNFundationController.h; sourceTree = "<group>"; };
		D594E3191FB69A3D00255114 /* PNFundationController.m */ = {isa = PBXFileReference; lastKnownFileType = sourcecode.c.objc; path = PNFundationController.m; sourceTree = "<group>"; };
		D5AAC5581FC7EAA700A9BD86 /* PNCrazyButton.h */ = {isa = PBXFileReference; lastKnownFileType = sourcecode.c.h; path = PNCrazyButton.h; sourceTree = "<group>"; };
		D5AAC5591FC7EAA700A9BD86 /* PNCrazyButton.m */ = {isa = PBXFileReference; lastKnownFileType = sourcecode.c.objc; path = PNCrazyButton.m; sourceTree = "<group>"; };
		D5AAC55D1FC7EAD100A9BD86 /* PNCrazyButton.xib */ = {isa = PBXFileReference; lastKnownFileType = file.xib; path = PNCrazyButton.xib; sourceTree = "<group>"; };
		D5AAC5741FC7F17D00A9BD86 /* PICrazyButton.swift */ = {isa = PBXFileReference; lastKnownFileType = sourcecode.swift; path = PICrazyButton.swift; sourceTree = "<group>"; };
		D5AAC57A1FC8029200A9BD86 /* BaseTabBarController.h */ = {isa = PBXFileReference; lastKnownFileType = sourcecode.c.h; path = BaseTabBarController.h; sourceTree = "<group>"; };
		D5AAC57B1FC8029200A9BD86 /* BaseTabBarController.m */ = {isa = PBXFileReference; lastKnownFileType = sourcecode.c.objc; path = BaseTabBarController.m; sourceTree = "<group>"; };
		D5AAC57E1FC8030300A9BD86 /* PNProfileViewController.h */ = {isa = PBXFileReference; lastKnownFileType = sourcecode.c.h; path = PNProfileViewController.h; sourceTree = "<group>"; };
		D5AAC57F1FC8030300A9BD86 /* PNProfileViewController.m */ = {isa = PBXFileReference; lastKnownFileType = sourcecode.c.objc; path = PNProfileViewController.m; sourceTree = "<group>"; };
		D5AAC5811FC8039C00A9BD86 /* BaseNavigationController.h */ = {isa = PBXFileReference; lastKnownFileType = sourcecode.c.h; path = BaseNavigationController.h; sourceTree = "<group>"; };
		D5AAC5821FC8039C00A9BD86 /* BaseNavigationController.m */ = {isa = PBXFileReference; lastKnownFileType = sourcecode.c.objc; path = BaseNavigationController.m; sourceTree = "<group>"; };
		D5AAC5841FC8112500A9BD86 /* PNSwiftViewController.swift */ = {isa = PBXFileReference; lastKnownFileType = sourcecode.swift; path = PNSwiftViewController.swift; sourceTree = "<group>"; };
		D5AAC5881FC8130D00A9BD86 /* UIButton+Addition.h */ = {isa = PBXFileReference; lastKnownFileType = sourcecode.c.h; path = "UIButton+Addition.h"; sourceTree = "<group>"; };
		D5AAC5891FC8130D00A9BD86 /* UIButton+Addition.m */ = {isa = PBXFileReference; lastKnownFileType = sourcecode.c.objc; path = "UIButton+Addition.m"; sourceTree = "<group>"; };
		D5AAC5D41FC915C200A9BD86 /* PICrazyButton.xib */ = {isa = PBXFileReference; lastKnownFileType = file.xib; path = PICrazyButton.xib; sourceTree = "<group>"; };
		D5AAC5D81FC9449900A9BD86 /* PNFuncController.h */ = {isa = PBXFileReference; lastKnownFileType = sourcecode.c.h; path = PNFuncController.h; sourceTree = "<group>"; };
		D5AAC5D91FC9449900A9BD86 /* PNFuncController.m */ = {isa = PBXFileReference; lastKnownFileType = sourcecode.c.objc; path = PNFuncController.m; sourceTree = "<group>"; };
		D5B7C23D1F611501001FA29C /* Penn.app */ = {isa = PBXFileReference; explicitFileType = wrapper.application; includeInIndex = 0; path = Penn.app; sourceTree = BUILT_PRODUCTS_DIR; };
		D5B7C2411F611501001FA29C /* main.m */ = {isa = PBXFileReference; lastKnownFileType = sourcecode.c.objc; path = main.m; sourceTree = "<group>"; };
		D5B7C2431F611501001FA29C /* AppDelegate.h */ = {isa = PBXFileReference; lastKnownFileType = sourcecode.c.h; path = AppDelegate.h; sourceTree = "<group>"; };
		D5B7C2441F611501001FA29C /* AppDelegate.m */ = {isa = PBXFileReference; lastKnownFileType = sourcecode.c.objc; path = AppDelegate.m; sourceTree = "<group>"; };
		D5B7C2461F611501001FA29C /* ViewController.h */ = {isa = PBXFileReference; lastKnownFileType = sourcecode.c.h; path = ViewController.h; sourceTree = "<group>"; };
		D5B7C2471F611501001FA29C /* ViewController.m */ = {isa = PBXFileReference; lastKnownFileType = sourcecode.c.objc; path = ViewController.m; sourceTree = "<group>"; };
		D5B7C24A1F611501001FA29C /* Base */ = {isa = PBXFileReference; lastKnownFileType = file.storyboard; name = Base; path = Base.lproj/Main.storyboard; sourceTree = "<group>"; };
		D5B7C24C1F611501001FA29C /* Assets.xcassets */ = {isa = PBXFileReference; lastKnownFileType = folder.assetcatalog; path = Assets.xcassets; sourceTree = "<group>"; };
		D5B7C24F1F611501001FA29C /* Base */ = {isa = PBXFileReference; lastKnownFileType = file.storyboard; name = Base; path = Base.lproj/LaunchScreen.storyboard; sourceTree = "<group>"; };
		D5B7C2511F611501001FA29C /* Info.plist */ = {isa = PBXFileReference; lastKnownFileType = text.plist.xml; path = Info.plist; sourceTree = "<group>"; };
		D5B7C2561F611501001FA29C /* PennTests.xctest */ = {isa = PBXFileReference; explicitFileType = wrapper.cfbundle; includeInIndex = 0; path = PennTests.xctest; sourceTree = BUILT_PRODUCTS_DIR; };
		D5B7C25A1F611501001FA29C /* PennTests.m */ = {isa = PBXFileReference; lastKnownFileType = sourcecode.c.objc; path = PennTests.m; sourceTree = "<group>"; };
		D5B7C25C1F611501001FA29C /* Info.plist */ = {isa = PBXFileReference; lastKnownFileType = text.plist.xml; path = Info.plist; sourceTree = "<group>"; };
		D5B7C2611F611501001FA29C /* PennUITests.xctest */ = {isa = PBXFileReference; explicitFileType = wrapper.cfbundle; includeInIndex = 0; path = PennUITests.xctest; sourceTree = BUILT_PRODUCTS_DIR; };
		D5B7C2651F611501001FA29C /* PennUITests.m */ = {isa = PBXFileReference; lastKnownFileType = sourcecode.c.objc; path = PennUITests.m; sourceTree = "<group>"; };
		D5B7C2671F611501001FA29C /* Info.plist */ = {isa = PBXFileReference; lastKnownFileType = text.plist.xml; path = Info.plist; sourceTree = "<group>"; };
		D5B92B2C1FAFFE4100726C35 /* Penn-Bridging-Header.h */ = {isa = PBXFileReference; lastKnownFileType = sourcecode.c.h; path = "Penn-Bridging-Header.h"; sourceTree = "<group>"; };
		D5BAD0191FAD63980098D8DF /* PNButton.h */ = {isa = PBXFileReference; lastKnownFileType = sourcecode.c.h; path = PNButton.h; sourceTree = "<group>"; };
		D5BAD01A1FAD63980098D8DF /* PNButton.m */ = {isa = PBXFileReference; lastKnownFileType = sourcecode.c.objc; path = PNButton.m; sourceTree = "<group>"; };
		D5BAD0281FAD6F9E0098D8DF /* PNKitViewController.h */ = {isa = PBXFileReference; lastKnownFileType = sourcecode.c.h; path = PNKitViewController.h; sourceTree = "<group>"; };
		D5BAD0291FAD6F9E0098D8DF /* PNKitViewController.m */ = {isa = PBXFileReference; lastKnownFileType = sourcecode.c.objc; path = PNKitViewController.m; sourceTree = "<group>"; };
		D5BAD02A1FAD6F9E0098D8DF /* PNKitViewController.xib */ = {isa = PBXFileReference; lastKnownFileType = file.xib; path = PNKitViewController.xib; sourceTree = "<group>"; };
		D5BAD02D1FAD704E0098D8DF /* BaseViewController.h */ = {isa = PBXFileReference; lastKnownFileType = sourcecode.c.h; path = BaseViewController.h; sourceTree = "<group>"; };
		D5BAD02E1FAD704E0098D8DF /* BaseViewController.m */ = {isa = PBXFileReference; lastKnownFileType = sourcecode.c.objc; path = BaseViewController.m; sourceTree = "<group>"; };
		D5BAD0311FAD87630098D8DF /* Penn.pch */ = {isa = PBXFileReference; fileEncoding = 4; lastKnownFileType = sourcecode.c.h; path = Penn.pch; sourceTree = SOURCE_ROOT; };
		D5BAD0321FAD87AC0098D8DF /* Global.h */ = {isa = PBXFileReference; fileEncoding = 4; lastKnownFileType = sourcecode.c.h; path = Global.h; sourceTree = SOURCE_ROOT; };
/* End PBXFileReference section */

/* Begin PBXFrameworksBuildPhase section */
		D5B7C23A1F611501001FA29C /* Frameworks */ = {
			isa = PBXFrameworksBuildPhase;
			buildActionMask = 2147483647;
			files = (
				AFA3269A0284ADD10DACE575 /* Pods_Penn.framework in Frameworks */,
			);
			runOnlyForDeploymentPostprocessing = 0;
		};
		D5B7C2531F611501001FA29C /* Frameworks */ = {
			isa = PBXFrameworksBuildPhase;
			buildActionMask = 2147483647;
			files = (
			);
			runOnlyForDeploymentPostprocessing = 0;
		};
		D5B7C25E1F611501001FA29C /* Frameworks */ = {
			isa = PBXFrameworksBuildPhase;
			buildActionMask = 2147483647;
			files = (
			);
			runOnlyForDeploymentPostprocessing = 0;
		};
/* End PBXFrameworksBuildPhase section */

/* Begin PBXGroup section */
		98EC7010CD840C1D9E9A39AC /* Frameworks */ = {
			isa = PBXGroup;
			children = (
				2AAB1F823A83E0823CAEB201 /* libPods-PennTests.a */,
				C30E7A2F4D373AAEFFB11046 /* libPods-PennUITests.a */,
				64E2548721EB82E0044BD24E /* Pods_Penn.framework */,
			);
			name = Frameworks;
			sourceTree = "<group>";
		};
		BC034F0B20A59304001117ED /* InheritClass */ = {
			isa = PBXGroup;
			children = (
				BC05683620A4132C009FB674 /* PNGrandparent.h */,
				BC05683720A4132C009FB674 /* PNGrandparent.m */,
				BC05683920A41349009FB674 /* PNParent.h */,
				BC05683A20A41349009FB674 /* PNParent.m */,
				BC05683C20A41382009FB674 /* PNSon.h */,
				BC05683D20A41382009FB674 /* PNSon.m */,
				BC034F1220A59F05001117ED /* PNGrandparent+PNAdd.h */,
				BC034F1320A59F05001117ED /* PNGrandparent+PNAdd.m */,
				BC3E3CEB20AAC86600D0CED6 /* PNParent+PNAdd.h */,
				BC3E3CEC20AAC86600D0CED6 /* PNParent+PNAdd.m */,
			);
			path = InheritClass;
			sourceTree = "<group>";
		};
		D594E31B1FB69A4A00255114 /* PNFundation */ = {
			isa = PBXGroup;
			children = (
				D594E3181FB69A3D00255114 /* PNFundationController.h */,
				D594E3191FB69A3D00255114 /* PNFundationController.m */,
				BC034F0B20A59304001117ED /* InheritClass */,
				3D3E6BFE210071D300C7573B /* PNRuntimeController.h */,
				3D3E6BFF210071D300C7573B /* PNRuntimeController.m */,
				3D3E6C00210071D300C7573B /* PNRuntimeController.xib */,
				3D1759392101B3520027C7DB /* PNMsgForward.h */,
				3D17593A2101B3520027C7DB /* PNMsgForward.m */,
				3D17593C2101B3D40027C7DB /* PNMsgForward+PNAdd.h */,
				3D17593D2101B3D40027C7DB /* PNMsgForward+PNAdd.m */,
				3D17593F2101B71E0027C7DB /* PNDynamicMethod.h */,
				3D1759402101B71E0027C7DB /* PNDynamicMethod.m */,
				3D1759422101B74E0027C7DB /* PNDynamicMethod+PNAdd.h */,
				3D1759432101B74F0027C7DB /* PNDynamicMethod+PNAdd.m */,
			);
			path = PNFundation;
			sourceTree = "<group>";
		};
		D5AAC55F1FC7EBD200A9BD86 /* NativeImg */ = {
			isa = PBXGroup;
			children = (
				D529F3661FD296B7008C67F3 /* action-remove@2x.png */,
				D529F3641FD296B7008C67F3 /* action-remove@3x.png */,
				D529F3631FD296B7008C67F3 /* backRed@2x.png */,
				D529F3681FD296B8008C67F3 /* backRed@3x.png */,
				D529F3691FD296B8008C67F3 /* bottomNav-forwardEngaged@3x.png */,
				D529F3671FD296B8008C67F3 /* btn_addPicture_BgImage@2x.png */,
				D529F3651FD296B7008C67F3 /* btn_addPicture_BgImage@3x.png */,
			);
			name = NativeImg;
			sourceTree = "<group>";
		};
		D5AAC5761FC7F63E00A9BD86 /* View */ = {
			isa = PBXGroup;
			children = (
				D5AAC5581FC7EAA700A9BD86 /* PNCrazyButton.h */,
				D5AAC5591FC7EAA700A9BD86 /* PNCrazyButton.m */,
				D5AAC55D1FC7EAD100A9BD86 /* PNCrazyButton.xib */,
				D5AAC5741FC7F17D00A9BD86 /* PICrazyButton.swift */,
				D5AAC5D41FC915C200A9BD86 /* PICrazyButton.xib */,
				236BAA0C209FE9B5006BD6B9 /* PNViewButton.h */,
				236BAA0D209FE9B5006BD6B9 /* PNViewButton.m */,
				236BAA0F209FEA4B006BD6B9 /* PNViewButton.xib */,
				236BAA11209FEC77006BD6B9 /* PNEmptyButton.h */,
				236BAA12209FEC77006BD6B9 /* PNEmptyButton.m */,
				236BAA14209FEC81006BD6B9 /* PNEmptyButton.xib */,
				3DFB089220E2133700DC22BC /* PNFillTextView.h */,
				3DFB089320E2133700DC22BC /* PNFillTextView.m */,
			);
			path = View;
			sourceTree = "<group>";
		};
		D5AAC57D1FC802E600A9BD86 /* Profile */ = {
			isa = PBXGroup;
			children = (
				D5AAC57E1FC8030300A9BD86 /* PNProfileViewController.h */,
				D5AAC57F1FC8030300A9BD86 /* PNProfileViewController.m */,
			);
			path = Profile;
			sourceTree = "<group>";
		};
		D5B7C2341F611501001FA29C = {
			isa = PBXGroup;
			children = (
				D5B7C23F1F611501001FA29C /* Penn */,
				D5B7C2591F611501001FA29C /* PennTests */,
				D5B7C2641F611501001FA29C /* PennUITests */,
				D5B7C23E1F611501001FA29C /* Products */,
				EC8966BE9110E360ED289F5B /* Pods */,
				98EC7010CD840C1D9E9A39AC /* Frameworks */,
			);
			sourceTree = "<group>";
		};
		D5B7C23E1F611501001FA29C /* Products */ = {
			isa = PBXGroup;
			children = (
				D5B7C23D1F611501001FA29C /* Penn.app */,
				D5B7C2561F611501001FA29C /* PennTests.xctest */,
				D5B7C2611F611501001FA29C /* PennUITests.xctest */,
			);
			name = Products;
			sourceTree = "<group>";
		};
		D5B7C23F1F611501001FA29C /* Penn */ = {
			isa = PBXGroup;
			children = (
				D5BAD0251FAD663E0098D8DF /* Home */,
				D5BAD0331FADA3D10098D8DF /* PNKit */,
				D594E31B1FB69A4A00255114 /* PNFundation */,
				D5BAD0221FAD65CE0098D8DF /* Func */,
				D5AAC57D1FC802E600A9BD86 /* Profile */,
				D5BAD0261FAD66510098D8DF /* Extension */,
				D5BAD0271FAD66720098D8DF /* Main */,
				D5B7C2401F611501001FA29C /* Supporting Files */,
			);
			path = Penn;
			sourceTree = "<group>";
		};
		D5B7C2401F611501001FA29C /* Supporting Files */ = {
			isa = PBXGroup;
			children = (
				D5AAC55F1FC7EBD200A9BD86 /* NativeImg */,
				D5B92B2C1FAFFE4100726C35 /* Penn-Bridging-Header.h */,
				D5BAD0321FAD87AC0098D8DF /* Global.h */,
				D5B7C2511F611501001FA29C /* Info.plist */,
				D5B7C2411F611501001FA29C /* main.m */,
				D5BAD0311FAD87630098D8DF /* Penn.pch */,
			);
			name = "Supporting Files";
			sourceTree = "<group>";
		};
		D5B7C2591F611501001FA29C /* PennTests */ = {
			isa = PBXGroup;
			children = (
				D5B7C25A1F611501001FA29C /* PennTests.m */,
				D5B7C25C1F611501001FA29C /* Info.plist */,
			);
			path = PennTests;
			sourceTree = "<group>";
		};
		D5B7C2641F611501001FA29C /* PennUITests */ = {
			isa = PBXGroup;
			children = (
				D5B7C2651F611501001FA29C /* PennUITests.m */,
				D5B7C2671F611501001FA29C /* Info.plist */,
			);
			path = PennUITests;
			sourceTree = "<group>";
		};
		D5BAD0221FAD65CE0098D8DF /* Func */ = {
			isa = PBXGroup;
			children = (
				D585341B1F63FE2F00F4C588 /* PNSocketController.h */,
				D585341C1F63FE2F00F4C588 /* PNSocketController.m */,
				D585341D1F63FE2F00F4C588 /* PNSocketController.xib */,
				D5AAC5D81FC9449900A9BD86 /* PNFuncController.h */,
				D5AAC5D91FC9449900A9BD86 /* PNFuncController.m */,
			);
			path = Func;
			sourceTree = "<group>";
		};
		D5BAD0251FAD663E0098D8DF /* Home */ = {
			isa = PBXGroup;
			children = (
				D58534201F63FF6800F4C588 /* PNHomeViewController.h */,
				D58534211F63FF6800F4C588 /* PNHomeViewController.m */,
				D5AAC5841FC8112500A9BD86 /* PNSwiftViewController.swift */,
			);
			path = Home;
			sourceTree = "<group>";
		};
		D5BAD0261FAD66510098D8DF /* Extension */ = {
			isa = PBXGroup;
			children = (
				3D1709AA20F4ABD5009DA2AA /* MBProgressHUD+LMJ.h */,
				3D1709A820F4ABD4009DA2AA /* MBProgressHUD+LMJ.m */,
				3D1709AB20F4ABD5009DA2AA /* MBProgressHUD+MP.h */,
				3D1709A920F4ABD4009DA2AA /* MBProgressHUD+MP.m */,
				BCF77CD420B55A7E00BA34CD /* NSMutableArray+PNAddE.h */,
				BCF77CD220B55A7E00BA34CD /* NSMutableArray+PNAddE.m */,
				BCF77CC520B510AF00BA34CD /* UIViewController+PNAdd.h */,
				BCF77CC620B510B000BA34CD /* UIViewController+PNAdd.m */,
				D5BAD0191FAD63980098D8DF /* PNButton.h */,
				D5BAD01A1FAD63980098D8DF /* PNButton.m */,
				D5AAC5881FC8130D00A9BD86 /* UIButton+Addition.h */,
				D5AAC5891FC8130D00A9BD86 /* UIButton+Addition.m */,
				BCF77CC820B510C500BA34CD /* UILabel+PNAdd.h */,
				BCF77CC920B510C500BA34CD /* UILabel+PNAdd.m */,
				BCF77CD720B55A9C00BA34CD /* NSObject+PNAdd.h */,
				BCF77CD820B55A9C00BA34CD /* NSObject+PNAdd.m */,
			);
			path = Extension;
			sourceTree = "<group>";
		};
		D5BAD0271FAD66720098D8DF /* Main */ = {
			isa = PBXGroup;
			children = (
				D5BAD0301FAD70530098D8DF /* Base */,
				D5B7C2431F611501001FA29C /* AppDelegate.h */,
				D5B7C2441F611501001FA29C /* AppDelegate.m */,
				D5B7C2461F611501001FA29C /* ViewController.h */,
				D5B7C2471F611501001FA29C /* ViewController.m */,
				D5B7C2491F611501001FA29C /* Main.storyboard */,
				D5B7C24C1F611501001FA29C /* Assets.xcassets */,
				D5B7C24E1F611501001FA29C /* LaunchScreen.storyboard */,
			);
			path = Main;
			sourceTree = "<group>";
		};
		D5BAD0301FAD70530098D8DF /* Base */ = {
			isa = PBXGroup;
			children = (
				D529F3711FD29B50008C67F3 /* BaseModel.h */,
				D529F3721FD29B50008C67F3 /* BaseModel.m */,
				D5BAD02D1FAD704E0098D8DF /* BaseViewController.h */,
				D5BAD02E1FAD704E0098D8DF /* BaseViewController.m */,
				D5AAC57A1FC8029200A9BD86 /* BaseTabBarController.h */,
				D5AAC57B1FC8029200A9BD86 /* BaseTabBarController.m */,
				D5AAC5811FC8039C00A9BD86 /* BaseNavigationController.h */,
				D5AAC5821FC8039C00A9BD86 /* BaseNavigationController.m */,
			);
			path = Base;
			sourceTree = "<group>";
		};
		D5BAD0331FADA3D10098D8DF /* PNKit */ = {
			isa = PBXGroup;
			children = (
				D5AAC5761FC7F63E00A9BD86 /* View */,
				D5BAD0281FAD6F9E0098D8DF /* PNKitViewController.h */,
				D5BAD0291FAD6F9E0098D8DF /* PNKitViewController.m */,
				D5BAD02A1FAD6F9E0098D8DF /* PNKitViewController.xib */,
				BCC68F1820B2B8E000EE9334 /* PNTask.h */,
				BCC68F1920B2B8E000EE9334 /* PNTask.m */,
				3DFB089520E2139C00DC22BC /* PNTextViewController.h */,
				3DFB089620E2139C00DC22BC /* PNTextViewController.m */,
				3D40665620E48D8C00BA740C /* PNFillModel.h */,
				3D40665720E48D8C00BA740C /* PNFillModel.m */,
			);
			path = PNKit;
			sourceTree = "<group>";
		};
		EC8966BE9110E360ED289F5B /* Pods */ = {
			isa = PBXGroup;
			children = (
				971DC9A86F7BC0CD644EE23A /* Pods-Penn.debug.xcconfig */,
				4A58AB53F3ACAE3BE3C87FB3 /* Pods-Penn.release.xcconfig */,
			);
			name = Pods;
			sourceTree = "<group>";
		};
/* End PBXGroup section */

/* Begin PBXNativeTarget section */
		D5B7C23C1F611501001FA29C /* Penn */ = {
			isa = PBXNativeTarget;
			buildConfigurationList = D5B7C26A1F611501001FA29C /* Build configuration list for PBXNativeTarget "Penn" */;
			buildPhases = (
				F277577C4ECF3D9A435F0DC2 /* [CP] Check Pods Manifest.lock */,
				D5B7C2391F611501001FA29C /* Sources */,
				D5B7C23A1F611501001FA29C /* Frameworks */,
				D5B7C23B1F611501001FA29C /* Resources */,
				3BBF728D4E18176E59337019 /* [CP] Embed Pods Frameworks */,
			);
			buildRules = (
			);
			dependencies = (
			);
			name = Penn;
			productName = Penn;
			productReference = D5B7C23D1F611501001FA29C /* Penn.app */;
			productType = "com.apple.product-type.application";
		};
		D5B7C2551F611501001FA29C /* PennTests */ = {
			isa = PBXNativeTarget;
			buildConfigurationList = D5B7C26D1F611501001FA29C /* Build configuration list for PBXNativeTarget "PennTests" */;
			buildPhases = (
				D5B7C2521F611501001FA29C /* Sources */,
				D5B7C2531F611501001FA29C /* Frameworks */,
				D5B7C2541F611501001FA29C /* Resources */,
			);
			buildRules = (
			);
			dependencies = (
				D5B7C2581F611501001FA29C /* PBXTargetDependency */,
			);
			name = PennTests;
			productName = PennTests;
			productReference = D5B7C2561F611501001FA29C /* PennTests.xctest */;
			productType = "com.apple.product-type.bundle.unit-test";
		};
		D5B7C2601F611501001FA29C /* PennUITests */ = {
			isa = PBXNativeTarget;
			buildConfigurationList = D5B7C2701F611501001FA29C /* Build configuration list for PBXNativeTarget "PennUITests" */;
			buildPhases = (
				D5B7C25D1F611501001FA29C /* Sources */,
				D5B7C25E1F611501001FA29C /* Frameworks */,
				D5B7C25F1F611501001FA29C /* Resources */,
			);
			buildRules = (
			);
			dependencies = (
				D5B7C2631F611501001FA29C /* PBXTargetDependency */,
			);
			name = PennUITests;
			productName = PennUITests;
			productReference = D5B7C2611F611501001FA29C /* PennUITests.xctest */;
			productType = "com.apple.product-type.bundle.ui-testing";
		};
/* End PBXNativeTarget section */

/* Begin PBXProject section */
		D5B7C2351F611501001FA29C /* Project object */ = {
			isa = PBXProject;
			attributes = {
				CLASSPREFIX = PN;
				LastUpgradeCheck = 0910;
				ORGANIZATIONNAME = PENN;
				TargetAttributes = {
					D5B7C23C1F611501001FA29C = {
						CreatedOnToolsVersion = 8.3.3;
						DevelopmentTeam = 4B2WMR5XE5;
						LastSwiftMigration = 0910;
						ProvisioningStyle = Automatic;
					};
					D5B7C2551F611501001FA29C = {
						CreatedOnToolsVersion = 8.3.3;
						DevelopmentTeam = 4B2WMR5XE5;
						ProvisioningStyle = Automatic;
						TestTargetID = D5B7C23C1F611501001FA29C;
					};
					D5B7C2601F611501001FA29C = {
						CreatedOnToolsVersion = 8.3.3;
						DevelopmentTeam = 4B2WMR5XE5;
						ProvisioningStyle = Automatic;
						TestTargetID = D5B7C23C1F611501001FA29C;
					};
				};
			};
			buildConfigurationList = D5B7C2381F611501001FA29C /* Build configuration list for PBXProject "Penn" */;
			compatibilityVersion = "Xcode 3.2";
			developmentRegion = English;
			hasScannedForEncodings = 0;
			knownRegions = (
				en,
				Base,
			);
			mainGroup = D5B7C2341F611501001FA29C;
			productRefGroup = D5B7C23E1F611501001FA29C /* Products */;
			projectDirPath = "";
			projectRoot = "";
			targets = (
				D5B7C23C1F611501001FA29C /* Penn */,
				D5B7C2551F611501001FA29C /* PennTests */,
				D5B7C2601F611501001FA29C /* PennUITests */,
			);
		};
/* End PBXProject section */

/* Begin PBXResourcesBuildPhase section */
		D5B7C23B1F611501001FA29C /* Resources */ = {
			isa = PBXResourcesBuildPhase;
			buildActionMask = 2147483647;
			files = (
				D529F36B1FD296B8008C67F3 /* action-remove@3x.png in Resources */,
				D5B7C2501F611501001FA29C /* LaunchScreen.storyboard in Resources */,
				3D3E6C02210071D300C7573B /* PNRuntimeController.xib in Resources */,
				D529F36C1FD296B8008C67F3 /* btn_addPicture_BgImage@3x.png in Resources */,
				D5AAC55E1FC7EAD100A9BD86 /* PNCrazyButton.xib in Resources */,
				D529F3701FD296B8008C67F3 /* bottomNav-forwardEngaged@3x.png in Resources */,
				D5B7C24D1F611501001FA29C /* Assets.xcassets in Resources */,
				D529F36E1FD296B8008C67F3 /* btn_addPicture_BgImage@2x.png in Resources */,
				D585341F1F63FE2F00F4C588 /* PNSocketController.xib in Resources */,
				236BAA10209FEA4B006BD6B9 /* PNViewButton.xib in Resources */,
				D5AAC5D51FC915C200A9BD86 /* PICrazyButton.xib in Resources */,
				D5B7C24B1F611501001FA29C /* Main.storyboard in Resources */,
				236BAA15209FEC81006BD6B9 /* PNEmptyButton.xib in Resources */,
				D529F36F1FD296B8008C67F3 /* backRed@3x.png in Resources */,
				D5BAD02C1FAD6F9E0098D8DF /* PNKitViewController.xib in Resources */,
				D529F36A1FD296B8008C67F3 /* backRed@2x.png in Resources */,
				D529F36D1FD296B8008C67F3 /* action-remove@2x.png in Resources */,
			);
			runOnlyForDeploymentPostprocessing = 0;
		};
		D5B7C2541F611501001FA29C /* Resources */ = {
			isa = PBXResourcesBuildPhase;
			buildActionMask = 2147483647;
			files = (
			);
			runOnlyForDeploymentPostprocessing = 0;
		};
		D5B7C25F1F611501001FA29C /* Resources */ = {
			isa = PBXResourcesBuildPhase;
			buildActionMask = 2147483647;
			files = (
			);
			runOnlyForDeploymentPostprocessing = 0;
		};
/* End PBXResourcesBuildPhase section */

/* Begin PBXShellScriptBuildPhase section */
		3BBF728D4E18176E59337019 /* [CP] Embed Pods Frameworks */ = {
			isa = PBXShellScriptBuildPhase;
			buildActionMask = 2147483647;
			files = (
			);
			inputPaths = (
				"${SRCROOT}/Pods/Target Support Files/Pods-Penn/Pods-Penn-frameworks.sh",
				"${BUILT_PRODUCTS_DIR}/AFNetworking/AFNetworking.framework",
				"${BUILT_PRODUCTS_DIR}/FBRetainCycleDetector/FBRetainCycleDetector.framework",
				"${BUILT_PRODUCTS_DIR}/MBProgressHUD/MBProgressHUD.framework",
				"${BUILT_PRODUCTS_DIR}/Masonry/Masonry.framework",
				"${BUILT_PRODUCTS_DIR}/SDWebImage/SDWebImage.framework",
				"${BUILT_PRODUCTS_DIR}/Toast/Toast.framework",
				"${BUILT_PRODUCTS_DIR}/YYKit/YYKit.framework",
				"${BUILT_PRODUCTS_DIR}/pop/pop.framework",
			);
			name = "[CP] Embed Pods Frameworks";
			outputPaths = (
				"${TARGET_BUILD_DIR}/${FRAMEWORKS_FOLDER_PATH}/AFNetworking.framework",
				"${TARGET_BUILD_DIR}/${FRAMEWORKS_FOLDER_PATH}/FBRetainCycleDetector.framework",
				"${TARGET_BUILD_DIR}/${FRAMEWORKS_FOLDER_PATH}/MBProgressHUD.framework",
				"${TARGET_BUILD_DIR}/${FRAMEWORKS_FOLDER_PATH}/Masonry.framework",
				"${TARGET_BUILD_DIR}/${FRAMEWORKS_FOLDER_PATH}/SDWebImage.framework",
				"${TARGET_BUILD_DIR}/${FRAMEWORKS_FOLDER_PATH}/Toast.framework",
				"${TARGET_BUILD_DIR}/${FRAMEWORKS_FOLDER_PATH}/YYKit.framework",
				"${TARGET_BUILD_DIR}/${FRAMEWORKS_FOLDER_PATH}/pop.framework",
			);
			runOnlyForDeploymentPostprocessing = 0;
			shellPath = /bin/sh;
			shellScript = "\"${SRCROOT}/Pods/Target Support Files/Pods-Penn/Pods-Penn-frameworks.sh\"\n";
			showEnvVarsInLog = 0;
		};
		F277577C4ECF3D9A435F0DC2 /* [CP] Check Pods Manifest.lock */ = {
			isa = PBXShellScriptBuildPhase;
			buildActionMask = 2147483647;
			files = (
			);
			inputPaths = (
				"${PODS_PODFILE_DIR_PATH}/Podfile.lock",
				"${PODS_ROOT}/Manifest.lock",
			);
			name = "[CP] Check Pods Manifest.lock";
			outputPaths = (
				"$(DERIVED_FILE_DIR)/Pods-Penn-checkManifestLockResult.txt",
			);
			runOnlyForDeploymentPostprocessing = 0;
			shellPath = /bin/sh;
			shellScript = "diff \"${PODS_PODFILE_DIR_PATH}/Podfile.lock\" \"${PODS_ROOT}/Manifest.lock\" > /dev/null\nif [ $? != 0 ] ; then\n    # print error to STDERR\n    echo \"error: The sandbox is not in sync with the Podfile.lock. Run 'pod install' or update your CocoaPods installation.\" >&2\n    exit 1\nfi\n# This output is used by Xcode 'outputs' to avoid re-running this script phase.\necho \"SUCCESS\" > \"${SCRIPT_OUTPUT_FILE_0}\"\n";
			showEnvVarsInLog = 0;
		};
/* End PBXShellScriptBuildPhase section */

/* Begin PBXSourcesBuildPhase section */
		D5B7C2391F611501001FA29C /* Sources */ = {
			isa = PBXSourcesBuildPhase;
			buildActionMask = 2147483647;
			files = (
				3D17593B2101B3520027C7DB /* PNMsgForward.m in Sources */,
				D529F3731FD29B50008C67F3 /* BaseModel.m in Sources */,
				3D1709AC20F4ABD5009DA2AA /* MBProgressHUD+LMJ.m in Sources */,
				D58534221F63FF6800F4C588 /* PNHomeViewController.m in Sources */,
				D5AAC5801FC8030300A9BD86 /* PNProfileViewController.m in Sources */,
				D5BAD02F1FAD704E0098D8DF /* BaseViewController.m in Sources */,
				BCC68F1A20B2B8E000EE9334 /* PNTask.m in Sources */,
				3DFB089420E2133700DC22BC /* PNFillTextView.m in Sources */,
				D5BAD01B1FAD63980098D8DF /* PNButton.m in Sources */,
				D5AAC5851FC8112500A9BD86 /* PNSwiftViewController.swift in Sources */,
				3D40665820E48D8C00BA740C /* PNFillModel.m in Sources */,
				BC05683E20A41382009FB674 /* PNSon.m in Sources */,
				236BAA0E209FE9B5006BD6B9 /* PNViewButton.m in Sources */,
				BCF77CD620B55A7E00BA34CD /* NSMutableArray+PNAddE.m in Sources */,
				D5BAD02B1FAD6F9E0098D8DF /* PNKitViewController.m in Sources */,
				D594E31A1FB69A3D00255114 /* PNFundationController.m in Sources */,
				D5B7C2481F611501001FA29C /* ViewController.m in Sources */,
				D5AAC55A1FC7EAA700A9BD86 /* PNCrazyButton.m in Sources */,
				BC3E3CED20AAC86600D0CED6 /* PNParent+PNAdd.m in Sources */,
				BC034F1420A59F05001117ED /* PNGrandparent+PNAdd.m in Sources */,
				BC05683B20A41349009FB674 /* PNParent.m in Sources */,
				BC05683820A4132C009FB674 /* PNGrandparent.m in Sources */,
				3DFB089720E2139C00DC22BC /* PNTextViewController.m in Sources */,
				3D3E6C01210071D300C7573B /* PNRuntimeController.m in Sources */,
				236BAA13209FEC77006BD6B9 /* PNEmptyButton.m in Sources */,
				D5B7C2451F611501001FA29C /* AppDelegate.m in Sources */,
				D5AAC57C1FC8029200A9BD86 /* BaseTabBarController.m in Sources */,
				D5AAC5751FC7F17D00A9BD86 /* PICrazyButton.swift in Sources */,
				BCF77CCA20B510C500BA34CD /* UILabel+PNAdd.m in Sources */,
				BCF77CD920B55A9C00BA34CD /* NSObject+PNAdd.m in Sources */,
				D585341E1F63FE2F00F4C588 /* PNSocketController.m in Sources */,
				3D17593E2101B3D40027C7DB /* PNMsgForward+PNAdd.m in Sources */,
				3D1759442101B74F0027C7DB /* PNDynamicMethod+PNAdd.m in Sources */,
				3D1759412101B71E0027C7DB /* PNDynamicMethod.m in Sources */,
				D5B7C2421F611501001FA29C /* main.m in Sources */,
				BCF77CC720B510B000BA34CD /* UIViewController+PNAdd.m in Sources */,
				3D1709AD20F4ABD5009DA2AA /* MBProgressHUD+MP.m in Sources */,
				D5AAC5DA1FC9449900A9BD86 /* PNFuncController.m in Sources */,
				D5AAC5831FC8039C00A9BD86 /* BaseNavigationController.m in Sources */,
				D5AAC58A1FC8130D00A9BD86 /* UIButton+Addition.m in Sources */,
			);
			runOnlyForDeploymentPostprocessing = 0;
		};
		D5B7C2521F611501001FA29C /* Sources */ = {
			isa = PBXSourcesBuildPhase;
			buildActionMask = 2147483647;
			files = (
				D5B7C25B1F611501001FA29C /* PennTests.m in Sources */,
			);
			runOnlyForDeploymentPostprocessing = 0;
		};
		D5B7C25D1F611501001FA29C /* Sources */ = {
			isa = PBXSourcesBuildPhase;
			buildActionMask = 2147483647;
			files = (
				D5B7C2661F611501001FA29C /* PennUITests.m in Sources */,
			);
			runOnlyForDeploymentPostprocessing = 0;
		};
/* End PBXSourcesBuildPhase section */

/* Begin PBXTargetDependency section */
		D5B7C2581F611501001FA29C /* PBXTargetDependency */ = {
			isa = PBXTargetDependency;
			target = D5B7C23C1F611501001FA29C /* Penn */;
			targetProxy = D5B7C2571F611501001FA29C /* PBXContainerItemProxy */;
		};
		D5B7C2631F611501001FA29C /* PBXTargetDependency */ = {
			isa = PBXTargetDependency;
			target = D5B7C23C1F611501001FA29C /* Penn */;
			targetProxy = D5B7C2621F611501001FA29C /* PBXContainerItemProxy */;
		};
/* End PBXTargetDependency section */

/* Begin PBXVariantGroup section */
		D5B7C2491F611501001FA29C /* Main.storyboard */ = {
			isa = PBXVariantGroup;
			children = (
				D5B7C24A1F611501001FA29C /* Base */,
			);
			name = Main.storyboard;
			sourceTree = "<group>";
		};
		D5B7C24E1F611501001FA29C /* LaunchScreen.storyboard */ = {
			isa = PBXVariantGroup;
			children = (
				D5B7C24F1F611501001FA29C /* Base */,
			);
			name = LaunchScreen.storyboard;
			sourceTree = "<group>";
		};
/* End PBXVariantGroup section */

/* Begin XCBuildConfiguration section */
		D5B7C2681F611501001FA29C /* Debug */ = {
			isa = XCBuildConfiguration;
			buildSettings = {
				ALWAYS_SEARCH_USER_PATHS = NO;
				CLANG_ANALYZER_NONNULL = YES;
				CLANG_ANALYZER_NUMBER_OBJECT_CONVERSION = YES_AGGRESSIVE;
				CLANG_CXX_LANGUAGE_STANDARD = "gnu++0x";
				CLANG_CXX_LIBRARY = "libc++";
				CLANG_ENABLE_MODULES = YES;
				CLANG_ENABLE_OBJC_ARC = YES;
				CLANG_WARN_BLOCK_CAPTURE_AUTORELEASING = YES;
				CLANG_WARN_BOOL_CONVERSION = YES;
				CLANG_WARN_COMMA = YES;
				CLANG_WARN_CONSTANT_CONVERSION = YES;
				CLANG_WARN_DIRECT_OBJC_ISA_USAGE = YES_ERROR;
				CLANG_WARN_DOCUMENTATION_COMMENTS = YES;
				CLANG_WARN_EMPTY_BODY = YES;
				CLANG_WARN_ENUM_CONVERSION = YES;
				CLANG_WARN_INFINITE_RECURSION = YES;
				CLANG_WARN_INT_CONVERSION = YES;
				CLANG_WARN_NON_LITERAL_NULL_CONVERSION = YES;
				CLANG_WARN_OBJC_LITERAL_CONVERSION = YES;
				CLANG_WARN_OBJC_ROOT_CLASS = YES_ERROR;
				CLANG_WARN_RANGE_LOOP_ANALYSIS = YES;
				CLANG_WARN_STRICT_PROTOTYPES = YES;
				CLANG_WARN_SUSPICIOUS_MOVE = YES;
				CLANG_WARN_UNREACHABLE_CODE = YES;
				CLANG_WARN__DUPLICATE_METHOD_MATCH = YES;
				"CODE_SIGN_IDENTITY[sdk=iphoneos*]" = "iPhone Developer";
				COPY_PHASE_STRIP = NO;
				DEBUG_INFORMATION_FORMAT = dwarf;
				DEFINES_MODULE = YES;
				ENABLE_STRICT_OBJC_MSGSEND = YES;
				ENABLE_TESTABILITY = YES;
				GCC_C_LANGUAGE_STANDARD = gnu99;
				GCC_DYNAMIC_NO_PIC = NO;
				GCC_NO_COMMON_BLOCKS = YES;
				GCC_OPTIMIZATION_LEVEL = 0;
				GCC_PREPROCESSOR_DEFINITIONS = (
					"DEBUG=1",
					"$(inherited)",
				);
				GCC_WARN_64_TO_32_BIT_CONVERSION = YES;
				GCC_WARN_ABOUT_RETURN_TYPE = YES_ERROR;
				GCC_WARN_UNDECLARED_SELECTOR = YES;
				GCC_WARN_UNINITIALIZED_AUTOS = YES_AGGRESSIVE;
				GCC_WARN_UNUSED_FUNCTION = YES;
				GCC_WARN_UNUSED_VARIABLE = YES;
				IPHONEOS_DEPLOYMENT_TARGET = 10.0;
				MTL_ENABLE_DEBUG_INFO = YES;
				ONLY_ACTIVE_ARCH = YES;
				PRODUCT_MODULE_NAME = Penn;
				SDKROOT = iphoneos;
				TARGETED_DEVICE_FAMILY = "1,2";
			};
			name = Debug;
		};
		D5B7C2691F611501001FA29C /* Release */ = {
			isa = XCBuildConfiguration;
			buildSettings = {
				ALWAYS_SEARCH_USER_PATHS = NO;
				CLANG_ANALYZER_NONNULL = YES;
				CLANG_ANALYZER_NUMBER_OBJECT_CONVERSION = YES_AGGRESSIVE;
				CLANG_CXX_LANGUAGE_STANDARD = "gnu++0x";
				CLANG_CXX_LIBRARY = "libc++";
				CLANG_ENABLE_MODULES = YES;
				CLANG_ENABLE_OBJC_ARC = YES;
				CLANG_WARN_BLOCK_CAPTURE_AUTORELEASING = YES;
				CLANG_WARN_BOOL_CONVERSION = YES;
				CLANG_WARN_COMMA = YES;
				CLANG_WARN_CONSTANT_CONVERSION = YES;
				CLANG_WARN_DIRECT_OBJC_ISA_USAGE = YES_ERROR;
				CLANG_WARN_DOCUMENTATION_COMMENTS = YES;
				CLANG_WARN_EMPTY_BODY = YES;
				CLANG_WARN_ENUM_CONVERSION = YES;
				CLANG_WARN_INFINITE_RECURSION = YES;
				CLANG_WARN_INT_CONVERSION = YES;
				CLANG_WARN_NON_LITERAL_NULL_CONVERSION = YES;
				CLANG_WARN_OBJC_LITERAL_CONVERSION = YES;
				CLANG_WARN_OBJC_ROOT_CLASS = YES_ERROR;
				CLANG_WARN_RANGE_LOOP_ANALYSIS = YES;
				CLANG_WARN_STRICT_PROTOTYPES = YES;
				CLANG_WARN_SUSPICIOUS_MOVE = YES;
				CLANG_WARN_UNREACHABLE_CODE = YES;
				CLANG_WARN__DUPLICATE_METHOD_MATCH = YES;
				"CODE_SIGN_IDENTITY[sdk=iphoneos*]" = "iPhone Developer";
				COPY_PHASE_STRIP = NO;
				DEBUG_INFORMATION_FORMAT = "dwarf-with-dsym";
				DEFINES_MODULE = YES;
				ENABLE_NS_ASSERTIONS = NO;
				ENABLE_STRICT_OBJC_MSGSEND = YES;
				GCC_C_LANGUAGE_STANDARD = gnu99;
				GCC_NO_COMMON_BLOCKS = YES;
				GCC_WARN_64_TO_32_BIT_CONVERSION = YES;
				GCC_WARN_ABOUT_RETURN_TYPE = YES_ERROR;
				GCC_WARN_UNDECLARED_SELECTOR = YES;
				GCC_WARN_UNINITIALIZED_AUTOS = YES_AGGRESSIVE;
				GCC_WARN_UNUSED_FUNCTION = YES;
				GCC_WARN_UNUSED_VARIABLE = YES;
				IPHONEOS_DEPLOYMENT_TARGET = 10.0;
				MTL_ENABLE_DEBUG_INFO = NO;
				PRODUCT_MODULE_NAME = Penn;
				SDKROOT = iphoneos;
				TARGETED_DEVICE_FAMILY = "1,2";
				VALIDATE_PRODUCT = YES;
			};
			name = Release;
		};
		D5B7C26B1F611501001FA29C /* Debug */ = {
			isa = XCBuildConfiguration;
			baseConfigurationReference = 971DC9A86F7BC0CD644EE23A /* Pods-Penn.debug.xcconfig */;
			buildSettings = {
				ASSETCATALOG_COMPILER_APPICON_NAME = AppIcon;
				CLANG_ENABLE_MODULES = YES;
				DEFINES_MODULE = YES;
				DEVELOPMENT_TEAM = 4B2WMR5XE5;
				GCC_PRECOMPILE_PREFIX_HEADER = YES;
				GCC_PREFIX_HEADER = "$(SRCROOT)/Penn.pch";
				INFOPLIST_FILE = Penn/Info.plist;
				LD_RUNPATH_SEARCH_PATHS = "$(inherited) @executable_path/Frameworks";
				PRODUCT_BUNDLE_IDENTIFIER = com.penn.Penn;
				PRODUCT_NAME = "$(TARGET_NAME)";
				SWIFT_OBJC_BRIDGING_HEADER = "Penn/Penn-Bridging-Header.h";
				SWIFT_OPTIMIZATION_LEVEL = "-Onone";
				SWIFT_VERSION = 3.0;
				TARGETED_DEVICE_FAMILY = "1,2";
			};
			name = Debug;
		};
		D5B7C26C1F611501001FA29C /* Release */ = {
			isa = XCBuildConfiguration;
			baseConfigurationReference = 4A58AB53F3ACAE3BE3C87FB3 /* Pods-Penn.release.xcconfig */;
			buildSettings = {
				ASSETCATALOG_COMPILER_APPICON_NAME = AppIcon;
				CLANG_ENABLE_MODULES = YES;
				DEFINES_MODULE = YES;
				DEVELOPMENT_TEAM = 4B2WMR5XE5;
				GCC_PRECOMPILE_PREFIX_HEADER = YES;
				GCC_PREFIX_HEADER = "$(SRCROOT)/Penn.pch";
				INFOPLIST_FILE = Penn/Info.plist;
				LD_RUNPATH_SEARCH_PATHS = "$(inherited) @executable_path/Frameworks";
				PRODUCT_BUNDLE_IDENTIFIER = com.penn.Penn;
				PRODUCT_NAME = "$(TARGET_NAME)";
				SWIFT_OBJC_BRIDGING_HEADER = "Penn/Penn-Bridging-Header.h";
				SWIFT_VERSION = 3.0;
				TARGETED_DEVICE_FAMILY = "1,2";
			};
			name = Release;
		};
		D5B7C26E1F611501001FA29C /* Debug */ = {
			isa = XCBuildConfiguration;
			buildSettings = {
				ALWAYS_EMBED_SWIFT_STANDARD_LIBRARIES = YES;
				BUNDLE_LOADER = "$(TEST_HOST)";
				DEVELOPMENT_TEAM = 4B2WMR5XE5;
				INFOPLIST_FILE = PennTests/Info.plist;
				LD_RUNPATH_SEARCH_PATHS = "$(inherited) @executable_path/Frameworks @loader_path/Frameworks";
				PRODUCT_BUNDLE_IDENTIFIER = com.penn.PennTests;
				PRODUCT_NAME = "$(TARGET_NAME)";
				TEST_HOST = "$(BUILT_PRODUCTS_DIR)/Penn.app/Penn";
			};
			name = Debug;
		};
		D5B7C26F1F611501001FA29C /* Release */ = {
			isa = XCBuildConfiguration;
			buildSettings = {
				ALWAYS_EMBED_SWIFT_STANDARD_LIBRARIES = YES;
				BUNDLE_LOADER = "$(TEST_HOST)";
				DEVELOPMENT_TEAM = 4B2WMR5XE5;
				INFOPLIST_FILE = PennTests/Info.plist;
				LD_RUNPATH_SEARCH_PATHS = "$(inherited) @executable_path/Frameworks @loader_path/Frameworks";
				PRODUCT_BUNDLE_IDENTIFIER = com.penn.PennTests;
				PRODUCT_NAME = "$(TARGET_NAME)";
				TEST_HOST = "$(BUILT_PRODUCTS_DIR)/Penn.app/Penn";
			};
			name = Release;
		};
		D5B7C2711F611501001FA29C /* Debug */ = {
			isa = XCBuildConfiguration;
			buildSettings = {
				ALWAYS_EMBED_SWIFT_STANDARD_LIBRARIES = YES;
				DEVELOPMENT_TEAM = 4B2WMR5XE5;
				INFOPLIST_FILE = PennUITests/Info.plist;
				LD_RUNPATH_SEARCH_PATHS = "$(inherited) @executable_path/Frameworks @loader_path/Frameworks";
				PRODUCT_BUNDLE_IDENTIFIER = com.penn.PennUITests;
				PRODUCT_NAME = "$(TARGET_NAME)";
				TEST_TARGET_NAME = Penn;
			};
			name = Debug;
		};
		D5B7C2721F611501001FA29C /* Release */ = {
			isa = XCBuildConfiguration;
			buildSettings = {
				ALWAYS_EMBED_SWIFT_STANDARD_LIBRARIES = YES;
				DEVELOPMENT_TEAM = 4B2WMR5XE5;
				INFOPLIST_FILE = PennUITests/Info.plist;
				LD_RUNPATH_SEARCH_PATHS = "$(inherited) @executable_path/Frameworks @loader_path/Frameworks";
				PRODUCT_BUNDLE_IDENTIFIER = com.penn.PennUITests;
				PRODUCT_NAME = "$(TARGET_NAME)";
				TEST_TARGET_NAME = Penn;
			};
			name = Release;
		};
/* End XCBuildConfiguration section */

/* Begin XCConfigurationList section */
		D5B7C2381F611501001FA29C /* Build configuration list for PBXProject "Penn" */ = {
			isa = XCConfigurationList;
			buildConfigurations = (
				D5B7C2681F611501001FA29C /* Debug */,
				D5B7C2691F611501001FA29C /* Release */,
			);
			defaultConfigurationIsVisible = 0;
			defaultConfigurationName = Release;
		};
		D5B7C26A1F611501001FA29C /* Build configuration list for PBXNativeTarget "Penn" */ = {
			isa = XCConfigurationList;
			buildConfigurations = (
				D5B7C26B1F611501001FA29C /* Debug */,
				D5B7C26C1F611501001FA29C /* Release */,
			);
			defaultConfigurationIsVisible = 0;
			defaultConfigurationName = Release;
		};
		D5B7C26D1F611501001FA29C /* Build configuration list for PBXNativeTarget "PennTests" */ = {
			isa = XCConfigurationList;
			buildConfigurations = (
				D5B7C26E1F611501001FA29C /* Debug */,
				D5B7C26F1F611501001FA29C /* Release */,
			);
			defaultConfigurationIsVisible = 0;
			defaultConfigurationName = Release;
		};
		D5B7C2701F611501001FA29C /* Build configuration list for PBXNativeTarget "PennUITests" */ = {
			isa = XCConfigurationList;
			buildConfigurations = (
				D5B7C2711F611501001FA29C /* Debug */,
				D5B7C2721F611501001FA29C /* Release */,
			);
			defaultConfigurationIsVisible = 0;
			defaultConfigurationName = Release;
		};
/* End XCConfigurationList section */
	};
	rootObject = D5B7C2351F611501001FA29C /* Project object */;
}
